{
  "version": 4,
  "terraform_version": "1.12.2",
  "serial": 261,
  "lineage": "0520a4f4-9064-44cd-7bec-af521edd7b30",
  "outputs": {
    "ai_extraction_endpoint": {
      "value": "https://u6oyhg01y0.execute-api.us-west-2.amazonaws.com/prod/ai/extract",
      "type": "string"
    },
    "api_gateway_id": {
      "value": "u6oyhg01y0",
      "type": "string"
    },
    "api_gateway_stage": {
      "value": "prod",
      "type": "string"
    },
    "api_gateway_url": {
      "value": "https://u6oyhg01y0.execute-api.us-west-2.amazonaws.com/prod",
      "type": "string"
    },
    "aws_region": {
      "value": "us-west-2",
      "type": "string"
    },
    "cloudfront_distribution_id": {
      "value": "E30XGYGCHLAHX1",
      "type": "string"
    },
    "cloudfront_distribution_url": {
      "value": "https://d2q633m32sl4r2.cloudfront.net",
      "type": "string"
    },
    "cognito_user_pool_arn": {
      "value": "arn:aws:cognito-idp:us-west-2:948766507067:userpool/us-west-2_O03algceZ",
      "type": "string"
    },
    "cognito_user_pool_client_id": {
      "value": "1c5vka5ai5ekkom7krvo2aip6l",
      "type": "string"
    },
    "cognito_user_pool_id": {
      "value": "us-west-2_O03algceZ",
      "type": "string"
    },
    "deployment_summary": {
      "value": {
        "api_gateway_url": "https://u6oyhg01y0.execute-api.us-west-2.amazonaws.com/prod",
        "cloudfront_id": "E30XGYGCHLAHX1",
        "frontend_url": "https://d2q633m32sl4r2.cloudfront.net",
        "region": "us-west-2",
        "s3_bucket": "serverless-todo-app-frontend-05b9pypq",
        "user_pool_client_id": "1c5vka5ai5ekkom7krvo2aip6l",
        "user_pool_id": "us-west-2_O03algceZ"
      },
      "type": [
        "object",
        {
          "api_gateway_url": "string",
          "cloudfront_id": "string",
          "frontend_url": "string",
          "region": "string",
          "s3_bucket": "string",
          "user_pool_client_id": "string",
          "user_pool_id": "string"
        }
      ]
    },
    "dynamodb_table_arn": {
      "value": "arn:aws:dynamodb:us-west-2:948766507067:table/todos-table",
      "type": "string"
    },
    "dynamodb_table_name": {
      "value": "todos-table",
      "type": "string"
    },
    "frontend_bucket_name": {
      "value": "serverless-todo-app-frontend-05b9pypq",
      "type": "string"
    },
    "frontend_bucket_website_url": {
      "value": "serverless-todo-app-frontend-05b9pypq.s3-website-us-west-2.amazonaws.com",
      "type": "string"
    },
    "frontend_config": {
      "value": {
        "apiGatewayUrl": "https://u6oyhg01y0.execute-api.us-west-2.amazonaws.com/prod",
        "region": "us-west-2",
        "userPoolClientId": "1c5vka5ai5ekkom7krvo2aip6l",
        "userPoolId": "us-west-2_O03algceZ"
      },
      "type": [
        "object",
        {
          "apiGatewayUrl": "string",
          "region": "string",
          "userPoolClientId": "string",
          "userPoolId": "string"
        }
      ]
    },
    "lambda_function_arn": {
      "value": "arn:aws:lambda:us-west-2:948766507067:function:serverless-todo-app-todos-handler",
      "type": "string"
    },
    "lambda_function_name": {
      "value": "serverless-todo-app-todos-handler",
      "type": "string"
    },
    "website_url": {
      "value": "https://d2q633m32sl4r2.cloudfront.net",
      "type": "string"
    }
  },
  "resources": [
    {
      "mode": "data",
      "type": "archive_file",
      "name": "ai_extractor_zip",
      "provider": "provider[\"registry.terraform.io/hashicorp/archive\"]",
      "instances": [
        {
          "schema_version": 0,
          "attributes": {
            "exclude_symlink_directories": null,
            "excludes": null,
            "id": "6ae38db2d324e0fee41d5795a7bfb7e8380f79c3",
            "output_base64sha256": "XetkIt+W7kRYzIvE9/rm5nr/eZD/sH6BOHmVSHUUzv4=",
            "output_base64sha512": "yydgk75N0jhrFM9pI7AtFQ2cRZumvcmRlWqLZRhAAr/284nk+ANMu0yCfZvONDjyDQmnziI8K0/lUvWj/gCmvQ==",
            "output_file_mode": null,
            "output_md5": "51baa081c76eb98b5c3b17a781e75170",
            "output_path": "./lambda/ai_extractor.zip",
            "output_sha": "6ae38db2d324e0fee41d5795a7bfb7e8380f79c3",
            "output_sha256": "5deb6422df96ee4458cc8bc4f7fae6e67aff7990ffb07e81387995487514cefe",
            "output_sha512": "cb276093be4dd2386b14cf6923b02d150d9c459ba6bdc991956a8b65184002bff6f389e4f8034cbb4c827d9bce3438f20d09a7ce223c2b4fe552f5a3fe00a6bd",
            "output_size": 14327135,
            "source": [],
            "source_content": null,
            "source_content_filename": null,
            "source_dir": "./lambda/gemini_extractor",
            "source_file": null,
            "type": "zip"
          },
          "sensitive_attributes": [],
          "identity_schema_version": 0
        }
      ]
    },
    {
      "mode": "data",
      "type": "archive_file",
      "name": "lambda_zip",
      "provider": "provider[\"registry.terraform.io/hashicorp/archive\"]",
      "instances": [
        {
          "schema_version": 0,
          "attributes": {
            "exclude_symlink_directories": null,
            "excludes": null,
            "id": "bb210ddc83ab12e6d26219992e335f10779a7331",
            "output_base64sha256": "L3U9amjJTBenVGOe2tw8QiQRyzxZ6S2+x9Ky+eK5TnQ=",
            "output_base64sha512": "SYR4BB/DEBmLAojHmVmrX1PQzyi00Hx8pN3XO3cwza7+ZbBubY6l1dXcCDJiInUR2yiPvxpBnH0EYGRKnj0Jeg==",
            "output_file_mode": null,
            "output_md5": "44bd2806d180b036937ecfafb13e8c95",
            "output_path": "./lambda_function.zip",
            "output_sha": "bb210ddc83ab12e6d26219992e335f10779a7331",
            "output_sha256": "2f753d6a68c94c17a754639edadc3c422411cb3c59e92dbec7d2b2f9e2b94e74",
            "output_sha512": "498478041fc310198b0288c79959ab5f53d0cf28b4d07c7ca4ddd73b7730cdaefe65b06e6d8ea5d5d5dc083262227511db288fbf1a419c7d0460644a9e3d097a",
            "output_size": 2595,
            "source": [],
            "source_content": null,
            "source_content_filename": null,
            "source_dir": null,
            "source_file": "./lambda/index.py",
            "type": "zip"
          },
          "sensitive_attributes": [],
          "identity_schema_version": 0
        }
      ]
    },
    {
      "mode": "data",
      "type": "aws_caller_identity",
      "name": "current",
      "provider": "provider[\"registry.terraform.io/hashicorp/aws\"]",
      "instances": [
        {
          "schema_version": 0,
          "attributes": {
            "account_id": "948766507067",
            "arn": "arn:aws:iam::948766507067:user/zahurul",
            "id": "948766507067",
            "user_id": "AIDA5ZZXEAA5Y6TUQXHZU"
          },
          "sensitive_attributes": [],
          "identity_schema_version": 0
        }
      ]
    },
    {
      "mode": "managed",
      "type": "aws_api_gateway_authorizer",
      "name": "cognito_authorizer",
      "provider": "provider[\"registry.terraform.io/hashicorp/aws\"]",
      "instances": [
        {
          "schema_version": 0,
          "attributes": {
            "arn": "arn:aws:apigateway:us-west-2::/restapis/u6oyhg01y0/authorizers/mvg70z",
            "authorizer_credentials": "",
            "authorizer_result_ttl_in_seconds": 300,
            "authorizer_uri": "",
            "id": "mvg70z",
            "identity_source": "method.request.header.Authorization",
            "identity_validation_expression": "",
            "name": "taskflow-cognito-authorizer",
            "provider_arns": [
              "arn:aws:cognito-idp:us-west-2:948766507067:userpool/us-west-2_O03algceZ"
            ],
            "region": "us-west-2",
            "rest_api_id": "u6oyhg01y0",
            "type": "COGNITO_USER_POOLS"
          },
          "sensitive_attributes": [],
          "identity_schema_version": 0,
          "private": "bnVsbA==",
          "dependencies": [
            "aws_api_gateway_rest_api.todos_api",
            "aws_cognito_user_pool.main"
          ],
          "create_before_destroy": true
        }
      ]
    },
    {
      "mode": "managed",
      "type": "aws_api_gateway_deployment",
      "name": "todos_deployment",
      "provider": "provider[\"registry.terraform.io/hashicorp/aws\"]",
      "instances": [
        {
          "schema_version": 0,
          "attributes": {
            "created_date": "2025-07-17T06:51:07Z",
            "description": "",
            "id": "eg7wyi",
            "region": "us-west-2",
            "rest_api_id": "u6oyhg01y0",
            "triggers": {
              "redeployment": "c1ba3ef651b818ff5f194b26ff4c7110df97e428"
            },
            "variables": null
          },
          "sensitive_attributes": [],
          "identity_schema_version": 0,
          "private": "bnVsbA==",
          "dependencies": [
            "aws_api_gateway_authorizer.cognito_authorizer",
            "aws_api_gateway_integration.ai_extract_integration",
            "aws_api_gateway_integration.ai_extract_options_integration",
            "aws_api_gateway_integration.delete_todo_integration",
            "aws_api_gateway_integration.get_todos_integration",
            "aws_api_gateway_integration.options_todo_item_integration",
            "aws_api_gateway_integration.options_todos_integration",
            "aws_api_gateway_integration.post_todos_integration",
            "aws_api_gateway_integration.put_todo_integration",
            "aws_api_gateway_method.ai_extract_options",
            "aws_api_gateway_method.ai_extract_post",
            "aws_api_gateway_method.delete_todo",
            "aws_api_gateway_method.get_todos",
            "aws_api_gateway_method.options_todo_item",
            "aws_api_gateway_method.options_todos",
            "aws_api_gateway_method.post_todos",
            "aws_api_gateway_method.put_todo",
            "aws_api_gateway_resource.ai_extract_resource",
            "aws_api_gateway_resource.ai_resource",
            "aws_api_gateway_resource.todo_item_resource",
            "aws_api_gateway_resource.todos_resource",
            "aws_api_gateway_rest_api.todos_api",
            "aws_cloudwatch_log_group.ai_extractor",
            "aws_cognito_user_pool.main",
            "aws_dynamodb_table.todos",
            "aws_iam_role.ai_extractor_role",
            "aws_iam_role.lambda_role",
            "aws_iam_role_policy_attachment.ai_extractor_policy",
            "aws_lambda_function.ai_extractor",
            "aws_lambda_function.todos_handler",
            "aws_secretsmanager_secret.gemini_api_key",
            "aws_secretsmanager_secret.openai_api_key",
            "data.archive_file.ai_extractor_zip",
            "data.archive_file.lambda_zip",
            "random_string.suffix"
          ],
          "create_before_destroy": true
        }
      ]
    },
    {
      "mode": "managed",
      "type": "aws_api_gateway_integration",
      "name": "ai_extract_integration",
      "provider": "provider[\"registry.terraform.io/hashicorp/aws\"]",
      "instances": [
        {
          "schema_version": 0,
          "attributes": {
            "cache_key_parameters": [],
            "cache_namespace": "ecs8dj",
            "connection_id": "",
            "connection_type": "INTERNET",
            "content_handling": "",
            "credentials": "",
            "http_method": "POST",
            "id": "agi-u6oyhg01y0-ecs8dj-POST",
            "integration_http_method": "POST",
            "passthrough_behavior": "WHEN_NO_MATCH",
            "region": "us-west-2",
            "request_parameters": {},
            "request_templates": {},
            "resource_id": "ecs8dj",
            "rest_api_id": "u6oyhg01y0",
            "timeout_milliseconds": 29000,
            "tls_config": [],
            "type": "AWS_PROXY",
            "uri": "arn:aws:apigateway:us-west-2:lambda:path/2015-03-31/functions/arn:aws:lambda:us-west-2:948766507067:function:serverless-todo-app-ai-extractor/invocations"
          },
          "sensitive_attributes": [],
          "identity_schema_version": 0,
          "private": "bnVsbA==",
          "dependencies": [
            "aws_api_gateway_authorizer.cognito_authorizer",
            "aws_api_gateway_method.ai_extract_post",
            "aws_api_gateway_resource.ai_extract_resource",
            "aws_api_gateway_resource.ai_resource",
            "aws_api_gateway_rest_api.todos_api",
            "aws_cloudwatch_log_group.ai_extractor",
            "aws_cognito_user_pool.main",
            "aws_iam_role.ai_extractor_role",
            "aws_iam_role_policy_attachment.ai_extractor_policy",
            "aws_lambda_function.ai_extractor",
            "aws_secretsmanager_secret.gemini_api_key",
            "aws_secretsmanager_secret.openai_api_key",
            "data.archive_file.ai_extractor_zip"
          ],
          "create_before_destroy": true
        }
      ]
    },
    {
      "mode": "managed",
      "type": "aws_api_gateway_integration",
      "name": "ai_extract_options_integration",
      "provider": "provider[\"registry.terraform.io/hashicorp/aws\"]",
      "instances": [
        {
          "schema_version": 0,
          "attributes": {
            "cache_key_parameters": [],
            "cache_namespace": "ecs8dj",
            "connection_id": "",
            "connection_type": "INTERNET",
            "content_handling": "",
            "credentials": "",
            "http_method": "OPTIONS",
            "id": "agi-u6oyhg01y0-ecs8dj-OPTIONS",
            "integration_http_method": "",
            "passthrough_behavior": "WHEN_NO_MATCH",
            "region": "us-west-2",
            "request_parameters": {},
            "request_templates": {
              "application/json": "{\"statusCode\":200}"
            },
            "resource_id": "ecs8dj",
            "rest_api_id": "u6oyhg01y0",
            "timeout_milliseconds": 29000,
            "tls_config": [],
            "type": "MOCK",
            "uri": ""
          },
          "sensitive_attributes": [],
          "identity_schema_version": 0,
          "private": "bnVsbA==",
          "dependencies": [
            "aws_api_gateway_method.ai_extract_options",
            "aws_api_gateway_resource.ai_extract_resource",
            "aws_api_gateway_resource.ai_resource",
            "aws_api_gateway_rest_api.todos_api"
          ],
          "create_before_destroy": true
        }
      ]
    },
    {
      "mode": "managed",
      "type": "aws_api_gateway_integration",
      "name": "delete_todo_integration",
      "provider": "provider[\"registry.terraform.io/hashicorp/aws\"]",
      "instances": [
        {
          "schema_version": 0,
          "attributes": {
            "cache_key_parameters": [],
            "cache_namespace": "ata135",
            "connection_id": "",
            "connection_type": "INTERNET",
            "content_handling": "",
            "credentials": "",
            "http_method": "DELETE",
            "id": "agi-u6oyhg01y0-ata135-DELETE",
            "integration_http_method": "POST",
            "passthrough_behavior": "WHEN_NO_MATCH",
            "region": "us-west-2",
            "request_parameters": {},
            "request_templates": {},
            "resource_id": "ata135",
            "rest_api_id": "u6oyhg01y0",
            "timeout_milliseconds": 29000,
            "tls_config": [],
            "type": "AWS_PROXY",
            "uri": "arn:aws:apigateway:us-west-2:lambda:path/2015-03-31/functions/arn:aws:lambda:us-west-2:948766507067:function:serverless-todo-app-todos-handler/invocations"
          },
          "sensitive_attributes": [],
          "identity_schema_version": 0,
          "private": "bnVsbA==",
          "dependencies": [
            "aws_api_gateway_authorizer.cognito_authorizer",
            "aws_api_gateway_method.delete_todo",
            "aws_api_gateway_resource.todo_item_resource",
            "aws_api_gateway_resource.todos_resource",
            "aws_api_gateway_rest_api.todos_api",
            "aws_cognito_user_pool.main",
            "aws_dynamodb_table.todos",
            "aws_iam_role.lambda_role",
            "aws_lambda_function.todos_handler",
            "data.archive_file.lambda_zip",
            "random_string.suffix"
          ],
          "create_before_destroy": true
        }
      ]
    },
    {
      "mode": "managed",
      "type": "aws_api_gateway_integration",
      "name": "get_todos_integration",
      "provider": "provider[\"registry.terraform.io/hashicorp/aws\"]",
      "instances": [
        {
          "schema_version": 0,
          "attributes": {
            "cache_key_parameters": [],
            "cache_namespace": "t1niu7",
            "connection_id": "",
            "connection_type": "INTERNET",
            "content_handling": "",
            "credentials": "",
            "http_method": "GET",
            "id": "agi-u6oyhg01y0-t1niu7-GET",
            "integration_http_method": "POST",
            "passthrough_behavior": "WHEN_NO_MATCH",
            "region": "us-west-2",
            "request_parameters": {},
            "request_templates": {},
            "resource_id": "t1niu7",
            "rest_api_id": "u6oyhg01y0",
            "timeout_milliseconds": 29000,
            "tls_config": [],
            "type": "AWS_PROXY",
            "uri": "arn:aws:apigateway:us-west-2:lambda:path/2015-03-31/functions/arn:aws:lambda:us-west-2:948766507067:function:serverless-todo-app-todos-handler/invocations"
          },
          "sensitive_attributes": [],
          "identity_schema_version": 0,
          "private": "bnVsbA==",
          "dependencies": [
            "aws_api_gateway_authorizer.cognito_authorizer",
            "aws_api_gateway_method.get_todos",
            "aws_api_gateway_resource.todos_resource",
            "aws_api_gateway_rest_api.todos_api",
            "aws_cognito_user_pool.main",
            "aws_dynamodb_table.todos",
            "aws_iam_role.lambda_role",
            "aws_lambda_function.todos_handler",
            "data.archive_file.lambda_zip",
            "random_string.suffix"
          ],
          "create_before_destroy": true
        }
      ]
    },
    {
      "mode": "managed",
      "type": "aws_api_gateway_integration",
      "name": "options_todo_item_integration",
      "provider": "provider[\"registry.terraform.io/hashicorp/aws\"]",
      "instances": [
        {
          "schema_version": 0,
          "attributes": {
            "cache_key_parameters": [],
            "cache_namespace": "ata135",
            "connection_id": "",
            "connection_type": "INTERNET",
            "content_handling": "",
            "credentials": "",
            "http_method": "OPTIONS",
            "id": "agi-u6oyhg01y0-ata135-OPTIONS",
            "integration_http_method": "",
            "passthrough_behavior": "WHEN_NO_MATCH",
            "region": "us-west-2",
            "request_parameters": {},
            "request_templates": {
              "application/json": "{\"statusCode\":200}"
            },
            "resource_id": "ata135",
            "rest_api_id": "u6oyhg01y0",
            "timeout_milliseconds": 29000,
            "tls_config": [],
            "type": "MOCK",
            "uri": ""
          },
          "sensitive_attributes": [],
          "identity_schema_version": 0,
          "private": "bnVsbA==",
          "dependencies": [
            "aws_api_gateway_method.options_todo_item",
            "aws_api_gateway_resource.todo_item_resource",
            "aws_api_gateway_resource.todos_resource",
            "aws_api_gateway_rest_api.todos_api"
          ],
          "create_before_destroy": true
        }
      ]
    },
    {
      "mode": "managed",
      "type": "aws_api_gateway_integration",
      "name": "options_todos_integration",
      "provider": "provider[\"registry.terraform.io/hashicorp/aws\"]",
      "instances": [
        {
          "schema_version": 0,
          "attributes": {
            "cache_key_parameters": [],
            "cache_namespace": "t1niu7",
            "connection_id": "",
            "connection_type": "INTERNET",
            "content_handling": "",
            "credentials": "",
            "http_method": "OPTIONS",
            "id": "agi-u6oyhg01y0-t1niu7-OPTIONS",
            "integration_http_method": "",
            "passthrough_behavior": "WHEN_NO_MATCH",
            "region": "us-west-2",
            "request_parameters": {},
            "request_templates": {
              "application/json": "{\"statusCode\":200}"
            },
            "resource_id": "t1niu7",
            "rest_api_id": "u6oyhg01y0",
            "timeout_milliseconds": 29000,
            "tls_config": [],
            "type": "MOCK",
            "uri": ""
          },
          "sensitive_attributes": [],
          "identity_schema_version": 0,
          "private": "bnVsbA==",
          "dependencies": [
            "aws_api_gateway_method.options_todos",
            "aws_api_gateway_resource.todos_resource",
            "aws_api_gateway_rest_api.todos_api"
          ],
          "create_before_destroy": true
        }
      ]
    },
    {
      "mode": "managed",
      "type": "aws_api_gateway_integration",
      "name": "post_todos_integration",
      "provider": "provider[\"registry.terraform.io/hashicorp/aws\"]",
      "instances": [
        {
          "schema_version": 0,
          "attributes": {
            "cache_key_parameters": [],
            "cache_namespace": "t1niu7",
            "connection_id": "",
            "connection_type": "INTERNET",
            "content_handling": "",
            "credentials": "",
            "http_method": "POST",
            "id": "agi-u6oyhg01y0-t1niu7-POST",
            "integration_http_method": "POST",
            "passthrough_behavior": "WHEN_NO_MATCH",
            "region": "us-west-2",
            "request_parameters": {},
            "request_templates": {},
            "resource_id": "t1niu7",
            "rest_api_id": "u6oyhg01y0",
            "timeout_milliseconds": 29000,
            "tls_config": [],
            "type": "AWS_PROXY",
            "uri": "arn:aws:apigateway:us-west-2:lambda:path/2015-03-31/functions/arn:aws:lambda:us-west-2:948766507067:function:serverless-todo-app-todos-handler/invocations"
          },
          "sensitive_attributes": [],
          "identity_schema_version": 0,
          "private": "bnVsbA==",
          "dependencies": [
            "aws_api_gateway_authorizer.cognito_authorizer",
            "aws_api_gateway_method.post_todos",
            "aws_api_gateway_resource.todos_resource",
            "aws_api_gateway_rest_api.todos_api",
            "aws_cognito_user_pool.main",
            "aws_dynamodb_table.todos",
            "aws_iam_role.lambda_role",
            "aws_lambda_function.todos_handler",
            "data.archive_file.lambda_zip",
            "random_string.suffix"
          ],
          "create_before_destroy": true
        }
      ]
    },
    {
      "mode": "managed",
      "type": "aws_api_gateway_integration",
      "name": "put_todo_integration",
      "provider": "provider[\"registry.terraform.io/hashicorp/aws\"]",
      "instances": [
        {
          "schema_version": 0,
          "attributes": {
            "cache_key_parameters": [],
            "cache_namespace": "ata135",
            "connection_id": "",
            "connection_type": "INTERNET",
            "content_handling": "",
            "credentials": "",
            "http_method": "PUT",
            "id": "agi-u6oyhg01y0-ata135-PUT",
            "integration_http_method": "POST",
            "passthrough_behavior": "WHEN_NO_MATCH",
            "region": "us-west-2",
            "request_parameters": {},
            "request_templates": {},
            "resource_id": "ata135",
            "rest_api_id": "u6oyhg01y0",
            "timeout_milliseconds": 29000,
            "tls_config": [],
            "type": "AWS_PROXY",
            "uri": "arn:aws:apigateway:us-west-2:lambda:path/2015-03-31/functions/arn:aws:lambda:us-west-2:948766507067:function:serverless-todo-app-todos-handler/invocations"
          },
          "sensitive_attributes": [],
          "identity_schema_version": 0,
          "private": "bnVsbA==",
          "dependencies": [
            "aws_api_gateway_authorizer.cognito_authorizer",
            "aws_api_gateway_method.put_todo",
            "aws_api_gateway_resource.todo_item_resource",
            "aws_api_gateway_resource.todos_resource",
            "aws_api_gateway_rest_api.todos_api",
            "aws_cognito_user_pool.main",
            "aws_dynamodb_table.todos",
            "aws_iam_role.lambda_role",
            "aws_lambda_function.todos_handler",
            "data.archive_file.lambda_zip",
            "random_string.suffix"
          ],
          "create_before_destroy": true
        }
      ]
    },
    {
      "mode": "managed",
      "type": "aws_api_gateway_integration_response",
      "name": "ai_extract_integration_response",
      "provider": "provider[\"registry.terraform.io/hashicorp/aws\"]",
      "instances": [
        {
          "schema_version": 0,
          "attributes": {
            "content_handling": "",
            "http_method": "POST",
            "id": "agir-u6oyhg01y0-ecs8dj-POST-200",
            "region": "us-west-2",
            "resource_id": "ecs8dj",
            "response_parameters": {
              "method.response.header.Access-Control-Allow-Headers": "'Content-Type,X-Amz-Date,Authorization,X-Api-Key,X-Amz-Security-Token'",
              "method.response.header.Access-Control-Allow-Methods": "'GET,OPTIONS,POST,PUT,DELETE'",
              "method.response.header.Access-Control-Allow-Origin": "'*'"
            },
            "response_templates": {},
            "rest_api_id": "u6oyhg01y0",
            "selection_pattern": "",
            "status_code": "200"
          },
          "sensitive_attributes": [],
          "identity_schema_version": 0,
          "private": "bnVsbA==",
          "dependencies": [
            "aws_api_gateway_authorizer.cognito_authorizer",
            "aws_api_gateway_integration.ai_extract_integration",
            "aws_api_gateway_method.ai_extract_post",
            "aws_api_gateway_method_response.ai_extract_response_200",
            "aws_api_gateway_resource.ai_extract_resource",
            "aws_api_gateway_resource.ai_resource",
            "aws_api_gateway_rest_api.todos_api",
            "aws_cloudwatch_log_group.ai_extractor",
            "aws_cognito_user_pool.main",
            "aws_iam_role.ai_extractor_role",
            "aws_iam_role_policy_attachment.ai_extractor_policy",
            "aws_lambda_function.ai_extractor",
            "aws_secretsmanager_secret.gemini_api_key",
            "aws_secretsmanager_secret.openai_api_key",
            "data.archive_file.ai_extractor_zip"
          ]
        }
      ]
    },
    {
      "mode": "managed",
      "type": "aws_api_gateway_integration_response",
      "name": "ai_extract_options_integration_response",
      "provider": "provider[\"registry.terraform.io/hashicorp/aws\"]",
      "instances": [
        {
          "schema_version": 0,
          "attributes": {
            "content_handling": "",
            "http_method": "OPTIONS",
            "id": "agir-u6oyhg01y0-ecs8dj-OPTIONS-200",
            "region": "us-west-2",
            "resource_id": "ecs8dj",
            "response_parameters": {
              "method.response.header.Access-Control-Allow-Headers": "'Content-Type,X-Amz-Date,Authorization,X-Api-Key,X-Amz-Security-Token'",
              "method.response.header.Access-Control-Allow-Methods": "'GET,OPTIONS,POST,PUT,DELETE'",
              "method.response.header.Access-Control-Allow-Origin": "'*'"
            },
            "response_templates": {},
            "rest_api_id": "u6oyhg01y0",
            "selection_pattern": "",
            "status_code": "200"
          },
          "sensitive_attributes": [],
          "identity_schema_version": 0,
          "private": "bnVsbA==",
          "dependencies": [
            "aws_api_gateway_integration.ai_extract_options_integration",
            "aws_api_gateway_method.ai_extract_options",
            "aws_api_gateway_method_response.ai_extract_options_response_200",
            "aws_api_gateway_resource.ai_extract_resource",
            "aws_api_gateway_resource.ai_resource",
            "aws_api_gateway_rest_api.todos_api"
          ]
        }
      ]
    },
    {
      "mode": "managed",
      "type": "aws_api_gateway_integration_response",
      "name": "options_todo_item_integration_response",
      "provider": "provider[\"registry.terraform.io/hashicorp/aws\"]",
      "instances": [
        {
          "schema_version": 0,
          "attributes": {
            "content_handling": "",
            "http_method": "OPTIONS",
            "id": "agir-u6oyhg01y0-ata135-OPTIONS-200",
            "region": "us-west-2",
            "resource_id": "ata135",
            "response_parameters": {
              "method.response.header.Access-Control-Allow-Headers": "'Content-Type,X-Amz-Date,Authorization,X-Api-Key,X-Amz-Security-Token'",
              "method.response.header.Access-Control-Allow-Methods": "'PUT,DELETE,OPTIONS'",
              "method.response.header.Access-Control-Allow-Origin": "'*'"
            },
            "response_templates": {},
            "rest_api_id": "u6oyhg01y0",
            "selection_pattern": "",
            "status_code": "200"
          },
          "sensitive_attributes": [],
          "identity_schema_version": 0,
          "private": "bnVsbA==",
          "dependencies": [
            "aws_api_gateway_integration.options_todo_item_integration",
            "aws_api_gateway_method.options_todo_item",
            "aws_api_gateway_resource.todo_item_resource",
            "aws_api_gateway_resource.todos_resource",
            "aws_api_gateway_rest_api.todos_api"
          ]
        }
      ]
    },
    {
      "mode": "managed",
      "type": "aws_api_gateway_integration_response",
      "name": "options_todos_integration_response",
      "provider": "provider[\"registry.terraform.io/hashicorp/aws\"]",
      "instances": [
        {
          "schema_version": 0,
          "attributes": {
            "content_handling": "",
            "http_method": "OPTIONS",
            "id": "agir-u6oyhg01y0-t1niu7-OPTIONS-200",
            "region": "us-west-2",
            "resource_id": "t1niu7",
            "response_parameters": {
              "method.response.header.Access-Control-Allow-Headers": "'Content-Type,X-Amz-Date,Authorization,X-Api-Key,X-Amz-Security-Token'",
              "method.response.header.Access-Control-Allow-Methods": "'GET,POST,OPTIONS'",
              "method.response.header.Access-Control-Allow-Origin": "'*'"
            },
            "response_templates": {},
            "rest_api_id": "u6oyhg01y0",
            "selection_pattern": "",
            "status_code": "200"
          },
          "sensitive_attributes": [],
          "identity_schema_version": 0,
          "private": "bnVsbA==",
          "dependencies": [
            "aws_api_gateway_integration.options_todos_integration",
            "aws_api_gateway_method.options_todos",
            "aws_api_gateway_resource.todos_resource",
            "aws_api_gateway_rest_api.todos_api"
          ]
        }
      ]
    },
    {
      "mode": "managed",
      "type": "aws_api_gateway_method",
      "name": "ai_extract_options",
      "provider": "provider[\"registry.terraform.io/hashicorp/aws\"]",
      "instances": [
        {
          "schema_version": 0,
          "attributes": {
            "api_key_required": false,
            "authorization": "NONE",
            "authorization_scopes": [],
            "authorizer_id": "",
            "http_method": "OPTIONS",
            "id": "agm-u6oyhg01y0-ecs8dj-OPTIONS",
            "operation_name": "",
            "region": "us-west-2",
            "request_models": {},
            "request_parameters": {},
            "request_validator_id": "",
            "resource_id": "ecs8dj",
            "rest_api_id": "u6oyhg01y0"
          },
          "sensitive_attributes": [],
          "identity_schema_version": 0,
          "private": "bnVsbA==",
          "dependencies": [
            "aws_api_gateway_resource.ai_extract_resource",
            "aws_api_gateway_resource.ai_resource",
            "aws_api_gateway_rest_api.todos_api"
          ],
          "create_before_destroy": true
        }
      ]
    },
    {
      "mode": "managed",
      "type": "aws_api_gateway_method",
      "name": "ai_extract_post",
      "provider": "provider[\"registry.terraform.io/hashicorp/aws\"]",
      "instances": [
        {
          "schema_version": 0,
          "attributes": {
            "api_key_required": false,
            "authorization": "COGNITO_USER_POOLS",
            "authorization_scopes": [],
            "authorizer_id": "mvg70z",
            "http_method": "POST",
            "id": "agm-u6oyhg01y0-ecs8dj-POST",
            "operation_name": "",
            "region": "us-west-2",
            "request_models": {},
            "request_parameters": {
              "method.request.header.Authorization": true
            },
            "request_validator_id": "",
            "resource_id": "ecs8dj",
            "rest_api_id": "u6oyhg01y0"
          },
          "sensitive_attributes": [],
          "identity_schema_version": 0,
          "private": "bnVsbA==",
          "dependencies": [
            "aws_api_gateway_authorizer.cognito_authorizer",
            "aws_api_gateway_resource.ai_extract_resource",
            "aws_api_gateway_resource.ai_resource",
            "aws_api_gateway_rest_api.todos_api",
            "aws_cognito_user_pool.main"
          ],
          "create_before_destroy": true
        }
      ]
    },
    {
      "mode": "managed",
      "type": "aws_api_gateway_method",
      "name": "delete_todo",
      "provider": "provider[\"registry.terraform.io/hashicorp/aws\"]",
      "instances": [
        {
          "schema_version": 0,
          "attributes": {
            "api_key_required": false,
            "authorization": "COGNITO_USER_POOLS",
            "authorization_scopes": [],
            "authorizer_id": "mvg70z",
            "http_method": "DELETE",
            "id": "agm-u6oyhg01y0-ata135-DELETE",
            "operation_name": "",
            "region": "us-west-2",
            "request_models": {},
            "request_parameters": {},
            "request_validator_id": "",
            "resource_id": "ata135",
            "rest_api_id": "u6oyhg01y0"
          },
          "sensitive_attributes": [],
          "identity_schema_version": 0,
          "private": "bnVsbA==",
          "dependencies": [
            "aws_api_gateway_authorizer.cognito_authorizer",
            "aws_api_gateway_resource.todo_item_resource",
            "aws_api_gateway_resource.todos_resource",
            "aws_api_gateway_rest_api.todos_api",
            "aws_cognito_user_pool.main"
          ],
          "create_before_destroy": true
        }
      ]
    },
    {
      "mode": "managed",
      "type": "aws_api_gateway_method",
      "name": "get_todos",
      "provider": "provider[\"registry.terraform.io/hashicorp/aws\"]",
      "instances": [
        {
          "schema_version": 0,
          "attributes": {
            "api_key_required": false,
            "authorization": "COGNITO_USER_POOLS",
            "authorization_scopes": [],
            "authorizer_id": "mvg70z",
            "http_method": "GET",
            "id": "agm-u6oyhg01y0-t1niu7-GET",
            "operation_name": "",
            "region": "us-west-2",
            "request_models": {},
            "request_parameters": {},
            "request_validator_id": "",
            "resource_id": "t1niu7",
            "rest_api_id": "u6oyhg01y0"
          },
          "sensitive_attributes": [],
          "identity_schema_version": 0,
          "private": "bnVsbA==",
          "dependencies": [
            "aws_api_gateway_authorizer.cognito_authorizer",
            "aws_api_gateway_resource.todos_resource",
            "aws_api_gateway_rest_api.todos_api",
            "aws_cognito_user_pool.main"
          ],
          "create_before_destroy": true
        }
      ]
    },
    {
      "mode": "managed",
      "type": "aws_api_gateway_method",
      "name": "options_todo_item",
      "provider": "provider[\"registry.terraform.io/hashicorp/aws\"]",
      "instances": [
        {
          "schema_version": 0,
          "attributes": {
            "api_key_required": false,
            "authorization": "NONE",
            "authorization_scopes": [],
            "authorizer_id": "",
            "http_method": "OPTIONS",
            "id": "agm-u6oyhg01y0-ata135-OPTIONS",
            "operation_name": "",
            "region": "us-west-2",
            "request_models": {},
            "request_parameters": {},
            "request_validator_id": "",
            "resource_id": "ata135",
            "rest_api_id": "u6oyhg01y0"
          },
          "sensitive_attributes": [],
          "identity_schema_version": 0,
          "private": "bnVsbA==",
          "dependencies": [
            "aws_api_gateway_resource.todo_item_resource",
            "aws_api_gateway_resource.todos_resource",
            "aws_api_gateway_rest_api.todos_api"
          ],
          "create_before_destroy": true
        }
      ]
    },
    {
      "mode": "managed",
      "type": "aws_api_gateway_method",
      "name": "options_todos",
      "provider": "provider[\"registry.terraform.io/hashicorp/aws\"]",
      "instances": [
        {
          "schema_version": 0,
          "attributes": {
            "api_key_required": false,
            "authorization": "NONE",
            "authorization_scopes": [],
            "authorizer_id": "",
            "http_method": "OPTIONS",
            "id": "agm-u6oyhg01y0-t1niu7-OPTIONS",
            "operation_name": "",
            "region": "us-west-2",
            "request_models": {},
            "request_parameters": {},
            "request_validator_id": "",
            "resource_id": "t1niu7",
            "rest_api_id": "u6oyhg01y0"
          },
          "sensitive_attributes": [],
          "identity_schema_version": 0,
          "private": "bnVsbA==",
          "dependencies": [
            "aws_api_gateway_resource.todos_resource",
            "aws_api_gateway_rest_api.todos_api"
          ],
          "create_before_destroy": true
        }
      ]
    },
    {
      "mode": "managed",
      "type": "aws_api_gateway_method",
      "name": "post_todos",
      "provider": "provider[\"registry.terraform.io/hashicorp/aws\"]",
      "instances": [
        {
          "schema_version": 0,
          "attributes": {
            "api_key_required": false,
            "authorization": "COGNITO_USER_POOLS",
            "authorization_scopes": [],
            "authorizer_id": "mvg70z",
            "http_method": "POST",
            "id": "agm-u6oyhg01y0-t1niu7-POST",
            "operation_name": "",
            "region": "us-west-2",
            "request_models": {},
            "request_parameters": {},
            "request_validator_id": "",
            "resource_id": "t1niu7",
            "rest_api_id": "u6oyhg01y0"
          },
          "sensitive_attributes": [],
          "identity_schema_version": 0,
          "private": "bnVsbA==",
          "dependencies": [
            "aws_api_gateway_authorizer.cognito_authorizer",
            "aws_api_gateway_resource.todos_resource",
            "aws_api_gateway_rest_api.todos_api",
            "aws_cognito_user_pool.main"
          ],
          "create_before_destroy": true
        }
      ]
    },
    {
      "mode": "managed",
      "type": "aws_api_gateway_method",
      "name": "put_todo",
      "provider": "provider[\"registry.terraform.io/hashicorp/aws\"]",
      "instances": [
        {
          "schema_version": 0,
          "attributes": {
            "api_key_required": false,
            "authorization": "COGNITO_USER_POOLS",
            "authorization_scopes": [],
            "authorizer_id": "mvg70z",
            "http_method": "PUT",
            "id": "agm-u6oyhg01y0-ata135-PUT",
            "operation_name": "",
            "region": "us-west-2",
            "request_models": {},
            "request_parameters": {},
            "request_validator_id": "",
            "resource_id": "ata135",
            "rest_api_id": "u6oyhg01y0"
          },
          "sensitive_attributes": [],
          "identity_schema_version": 0,
          "private": "bnVsbA==",
          "dependencies": [
            "aws_api_gateway_authorizer.cognito_authorizer",
            "aws_api_gateway_resource.todo_item_resource",
            "aws_api_gateway_resource.todos_resource",
            "aws_api_gateway_rest_api.todos_api",
            "aws_cognito_user_pool.main"
          ],
          "create_before_destroy": true
        }
      ]
    },
    {
      "mode": "managed",
      "type": "aws_api_gateway_method_response",
      "name": "ai_extract_options_response_200",
      "provider": "provider[\"registry.terraform.io/hashicorp/aws\"]",
      "instances": [
        {
          "schema_version": 0,
          "attributes": {
            "http_method": "OPTIONS",
            "id": "agmr-u6oyhg01y0-ecs8dj-OPTIONS-200",
            "region": "us-west-2",
            "resource_id": "ecs8dj",
            "response_models": {},
            "response_parameters": {
              "method.response.header.Access-Control-Allow-Headers": true,
              "method.response.header.Access-Control-Allow-Methods": true,
              "method.response.header.Access-Control-Allow-Origin": true
            },
            "rest_api_id": "u6oyhg01y0",
            "status_code": "200"
          },
          "sensitive_attributes": [],
          "identity_schema_version": 0,
          "private": "bnVsbA==",
          "dependencies": [
            "aws_api_gateway_method.ai_extract_options",
            "aws_api_gateway_resource.ai_extract_resource",
            "aws_api_gateway_resource.ai_resource",
            "aws_api_gateway_rest_api.todos_api"
          ]
        }
      ]
    },
    {
      "mode": "managed",
      "type": "aws_api_gateway_method_response",
      "name": "ai_extract_response_200",
      "provider": "provider[\"registry.terraform.io/hashicorp/aws\"]",
      "instances": [
        {
          "schema_version": 0,
          "attributes": {
            "http_method": "POST",
            "id": "agmr-u6oyhg01y0-ecs8dj-POST-200",
            "region": "us-west-2",
            "resource_id": "ecs8dj",
            "response_models": {},
            "response_parameters": {
              "method.response.header.Access-Control-Allow-Headers": true,
              "method.response.header.Access-Control-Allow-Methods": true,
              "method.response.header.Access-Control-Allow-Origin": true
            },
            "rest_api_id": "u6oyhg01y0",
            "status_code": "200"
          },
          "sensitive_attributes": [],
          "identity_schema_version": 0,
          "private": "bnVsbA==",
          "dependencies": [
            "aws_api_gateway_authorizer.cognito_authorizer",
            "aws_api_gateway_method.ai_extract_post",
            "aws_api_gateway_resource.ai_extract_resource",
            "aws_api_gateway_resource.ai_resource",
            "aws_api_gateway_rest_api.todos_api",
            "aws_cognito_user_pool.main"
          ]
        }
      ]
    },
    {
      "mode": "managed",
      "type": "aws_api_gateway_method_response",
      "name": "options_todo_item_response",
      "provider": "provider[\"registry.terraform.io/hashicorp/aws\"]",
      "instances": [
        {
          "schema_version": 0,
          "attributes": {
            "http_method": "OPTIONS",
            "id": "agmr-u6oyhg01y0-ata135-OPTIONS-200",
            "region": "us-west-2",
            "resource_id": "ata135",
            "response_models": {},
            "response_parameters": {
              "method.response.header.Access-Control-Allow-Headers": true,
              "method.response.header.Access-Control-Allow-Methods": true,
              "method.response.header.Access-Control-Allow-Origin": true
            },
            "rest_api_id": "u6oyhg01y0",
            "status_code": "200"
          },
          "sensitive_attributes": [],
          "identity_schema_version": 0,
          "private": "bnVsbA==",
          "dependencies": [
            "aws_api_gateway_method.options_todo_item",
            "aws_api_gateway_resource.todo_item_resource",
            "aws_api_gateway_resource.todos_resource",
            "aws_api_gateway_rest_api.todos_api"
          ]
        }
      ]
    },
    {
      "mode": "managed",
      "type": "aws_api_gateway_method_response",
      "name": "options_todos_response",
      "provider": "provider[\"registry.terraform.io/hashicorp/aws\"]",
      "instances": [
        {
          "schema_version": 0,
          "attributes": {
            "http_method": "OPTIONS",
            "id": "agmr-u6oyhg01y0-t1niu7-OPTIONS-200",
            "region": "us-west-2",
            "resource_id": "t1niu7",
            "response_models": {},
            "response_parameters": {
              "method.response.header.Access-Control-Allow-Headers": true,
              "method.response.header.Access-Control-Allow-Methods": true,
              "method.response.header.Access-Control-Allow-Origin": true
            },
            "rest_api_id": "u6oyhg01y0",
            "status_code": "200"
          },
          "sensitive_attributes": [],
          "identity_schema_version": 0,
          "private": "bnVsbA==",
          "dependencies": [
            "aws_api_gateway_method.options_todos",
            "aws_api_gateway_resource.todos_resource",
            "aws_api_gateway_rest_api.todos_api"
          ]
        }
      ]
    },
    {
      "mode": "managed",
      "type": "aws_api_gateway_resource",
      "name": "ai_extract_resource",
      "provider": "provider[\"registry.terraform.io/hashicorp/aws\"]",
      "instances": [
        {
          "schema_version": 0,
          "attributes": {
            "id": "ecs8dj",
            "parent_id": "wndzx1",
            "path": "/ai/extract",
            "path_part": "extract",
            "region": "us-west-2",
            "rest_api_id": "u6oyhg01y0"
          },
          "sensitive_attributes": [],
          "identity_schema_version": 0,
          "private": "bnVsbA==",
          "dependencies": [
            "aws_api_gateway_resource.ai_resource",
            "aws_api_gateway_rest_api.todos_api"
          ],
          "create_before_destroy": true
        }
      ]
    },
    {
      "mode": "managed",
      "type": "aws_api_gateway_resource",
      "name": "ai_resource",
      "provider": "provider[\"registry.terraform.io/hashicorp/aws\"]",
      "instances": [
        {
          "schema_version": 0,
          "attributes": {
            "id": "wndzx1",
            "parent_id": "3ebedjsr6k",
            "path": "/ai",
            "path_part": "ai",
            "region": "us-west-2",
            "rest_api_id": "u6oyhg01y0"
          },
          "sensitive_attributes": [],
          "identity_schema_version": 0,
          "private": "bnVsbA==",
          "dependencies": [
            "aws_api_gateway_rest_api.todos_api"
          ],
          "create_before_destroy": true
        }
      ]
    },
    {
      "mode": "managed",
      "type": "aws_api_gateway_resource",
      "name": "todo_item_resource",
      "provider": "provider[\"registry.terraform.io/hashicorp/aws\"]",
      "instances": [
        {
          "schema_version": 0,
          "attributes": {
            "id": "ata135",
            "parent_id": "t1niu7",
            "path": "/todos/{id}",
            "path_part": "{id}",
            "region": "us-west-2",
            "rest_api_id": "u6oyhg01y0"
          },
          "sensitive_attributes": [],
          "identity_schema_version": 0,
          "private": "bnVsbA==",
          "dependencies": [
            "aws_api_gateway_resource.todos_resource",
            "aws_api_gateway_rest_api.todos_api"
          ],
          "create_before_destroy": true
        }
      ]
    },
    {
      "mode": "managed",
      "type": "aws_api_gateway_resource",
      "name": "todos_resource",
      "provider": "provider[\"registry.terraform.io/hashicorp/aws\"]",
      "instances": [
        {
          "schema_version": 0,
          "attributes": {
            "id": "t1niu7",
            "parent_id": "3ebedjsr6k",
            "path": "/todos",
            "path_part": "todos",
            "region": "us-west-2",
            "rest_api_id": "u6oyhg01y0"
          },
          "sensitive_attributes": [],
          "identity_schema_version": 0,
          "private": "bnVsbA==",
          "dependencies": [
            "aws_api_gateway_rest_api.todos_api"
          ],
          "create_before_destroy": true
        }
      ]
    },
    {
      "mode": "managed",
      "type": "aws_api_gateway_rest_api",
      "name": "todos_api",
      "provider": "provider[\"registry.terraform.io/hashicorp/aws\"]",
      "instances": [
        {
          "schema_version": 0,
          "attributes": {
            "api_key_source": "HEADER",
            "arn": "arn:aws:apigateway:us-west-2::/restapis/u6oyhg01y0",
            "binary_media_types": [],
            "body": null,
            "created_date": "2025-07-17T06:37:59Z",
            "description": "API for Todo application",
            "disable_execute_api_endpoint": false,
            "endpoint_configuration": [
              {
                "ip_address_type": "ipv4",
                "types": [
                  "EDGE"
                ],
                "vpc_endpoint_ids": []
              }
            ],
            "execution_arn": "arn:aws:execute-api:us-west-2:948766507067:u6oyhg01y0",
            "fail_on_warnings": null,
            "id": "u6oyhg01y0",
            "minimum_compression_size": "",
            "name": "serverless-todo-app-api",
            "parameters": null,
            "policy": "",
            "put_rest_api_mode": null,
            "region": "us-west-2",
            "root_resource_id": "3ebedjsr6k",
            "tags": {
              "Environment": "dev",
              "Name": "TodoAPI"
            },
            "tags_all": {
              "Environment": "dev",
              "Name": "TodoAPI"
            }
          },
          "sensitive_attributes": [],
          "identity_schema_version": 0,
          "private": "bnVsbA==",
          "create_before_destroy": true
        }
      ]
    },
    {
      "mode": "managed",
      "type": "aws_api_gateway_stage",
      "name": "todos_stage",
      "provider": "provider[\"registry.terraform.io/hashicorp/aws\"]",
      "instances": [
        {
          "schema_version": 0,
          "attributes": {
            "access_log_settings": [],
            "arn": "arn:aws:apigateway:us-west-2::/restapis/u6oyhg01y0/stages/prod",
            "cache_cluster_enabled": false,
            "cache_cluster_size": "",
            "canary_settings": [],
            "client_certificate_id": "",
            "deployment_id": "eg7wyi",
            "description": "",
            "documentation_version": "",
            "execution_arn": "arn:aws:execute-api:us-west-2:948766507067:u6oyhg01y0/prod",
            "id": "ags-u6oyhg01y0-prod",
            "invoke_url": "https://u6oyhg01y0.execute-api.us-west-2.amazonaws.com/prod",
            "region": "us-west-2",
            "rest_api_id": "u6oyhg01y0",
            "stage_name": "prod",
            "tags": {},
            "tags_all": {},
            "variables": {},
            "web_acl_arn": "",
            "xray_tracing_enabled": false
          },
          "sensitive_attributes": [],
          "identity_schema_version": 0,
          "private": "bnVsbA==",
          "dependencies": [
            "aws_api_gateway_authorizer.cognito_authorizer",
            "aws_api_gateway_deployment.todos_deployment",
            "aws_api_gateway_integration.ai_extract_integration",
            "aws_api_gateway_integration.ai_extract_options_integration",
            "aws_api_gateway_integration.delete_todo_integration",
            "aws_api_gateway_integration.get_todos_integration",
            "aws_api_gateway_integration.options_todo_item_integration",
            "aws_api_gateway_integration.options_todos_integration",
            "aws_api_gateway_integration.post_todos_integration",
            "aws_api_gateway_integration.put_todo_integration",
            "aws_api_gateway_method.ai_extract_options",
            "aws_api_gateway_method.ai_extract_post",
            "aws_api_gateway_method.delete_todo",
            "aws_api_gateway_method.get_todos",
            "aws_api_gateway_method.options_todo_item",
            "aws_api_gateway_method.options_todos",
            "aws_api_gateway_method.post_todos",
            "aws_api_gateway_method.put_todo",
            "aws_api_gateway_resource.ai_extract_resource",
            "aws_api_gateway_resource.ai_resource",
            "aws_api_gateway_resource.todo_item_resource",
            "aws_api_gateway_resource.todos_resource",
            "aws_api_gateway_rest_api.todos_api",
            "aws_cloudwatch_log_group.ai_extractor",
            "aws_cognito_user_pool.main",
            "aws_dynamodb_table.todos",
            "aws_iam_role.ai_extractor_role",
            "aws_iam_role.lambda_role",
            "aws_iam_role_policy_attachment.ai_extractor_policy",
            "aws_lambda_function.ai_extractor",
            "aws_lambda_function.todos_handler",
            "aws_secretsmanager_secret.gemini_api_key",
            "aws_secretsmanager_secret.openai_api_key",
            "data.archive_file.ai_extractor_zip",
            "data.archive_file.lambda_zip",
            "random_string.suffix"
          ]
        }
      ]
    },
    {
      "mode": "managed",
      "type": "aws_budgets_budget",
      "name": "todo_app_budget",
      "provider": "provider[\"registry.terraform.io/hashicorp/aws\"]",
      "instances": [
        {
          "schema_version": 0,
          "attributes": {
            "account_id": "948766507067",
            "arn": "arn:aws:budgets::948766507067:budget/todo-app-budget-dev-652oa7ul",
            "auto_adjust_data": [],
            "budget_type": "COST",
            "cost_filter": [
              {
                "name": "Service",
                "values": [
                  "Amazon API Gateway",
                  "AWS Lambda",
                  "Amazon DynamoDB",
                  "Amazon Cognito",
                  "AWS Amplify",
                  "Amazon CloudFront",
                  "Amazon S3"
                ]
              }
            ],
            "cost_types": [
              {
                "include_credit": true,
                "include_discount": true,
                "include_other_subscription": true,
                "include_recurring": true,
                "include_refund": true,
                "include_subscription": true,
                "include_support": true,
                "include_tax": true,
                "include_upfront": true,
                "use_amortized": false,
                "use_blended": false
              }
            ],
            "id": "948766507067:todo-app-budget-dev-652oa7ul",
            "limit_amount": "10.0",
            "limit_unit": "USD",
            "name": "todo-app-budget-dev-652oa7ul",
            "name_prefix": "",
            "notification": [
              {
                "comparison_operator": "GREATER_THAN",
                "notification_type": "ACTUAL",
                "subscriber_email_addresses": [
                  "admin@example.com"
                ],
                "subscriber_sns_topic_arns": [],
                "threshold": 80,
                "threshold_type": "PERCENTAGE"
              },
              {
                "comparison_operator": "GREATER_THAN",
                "notification_type": "FORECASTED",
                "subscriber_email_addresses": [
                  "admin@example.com"
                ],
                "subscriber_sns_topic_arns": [],
                "threshold": 100,
                "threshold_type": "PERCENTAGE"
              }
            ],
            "planned_limit": [],
            "tags": {},
            "tags_all": {},
            "time_period_end": "2087-06-15_00:00",
            "time_period_start": "2025-07-01_00:00",
            "time_unit": "MONTHLY"
          },
          "sensitive_attributes": [],
          "identity_schema_version": 0,
          "private": "bnVsbA==",
          "dependencies": [
            "random_string.suffix"
          ]
        }
      ]
    },
    {
      "mode": "managed",
      "type": "aws_cloudfront_distribution",
      "name": "frontend_distribution",
      "provider": "provider[\"registry.terraform.io/hashicorp/aws\"]",
      "instances": [
        {
          "schema_version": 1,
          "attributes": {
            "aliases": [],
            "arn": "arn:aws:cloudfront::948766507067:distribution/E30XGYGCHLAHX1",
            "caller_reference": "terraform-20250717063803960400000003",
            "comment": null,
            "continuous_deployment_policy_id": "",
            "custom_error_response": [
              {
                "error_caching_min_ttl": 0,
                "error_code": 403,
                "response_code": 200,
                "response_page_path": "/index.html"
              },
              {
                "error_caching_min_ttl": 0,
                "error_code": 404,
                "response_code": 200,
                "response_page_path": "/index.html"
              }
            ],
            "default_cache_behavior": [
              {
                "allowed_methods": [
                  "DELETE",
                  "GET",
                  "HEAD",
                  "OPTIONS",
                  "PATCH",
                  "POST",
                  "PUT"
                ],
                "cache_policy_id": "",
                "cached_methods": [
                  "GET",
                  "HEAD"
                ],
                "compress": false,
                "default_ttl": 3600,
                "field_level_encryption_id": "",
                "forwarded_values": [
                  {
                    "cookies": [
                      {
                        "forward": "none",
                        "whitelisted_names": []
                      }
                    ],
                    "headers": [],
                    "query_string": false,
                    "query_string_cache_keys": []
                  }
                ],
                "function_association": [],
                "grpc_config": [
                  {
                    "enabled": false
                  }
                ],
                "lambda_function_association": [],
                "max_ttl": 86400,
                "min_ttl": 0,
                "origin_request_policy_id": "",
                "realtime_log_config_arn": "",
                "response_headers_policy_id": "",
                "smooth_streaming": false,
                "target_origin_id": "S3-serverless-todo-app-frontend-05b9pypq",
                "trusted_key_groups": [],
                "trusted_signers": [],
                "viewer_protocol_policy": "redirect-to-https"
              }
            ],
            "default_root_object": "index.html",
            "domain_name": "d2q633m32sl4r2.cloudfront.net",
            "enabled": true,
            "etag": "E1PIRV14INZ2DY",
            "hosted_zone_id": "Z2FDTNDATAQYW2",
            "http_version": "http2",
            "id": "E30XGYGCHLAHX1",
            "in_progress_validation_batches": 0,
            "is_ipv6_enabled": true,
            "last_modified_time": "2025-07-17 06:38:04.115 +0000 UTC",
            "logging_config": [],
            "ordered_cache_behavior": [
              {
                "allowed_methods": [
                  "DELETE",
                  "GET",
                  "HEAD",
                  "OPTIONS",
                  "PATCH",
                  "POST",
                  "PUT"
                ],
                "cache_policy_id": "",
                "cached_methods": [
                  "GET",
                  "HEAD"
                ],
                "compress": false,
                "default_ttl": 0,
                "field_level_encryption_id": "",
                "forwarded_values": [
                  {
                    "cookies": [
                      {
                        "forward": "none",
                        "whitelisted_names": []
                      }
                    ],
                    "headers": [
                      "Authorization",
                      "Content-Type"
                    ],
                    "query_string": true,
                    "query_string_cache_keys": []
                  }
                ],
                "function_association": [],
                "grpc_config": [
                  {
                    "enabled": false
                  }
                ],
                "lambda_function_association": [],
                "max_ttl": 0,
                "min_ttl": 0,
                "origin_request_policy_id": "",
                "path_pattern": "/api/*",
                "realtime_log_config_arn": "",
                "response_headers_policy_id": "",
                "smooth_streaming": false,
                "target_origin_id": "S3-serverless-todo-app-frontend-05b9pypq",
                "trusted_key_groups": [],
                "trusted_signers": [],
                "viewer_protocol_policy": "redirect-to-https"
              }
            ],
            "origin": [
              {
                "connection_attempts": 3,
                "connection_timeout": 10,
                "custom_header": [],
                "custom_origin_config": [],
                "domain_name": "serverless-todo-app-frontend-05b9pypq.s3.us-west-2.amazonaws.com",
                "origin_access_control_id": "E338VBCM1XB9BL",
                "origin_id": "S3-serverless-todo-app-frontend-05b9pypq",
                "origin_path": "",
                "origin_shield": [],
                "s3_origin_config": [],
                "vpc_origin_config": []
              }
            ],
            "origin_group": [],
            "price_class": "PriceClass_100",
            "restrictions": [
              {
                "geo_restriction": [
                  {
                    "locations": [],
                    "restriction_type": "none"
                  }
                ]
              }
            ],
            "retain_on_delete": false,
            "staging": false,
            "status": "Deployed",
            "tags": {
              "Environment": "dev",
              "Name": "FrontendDistribution",
              "Owner": "DevOps Team",
              "Project": "ServerlessTodoApp",
              "Purpose": "Capstone Project"
            },
            "tags_all": {
              "Environment": "dev",
              "Name": "FrontendDistribution",
              "Owner": "DevOps Team",
              "Project": "ServerlessTodoApp",
              "Purpose": "Capstone Project"
            },
            "trusted_key_groups": [
              {
                "enabled": false,
                "items": []
              }
            ],
            "trusted_signers": [
              {
                "enabled": false,
                "items": []
              }
            ],
            "viewer_certificate": [
              {
                "acm_certificate_arn": "",
                "cloudfront_default_certificate": true,
                "iam_certificate_id": "",
                "minimum_protocol_version": "TLSv1",
                "ssl_support_method": ""
              }
            ],
            "wait_for_deployment": true,
            "web_acl_id": ""
          },
          "sensitive_attributes": [],
          "identity_schema_version": 0,
          "private": "eyJzY2hlbWFfdmVyc2lvbiI6IjEifQ==",
          "dependencies": [
            "aws_cloudfront_origin_access_control.frontend_oac",
            "aws_s3_bucket.frontend_bucket",
            "random_string.bucket_suffix"
          ]
        }
      ]
    },
    {
      "mode": "managed",
      "type": "aws_cloudfront_origin_access_control",
      "name": "frontend_oac",
      "provider": "provider[\"registry.terraform.io/hashicorp/aws\"]",
      "instances": [
        {
          "schema_version": 0,
          "attributes": {
            "arn": "arn:aws:cloudfront::948766507067:origin-access-control/E338VBCM1XB9BL",
            "description": "Origin Access Control for frontend bucket",
            "etag": "ETVPDKIKX0DER",
            "id": "E338VBCM1XB9BL",
            "name": "serverless-todo-app-frontend-oac-05b9pypq",
            "origin_access_control_origin_type": "s3",
            "signing_behavior": "always",
            "signing_protocol": "sigv4"
          },
          "sensitive_attributes": [],
          "identity_schema_version": 0,
          "private": "bnVsbA==",
          "dependencies": [
            "random_string.bucket_suffix"
          ]
        }
      ]
    },
    {
      "mode": "managed",
      "type": "aws_cloudwatch_dashboard",
      "name": "todo_app_dashboard",
      "provider": "provider[\"registry.terraform.io/hashicorp/aws\"]",
      "instances": [
        {
          "schema_version": 0,
          "attributes": {
            "dashboard_arn": "arn:aws:cloudwatch::948766507067:dashboard/TodoApp-dev",
            "dashboard_body": "{\"widgets\":[{\"height\":6,\"properties\":{\"metrics\":[[\"AWS/Lambda\",\"Duration\",\"FunctionName\",\"serverless-todo-app-todos-handler\"],[\".\",\"Errors\",\".\",\".\"],[\".\",\"Invocations\",\".\",\".\"],[\".\",\"Throttles\",\".\",\".\"]],\"period\":300,\"region\":\"us-west-2\",\"stacked\":false,\"title\":\"Lambda Function Metrics\",\"view\":\"timeSeries\"},\"type\":\"metric\",\"width\":12,\"x\":0,\"y\":0},{\"height\":6,\"properties\":{\"metrics\":[[\"AWS/ApiGateway\",\"Count\",\"ApiName\",\"serverless-todo-app-api\"],[\".\",\"Latency\",\".\",\".\"],[\".\",\"4XXError\",\".\",\".\"],[\".\",\"5XXError\",\".\",\".\"]],\"period\":300,\"region\":\"us-west-2\",\"stacked\":false,\"title\":\"API Gateway Metrics\",\"view\":\"timeSeries\"},\"type\":\"metric\",\"width\":12,\"x\":0,\"y\":6},{\"height\":6,\"properties\":{\"metrics\":[[\"AWS/DynamoDB\",\"ConsumedReadCapacityUnits\",\"TableName\",\"todos-table\"],[\".\",\"ConsumedWriteCapacityUnits\",\".\",\".\"],[\".\",\"ThrottledRequests\",\".\",\".\"],[\".\",\"SuccessfulRequestLatency\",\".\",\".\",\"Operation\",\"Query\"],[\".\",\"SuccessfulRequestLatency\",\".\",\".\",\"Operation\",\"PutItem\"]],\"period\":300,\"region\":\"us-west-2\",\"stacked\":false,\"title\":\"DynamoDB Metrics\",\"view\":\"timeSeries\"},\"type\":\"metric\",\"width\":12,\"x\":0,\"y\":12},{\"height\":6,\"properties\":{\"metrics\":[[\"AWS/Cognito\",\"SignInSuccesses\",\"UserPool\",\"us-west-2_O03algceZ\"],[\".\",\"SignUpSuccesses\",\".\",\".\"],[\".\",\"TokenRefreshSuccesses\",\".\",\".\"]],\"period\":300,\"region\":\"us-west-2\",\"stacked\":false,\"title\":\"Cognito Authentication Metrics\",\"view\":\"timeSeries\"},\"type\":\"metric\",\"width\":12,\"x\":0,\"y\":18}]}",
            "dashboard_name": "TodoApp-dev",
            "id": "TodoApp-dev",
            "region": "us-west-2"
          },
          "sensitive_attributes": [],
          "identity_schema_version": 0,
          "private": "bnVsbA==",
          "dependencies": [
            "aws_api_gateway_rest_api.todos_api",
            "aws_cognito_user_pool.main",
            "aws_dynamodb_table.todos",
            "aws_iam_role.lambda_role",
            "aws_lambda_function.todos_handler",
            "data.archive_file.lambda_zip",
            "random_string.suffix"
          ]
        }
      ]
    },
    {
      "mode": "managed",
      "type": "aws_cloudwatch_log_group",
      "name": "ai_extractor",
      "provider": "provider[\"registry.terraform.io/hashicorp/aws\"]",
      "instances": [
        {
          "schema_version": 0,
          "attributes": {
            "arn": "arn:aws:logs:us-west-2:948766507067:log-group:/aws/lambda/serverless-todo-app-ai-extractor",
            "id": "/aws/lambda/serverless-todo-app-ai-extractor",
            "kms_key_id": "",
            "log_group_class": "STANDARD",
            "name": "/aws/lambda/serverless-todo-app-ai-extractor",
            "name_prefix": "",
            "region": "us-west-2",
            "retention_in_days": 14,
            "skip_destroy": false,
            "tags": {
              "Environment": "production",
              "ManagedBy": "terraform",
              "Project": "TaskFlow-AI"
            },
            "tags_all": {
              "Environment": "production",
              "ManagedBy": "terraform",
              "Project": "TaskFlow-AI"
            }
          },
          "sensitive_attributes": [],
          "identity_schema_version": 0,
          "private": "bnVsbA==",
          "create_before_destroy": true
        }
      ]
    },
    {
      "mode": "managed",
      "type": "aws_cloudwatch_log_group",
      "name": "api_gateway_logs",
      "provider": "provider[\"registry.terraform.io/hashicorp/aws\"]",
      "instances": [
        {
          "schema_version": 0,
          "attributes": {
            "arn": "arn:aws:logs:us-west-2:948766507067:log-group:API-Gateway-Execution-Logs_u6oyhg01y0/prod",
            "id": "API-Gateway-Execution-Logs_u6oyhg01y0/prod",
            "kms_key_id": "",
            "log_group_class": "STANDARD",
            "name": "API-Gateway-Execution-Logs_u6oyhg01y0/prod",
            "name_prefix": "",
            "region": "us-west-2",
            "retention_in_days": 14,
            "skip_destroy": false,
            "tags": {
              "Environment": "dev",
              "Name": "APIGatewayLogs"
            },
            "tags_all": {
              "Environment": "dev",
              "Name": "APIGatewayLogs"
            }
          },
          "sensitive_attributes": [],
          "identity_schema_version": 0,
          "private": "bnVsbA==",
          "dependencies": [
            "aws_api_gateway_rest_api.todos_api"
          ]
        }
      ]
    },
    {
      "mode": "managed",
      "type": "aws_cloudwatch_log_group",
      "name": "lambda_logs",
      "provider": "provider[\"registry.terraform.io/hashicorp/aws\"]",
      "instances": [
        {
          "schema_version": 0,
          "attributes": {
            "arn": "arn:aws:logs:us-west-2:948766507067:log-group:/aws/lambda/serverless-todo-app-todos-handler-652oa7ul",
            "id": "/aws/lambda/serverless-todo-app-todos-handler-652oa7ul",
            "kms_key_id": "",
            "log_group_class": "STANDARD",
            "name": "/aws/lambda/serverless-todo-app-todos-handler-652oa7ul",
            "name_prefix": "",
            "region": "us-west-2",
            "retention_in_days": 14,
            "skip_destroy": false,
            "tags": {
              "Environment": "dev",
              "Name": "LambdaLogs"
            },
            "tags_all": {
              "Environment": "dev",
              "Name": "LambdaLogs"
            }
          },
          "sensitive_attributes": [],
          "identity_schema_version": 0,
          "private": "bnVsbA==",
          "dependencies": [
            "aws_dynamodb_table.todos",
            "aws_iam_role.lambda_role",
            "aws_lambda_function.todos_handler",
            "data.archive_file.lambda_zip",
            "random_string.suffix"
          ]
        }
      ]
    },
    {
      "mode": "managed",
      "type": "aws_cloudwatch_log_metric_filter",
      "name": "authentication_events",
      "provider": "provider[\"registry.terraform.io/hashicorp/aws\"]",
      "instances": [
        {
          "schema_version": 0,
          "attributes": {
            "id": "auth-events-dev",
            "log_group_name": "/aws/lambda/serverless-todo-app-todos-handler-652oa7ul",
            "metric_transformation": [
              {
                "default_value": "0",
                "dimensions": {},
                "name": "AuthenticationEvents",
                "namespace": "TodoApp",
                "unit": "None",
                "value": "1"
              }
            ],
            "name": "auth-events-dev",
            "pattern": "[timestamp, requestId, level=\"INFO\", message=\"Authentication:\", event, userId]",
            "region": "us-west-2"
          },
          "sensitive_attributes": [],
          "identity_schema_version": 0,
          "private": "bnVsbA==",
          "dependencies": [
            "aws_cloudwatch_log_group.lambda_logs",
            "aws_dynamodb_table.todos",
            "aws_iam_role.lambda_role",
            "aws_lambda_function.todos_handler",
            "data.archive_file.lambda_zip",
            "random_string.suffix"
          ]
        }
      ]
    },
    {
      "mode": "managed",
      "type": "aws_cloudwatch_log_metric_filter",
      "name": "todo_operations",
      "provider": "provider[\"registry.terraform.io/hashicorp/aws\"]",
      "instances": [
        {
          "schema_version": 0,
          "attributes": {
            "id": "todo-operations-dev",
            "log_group_name": "/aws/lambda/serverless-todo-app-todos-handler-652oa7ul",
            "metric_transformation": [
              {
                "default_value": "0",
                "dimensions": {},
                "name": "TodoOperations",
                "namespace": "TodoApp",
                "unit": "None",
                "value": "1"
              }
            ],
            "name": "todo-operations-dev",
            "pattern": "[timestamp, requestId, level=\"INFO\", message=\"Todo operation:\", operation, userId]",
            "region": "us-west-2"
          },
          "sensitive_attributes": [],
          "identity_schema_version": 0,
          "private": "bnVsbA==",
          "dependencies": [
            "aws_cloudwatch_log_group.lambda_logs",
            "aws_dynamodb_table.todos",
            "aws_iam_role.lambda_role",
            "aws_lambda_function.todos_handler",
            "data.archive_file.lambda_zip",
            "random_string.suffix"
          ]
        }
      ]
    },
    {
      "mode": "managed",
      "type": "aws_cloudwatch_metric_alarm",
      "name": "api_gateway_5xx_errors",
      "provider": "provider[\"registry.terraform.io/hashicorp/aws\"]",
      "instances": [
        {
          "schema_version": 1,
          "attributes": {
            "actions_enabled": true,
            "alarm_actions": [
              "arn:aws:sns:us-west-2:948766507067:todo-app-alerts-dev"
            ],
            "alarm_description": "This metric monitors API Gateway 5XX errors",
            "alarm_name": "todo-api-5xx-errors-dev",
            "arn": "arn:aws:cloudwatch:us-west-2:948766507067:alarm:todo-api-5xx-errors-dev",
            "comparison_operator": "GreaterThanThreshold",
            "datapoints_to_alarm": 0,
            "dimensions": {
              "ApiName": "serverless-todo-app-api"
            },
            "evaluate_low_sample_count_percentiles": "",
            "evaluation_periods": 2,
            "extended_statistic": "",
            "id": "todo-api-5xx-errors-dev",
            "insufficient_data_actions": [],
            "metric_name": "5XXError",
            "metric_query": [],
            "namespace": "AWS/ApiGateway",
            "ok_actions": [],
            "period": 60,
            "region": "us-west-2",
            "statistic": "Sum",
            "tags": {
              "Environment": "dev",
              "Name": "APIGateway5XXAlarm"
            },
            "tags_all": {
              "Environment": "dev",
              "Name": "APIGateway5XXAlarm"
            },
            "threshold": 5,
            "threshold_metric_id": "",
            "treat_missing_data": "missing",
            "unit": ""
          },
          "sensitive_attributes": [],
          "identity_schema_version": 0,
          "private": "eyJzY2hlbWFfdmVyc2lvbiI6IjEifQ==",
          "dependencies": [
            "aws_api_gateway_rest_api.todos_api",
            "aws_sns_topic.alerts"
          ]
        }
      ]
    },
    {
      "mode": "managed",
      "type": "aws_cloudwatch_metric_alarm",
      "name": "dynamodb_throttles",
      "provider": "provider[\"registry.terraform.io/hashicorp/aws\"]",
      "instances": [
        {
          "schema_version": 1,
          "attributes": {
            "actions_enabled": true,
            "alarm_actions": [
              "arn:aws:sns:us-west-2:948766507067:todo-app-alerts-dev"
            ],
            "alarm_description": "This metric monitors DynamoDB throttles",
            "alarm_name": "todo-dynamodb-throttles-dev",
            "arn": "arn:aws:cloudwatch:us-west-2:948766507067:alarm:todo-dynamodb-throttles-dev",
            "comparison_operator": "GreaterThanThreshold",
            "datapoints_to_alarm": 0,
            "dimensions": {
              "TableName": "todos-table"
            },
            "evaluate_low_sample_count_percentiles": "",
            "evaluation_periods": 2,
            "extended_statistic": "",
            "id": "todo-dynamodb-throttles-dev",
            "insufficient_data_actions": [],
            "metric_name": "ThrottledRequests",
            "metric_query": [],
            "namespace": "AWS/DynamoDB",
            "ok_actions": [],
            "period": 60,
            "region": "us-west-2",
            "statistic": "Sum",
            "tags": {
              "Environment": "dev",
              "Name": "DynamoDBThrottleAlarm"
            },
            "tags_all": {
              "Environment": "dev",
              "Name": "DynamoDBThrottleAlarm"
            },
            "threshold": 1,
            "threshold_metric_id": "",
            "treat_missing_data": "missing",
            "unit": ""
          },
          "sensitive_attributes": [],
          "identity_schema_version": 0,
          "private": "eyJzY2hlbWFfdmVyc2lvbiI6IjEifQ==",
          "dependencies": [
            "aws_dynamodb_table.todos",
            "aws_sns_topic.alerts"
          ]
        }
      ]
    },
    {
      "mode": "managed",
      "type": "aws_cloudwatch_metric_alarm",
      "name": "lambda_duration",
      "provider": "provider[\"registry.terraform.io/hashicorp/aws\"]",
      "instances": [
        {
          "schema_version": 1,
          "attributes": {
            "actions_enabled": true,
            "alarm_actions": [
              "arn:aws:sns:us-west-2:948766507067:todo-app-alerts-dev"
            ],
            "alarm_description": "This metric monitors lambda duration",
            "alarm_name": "todo-lambda-duration-dev",
            "arn": "arn:aws:cloudwatch:us-west-2:948766507067:alarm:todo-lambda-duration-dev",
            "comparison_operator": "GreaterThanThreshold",
            "datapoints_to_alarm": 0,
            "dimensions": {
              "FunctionName": "serverless-todo-app-todos-handler"
            },
            "evaluate_low_sample_count_percentiles": "",
            "evaluation_periods": 2,
            "extended_statistic": "",
            "id": "todo-lambda-duration-dev",
            "insufficient_data_actions": [],
            "metric_name": "Duration",
            "metric_query": [],
            "namespace": "AWS/Lambda",
            "ok_actions": [],
            "period": 60,
            "region": "us-west-2",
            "statistic": "Average",
            "tags": {
              "Environment": "dev",
              "Name": "LambdaDurationAlarm"
            },
            "tags_all": {
              "Environment": "dev",
              "Name": "LambdaDurationAlarm"
            },
            "threshold": 10000,
            "threshold_metric_id": "",
            "treat_missing_data": "missing",
            "unit": ""
          },
          "sensitive_attributes": [],
          "identity_schema_version": 0,
          "private": "eyJzY2hlbWFfdmVyc2lvbiI6IjEifQ==",
          "dependencies": [
            "aws_dynamodb_table.todos",
            "aws_iam_role.lambda_role",
            "aws_lambda_function.todos_handler",
            "aws_sns_topic.alerts",
            "data.archive_file.lambda_zip",
            "random_string.suffix"
          ]
        }
      ]
    },
    {
      "mode": "managed",
      "type": "aws_cloudwatch_metric_alarm",
      "name": "lambda_error_rate",
      "provider": "provider[\"registry.terraform.io/hashicorp/aws\"]",
      "instances": [
        {
          "schema_version": 1,
          "attributes": {
            "actions_enabled": true,
            "alarm_actions": [
              "arn:aws:sns:us-west-2:948766507067:todo-app-alerts-dev"
            ],
            "alarm_description": "This metric monitors lambda errors",
            "alarm_name": "todo-lambda-error-rate-dev",
            "arn": "arn:aws:cloudwatch:us-west-2:948766507067:alarm:todo-lambda-error-rate-dev",
            "comparison_operator": "GreaterThanThreshold",
            "datapoints_to_alarm": 0,
            "dimensions": {
              "FunctionName": "serverless-todo-app-todos-handler"
            },
            "evaluate_low_sample_count_percentiles": "",
            "evaluation_periods": 2,
            "extended_statistic": "",
            "id": "todo-lambda-error-rate-dev",
            "insufficient_data_actions": [],
            "metric_name": "Errors",
            "metric_query": [],
            "namespace": "AWS/Lambda",
            "ok_actions": [],
            "period": 60,
            "region": "us-west-2",
            "statistic": "Sum",
            "tags": {
              "Environment": "dev",
              "Name": "LambdaErrorAlarm"
            },
            "tags_all": {
              "Environment": "dev",
              "Name": "LambdaErrorAlarm"
            },
            "threshold": 5,
            "threshold_metric_id": "",
            "treat_missing_data": "missing",
            "unit": ""
          },
          "sensitive_attributes": [],
          "identity_schema_version": 0,
          "private": "eyJzY2hlbWFfdmVyc2lvbiI6IjEifQ==",
          "dependencies": [
            "aws_dynamodb_table.todos",
            "aws_iam_role.lambda_role",
            "aws_lambda_function.todos_handler",
            "aws_sns_topic.alerts",
            "data.archive_file.lambda_zip",
            "random_string.suffix"
          ]
        }
      ]
    },
    {
      "mode": "managed",
      "type": "aws_cloudwatch_query_definition",
      "name": "lambda_errors",
      "provider": "provider[\"registry.terraform.io/hashicorp/aws\"]",
      "instances": [
        {
          "schema_version": 0,
          "attributes": {
            "id": "6463f200-330a-436d-a1df-95f24c4a6a4f",
            "log_group_names": [
              "/aws/lambda/serverless-todo-app-todos-handler-652oa7ul"
            ],
            "name": "TodoApp/Lambda/Errors-652oa7ul",
            "query_definition_id": "6463f200-330a-436d-a1df-95f24c4a6a4f",
            "query_string": "fields @timestamp, @message\n| filter @message like /ERROR/\n| sort @timestamp desc\n| limit 100\n",
            "region": "us-west-2"
          },
          "sensitive_attributes": [],
          "identity_schema_version": 0,
          "private": "bnVsbA==",
          "dependencies": [
            "aws_cloudwatch_log_group.lambda_logs",
            "aws_dynamodb_table.todos",
            "aws_iam_role.lambda_role",
            "aws_lambda_function.todos_handler",
            "data.archive_file.lambda_zip",
            "random_string.suffix"
          ]
        }
      ]
    },
    {
      "mode": "managed",
      "type": "aws_cloudwatch_query_definition",
      "name": "slow_requests",
      "provider": "provider[\"registry.terraform.io/hashicorp/aws\"]",
      "instances": [
        {
          "schema_version": 0,
          "attributes": {
            "id": "fbf9e762-8cfe-44cc-aa60-2d8d17bb94f0",
            "log_group_names": [
              "/aws/lambda/serverless-todo-app-todos-handler-652oa7ul"
            ],
            "name": "TodoApp/Lambda/SlowRequests-652oa7ul",
            "query_definition_id": "fbf9e762-8cfe-44cc-aa60-2d8d17bb94f0",
            "query_string": "fields @timestamp, @duration, @message\n| filter @duration \u003e 1000\n| sort @duration desc\n| limit 50\n",
            "region": "us-west-2"
          },
          "sensitive_attributes": [],
          "identity_schema_version": 0,
          "private": "bnVsbA==",
          "dependencies": [
            "aws_cloudwatch_log_group.lambda_logs",
            "aws_dynamodb_table.todos",
            "aws_iam_role.lambda_role",
            "aws_lambda_function.todos_handler",
            "data.archive_file.lambda_zip",
            "random_string.suffix"
          ]
        }
      ]
    },
    {
      "mode": "managed",
      "type": "aws_cognito_identity_pool",
      "name": "main",
      "provider": "provider[\"registry.terraform.io/hashicorp/aws\"]",
      "instances": [
        {
          "schema_version": 0,
          "attributes": {
            "allow_classic_flow": false,
            "allow_unauthenticated_identities": false,
            "arn": "arn:aws:cognito-identity:us-west-2:948766507067:identitypool/us-west-2:e496309f-34f6-4ed1-b21f-67ee23a1865a",
            "cognito_identity_providers": [
              {
                "client_id": "1c5vka5ai5ekkom7krvo2aip6l",
                "provider_name": "cognito-idp.us-west-2.amazonaws.com/us-west-2_O03algceZ",
                "server_side_token_check": true
              }
            ],
            "developer_provider_name": "",
            "id": "us-west-2:e496309f-34f6-4ed1-b21f-67ee23a1865a",
            "identity_pool_name": "serverless-todo-app-identity-pool",
            "openid_connect_provider_arns": [],
            "region": "us-west-2",
            "saml_provider_arns": [],
            "supported_login_providers": {},
            "tags": {
              "Environment": "dev",
              "Name": "TaskFlow-IdentityPool"
            },
            "tags_all": {
              "Environment": "dev",
              "Name": "TaskFlow-IdentityPool"
            }
          },
          "sensitive_attributes": [],
          "identity_schema_version": 0,
          "private": "bnVsbA==",
          "dependencies": [
            "aws_cognito_user_pool.main",
            "aws_cognito_user_pool_client.main"
          ]
        }
      ]
    },
    {
      "mode": "managed",
      "type": "aws_cognito_identity_pool_roles_attachment",
      "name": "main",
      "provider": "provider[\"registry.terraform.io/hashicorp/aws\"]",
      "instances": [
        {
          "schema_version": 0,
          "attributes": {
            "id": "us-west-2:e496309f-34f6-4ed1-b21f-67ee23a1865a",
            "identity_pool_id": "us-west-2:e496309f-34f6-4ed1-b21f-67ee23a1865a",
            "region": "us-west-2",
            "role_mapping": [],
            "roles": {
              "authenticated": "arn:aws:iam::948766507067:role/taskflow-cognito-authenticated-role-dev-652oa7ul"
            }
          },
          "sensitive_attributes": [],
          "identity_schema_version": 0,
          "private": "bnVsbA==",
          "dependencies": [
            "aws_cognito_identity_pool.main",
            "aws_cognito_user_pool.main",
            "aws_cognito_user_pool_client.main",
            "aws_iam_role.cognito_authenticated_role",
            "random_string.suffix"
          ]
        }
      ]
    },
    {
      "mode": "managed",
      "type": "aws_cognito_user_pool",
      "name": "main",
      "provider": "provider[\"registry.terraform.io/hashicorp/aws\"]",
      "instances": [
        {
          "schema_version": 0,
          "attributes": {
            "account_recovery_setting": [
              {
                "recovery_mechanism": [
                  {
                    "name": "verified_email",
                    "priority": 1
                  }
                ]
              }
            ],
            "admin_create_user_config": [
              {
                "allow_admin_create_user_only": false,
                "invite_message_template": [
                  {
                    "email_message": "Welcome to TaskFlow! Your username is {username} and temporary password is {####}",
                    "email_subject": "Welcome to TaskFlow",
                    "sms_message": "Welcome to TaskFlow! Username: {username} Password: {####}"
                  }
                ]
              }
            ],
            "alias_attributes": null,
            "arn": "arn:aws:cognito-idp:us-west-2:948766507067:userpool/us-west-2_O03algceZ",
            "auto_verified_attributes": [
              "email"
            ],
            "creation_date": "2025-07-17T06:37:59Z",
            "custom_domain": "",
            "deletion_protection": "INACTIVE",
            "device_configuration": [
              {
                "challenge_required_on_new_device": false,
                "device_only_remembered_on_user_prompt": false
              }
            ],
            "domain": "serverless-todo-app-taskflow-cdc2fb27",
            "email_configuration": [
              {
                "configuration_set": "",
                "email_sending_account": "COGNITO_DEFAULT",
                "from_email_address": "",
                "reply_to_email_address": "",
                "source_arn": ""
              }
            ],
            "email_mfa_configuration": [],
            "email_verification_message": "Welcome to TaskFlow! Your verification code is: {####}\n\nThis code will expire in 24 hours.",
            "email_verification_subject": "TaskFlow - Your verification code",
            "endpoint": "cognito-idp.us-west-2.amazonaws.com/us-west-2_O03algceZ",
            "estimated_number_of_users": 0,
            "id": "us-west-2_O03algceZ",
            "lambda_config": [],
            "last_modified_date": "2025-07-17T06:37:59Z",
            "mfa_configuration": "OFF",
            "name": "todo-app-user-pool",
            "password_policy": [
              {
                "minimum_length": 8,
                "password_history_size": 0,
                "require_lowercase": true,
                "require_numbers": true,
                "require_symbols": false,
                "require_uppercase": false,
                "temporary_password_validity_days": 7
              }
            ],
            "region": "us-west-2",
            "schema": [
              {
                "attribute_data_type": "String",
                "developer_only_attribute": false,
                "mutable": true,
                "name": "custom:preferences",
                "number_attribute_constraints": [],
                "required": false,
                "string_attribute_constraints": [
                  {
                    "max_length": "1000",
                    "min_length": "0"
                  }
                ]
              },
              {
                "attribute_data_type": "String",
                "developer_only_attribute": false,
                "mutable": true,
                "name": "email",
                "number_attribute_constraints": [],
                "required": true,
                "string_attribute_constraints": [
                  {
                    "max_length": "256",
                    "min_length": "5"
                  }
                ]
              },
              {
                "attribute_data_type": "String",
                "developer_only_attribute": false,
                "mutable": true,
                "name": "name",
                "number_attribute_constraints": [],
                "required": false,
                "string_attribute_constraints": [
                  {
                    "max_length": "100",
                    "min_length": "1"
                  }
                ]
              }
            ],
            "sign_in_policy": [
              {
                "allowed_first_auth_factors": [
                  "PASSWORD"
                ]
              }
            ],
            "sms_authentication_message": "",
            "sms_configuration": [],
            "sms_verification_message": "",
            "software_token_mfa_configuration": [],
            "tags": {
              "Environment": "dev",
              "Name": "TaskFlow-UserPool",
              "Purpose": "FlowlessAuthentication"
            },
            "tags_all": {
              "Environment": "dev",
              "Name": "TaskFlow-UserPool",
              "Purpose": "FlowlessAuthentication"
            },
            "user_attribute_update_settings": [],
            "user_pool_add_ons": [
              {
                "advanced_security_additional_flows": [
                  {
                    "custom_auth_mode": "AUDIT"
                  }
                ],
                "advanced_security_mode": "AUDIT"
              }
            ],
            "user_pool_tier": "PLUS",
            "username_attributes": [
              "email"
            ],
            "username_configuration": [
              {
                "case_sensitive": false
              }
            ],
            "verification_message_template": [
              {
                "default_email_option": "CONFIRM_WITH_CODE",
                "email_message": "Welcome to TaskFlow! Your verification code is: {####}\n\nThis code will expire in 24 hours.",
                "email_message_by_link": "",
                "email_subject": "TaskFlow - Your verification code",
                "email_subject_by_link": "",
                "sms_message": ""
              }
            ],
            "web_authn_configuration": []
          },
          "sensitive_attributes": [],
          "identity_schema_version": 0,
          "private": "bnVsbA==",
          "create_before_destroy": true
        }
      ]
    },
    {
      "mode": "managed",
      "type": "aws_cognito_user_pool_client",
      "name": "main",
      "provider": "provider[\"registry.terraform.io/hashicorp/aws\"]",
      "instances": [
        {
          "schema_version": 0,
          "attributes": {
            "access_token_validity": 2,
            "allowed_oauth_flows": [],
            "allowed_oauth_flows_user_pool_client": false,
            "allowed_oauth_scopes": [],
            "analytics_configuration": [],
            "auth_session_validity": 5,
            "callback_urls": [
              "http://localhost:3000",
              "https://localhost:3000"
            ],
            "client_secret": "",
            "default_redirect_uri": "",
            "enable_propagate_additional_user_context_data": false,
            "enable_token_revocation": true,
            "explicit_auth_flows": [
              "ALLOW_ADMIN_USER_PASSWORD_AUTH",
              "ALLOW_REFRESH_TOKEN_AUTH",
              "ALLOW_USER_PASSWORD_AUTH",
              "ALLOW_USER_SRP_AUTH"
            ],
            "generate_secret": false,
            "id": "1c5vka5ai5ekkom7krvo2aip6l",
            "id_token_validity": 2,
            "logout_urls": [
              "http://localhost:3000",
              "https://localhost:3000"
            ],
            "name": "todo-app-client",
            "prevent_user_existence_errors": "ENABLED",
            "read_attributes": [
              "email",
              "name",
              "preferred_username"
            ],
            "refresh_token_rotation": [],
            "refresh_token_validity": 30,
            "region": "us-west-2",
            "supported_identity_providers": [
              "COGNITO"
            ],
            "token_validity_units": [
              {
                "access_token": "hours",
                "id_token": "hours",
                "refresh_token": "days"
              }
            ],
            "user_pool_id": "us-west-2_O03algceZ",
            "write_attributes": [
              "email",
              "name",
              "preferred_username"
            ]
          },
          "sensitive_attributes": [
            [
              {
                "type": "get_attr",
                "value": "client_secret"
              }
            ]
          ],
          "identity_schema_version": 0,
          "dependencies": [
            "aws_cognito_user_pool.main"
          ]
        }
      ]
    },
    {
      "mode": "managed",
      "type": "aws_cognito_user_pool_domain",
      "name": "main",
      "provider": "provider[\"registry.terraform.io/hashicorp/aws\"]",
      "instances": [
        {
          "schema_version": 0,
          "attributes": {
            "aws_account_id": "948766507067",
            "certificate_arn": "",
            "cloudfront_distribution": "dpp0gtxikpq3y.cloudfront.net",
            "cloudfront_distribution_arn": "dpp0gtxikpq3y.cloudfront.net",
            "cloudfront_distribution_zone_id": "Z2FDTNDATAQYW2",
            "domain": "serverless-todo-app-taskflow-cdc2fb27",
            "id": "serverless-todo-app-taskflow-cdc2fb27",
            "managed_login_version": 1,
            "region": "us-west-2",
            "s3_bucket": "aws-cognito-prod-pdx-assets",
            "user_pool_id": "us-west-2_O03algceZ",
            "version": "20250717063801"
          },
          "sensitive_attributes": [],
          "identity_schema_version": 0,
          "private": "bnVsbA==",
          "dependencies": [
            "aws_cognito_user_pool.main",
            "random_id.domain_suffix"
          ]
        }
      ]
    },
    {
      "mode": "managed",
      "type": "aws_dynamodb_table",
      "name": "todos",
      "provider": "provider[\"registry.terraform.io/hashicorp/aws\"]",
      "instances": [
        {
          "schema_version": 1,
          "attributes": {
            "arn": "arn:aws:dynamodb:us-west-2:948766507067:table/todos-table",
            "attribute": [
              {
                "name": "id",
                "type": "S"
              },
              {
                "name": "user_id",
                "type": "S"
              }
            ],
            "billing_mode": "PAY_PER_REQUEST",
            "deletion_protection_enabled": false,
            "global_secondary_index": [],
            "hash_key": "user_id",
            "id": "todos-table",
            "import_table": [],
            "local_secondary_index": [],
            "name": "todos-table",
            "on_demand_throughput": [],
            "point_in_time_recovery": [
              {
                "enabled": false,
                "recovery_period_in_days": 0
              }
            ],
            "range_key": "id",
            "read_capacity": 0,
            "region": "us-west-2",
            "replica": [],
            "restore_date_time": null,
            "restore_source_name": null,
            "restore_source_table_arn": null,
            "restore_to_latest_time": null,
            "server_side_encryption": [],
            "stream_arn": "",
            "stream_enabled": false,
            "stream_label": "",
            "stream_view_type": "",
            "table_class": "STANDARD",
            "tags": {
              "Environment": "dev",
              "Name": "TodosTable"
            },
            "tags_all": {
              "Environment": "dev",
              "Name": "TodosTable"
            },
            "timeouts": null,
            "ttl": [
              {
                "attribute_name": "",
                "enabled": false
              }
            ],
            "write_capacity": 0
          },
          "sensitive_attributes": [],
          "identity_schema_version": 0,
          "private": "eyJlMmJmYjczMC1lY2FhLTExZTYtOGY4OC0zNDM2M2JjN2M0YzAiOnsiY3JlYXRlIjoxODAwMDAwMDAwMDAwLCJkZWxldGUiOjYwMDAwMDAwMDAwMCwidXBkYXRlIjozNjAwMDAwMDAwMDAwfSwic2NoZW1hX3ZlcnNpb24iOiIxIn0=",
          "create_before_destroy": true
        }
      ]
    },
    {
      "mode": "managed",
      "type": "aws_iam_policy",
      "name": "cognito_authenticated_policy",
      "provider": "provider[\"registry.terraform.io/hashicorp/aws\"]",
      "instances": [
        {
          "schema_version": 0,
          "attributes": {
            "arn": "arn:aws:iam::948766507067:policy/taskflow-cognito-authenticated-policy-652oa7ul",
            "attachment_count": 1,
            "description": "Policy for authenticated TaskFlow users",
            "id": "arn:aws:iam::948766507067:policy/taskflow-cognito-authenticated-policy-652oa7ul",
            "name": "taskflow-cognito-authenticated-policy-652oa7ul",
            "name_prefix": "",
            "path": "/",
            "policy": "{\"Statement\":[{\"Action\":[\"cognito-sync:*\",\"cognito-identity:*\"],\"Effect\":\"Allow\",\"Resource\":\"*\"},{\"Action\":[\"execute-api:Invoke\"],\"Effect\":\"Allow\",\"Resource\":\"arn:aws:execute-api:us-west-2:948766507067:u6oyhg01y0/*\"}],\"Version\":\"2012-10-17\"}",
            "policy_id": "ANPA5ZZXEAA5WT2ER77OE",
            "tags": {},
            "tags_all": {}
          },
          "sensitive_attributes": [],
          "identity_schema_version": 0,
          "private": "bnVsbA==",
          "dependencies": [
            "aws_api_gateway_rest_api.todos_api",
            "random_string.suffix"
          ]
        }
      ]
    },
    {
      "mode": "managed",
      "type": "aws_iam_policy",
      "name": "lambda_policy",
      "provider": "provider[\"registry.terraform.io/hashicorp/aws\"]",
      "instances": [
        {
          "schema_version": 0,
          "attributes": {
            "arn": "arn:aws:iam::948766507067:policy/todo-lambda-policy-652oa7ul",
            "attachment_count": 1,
            "description": "Policy for Lambda to access DynamoDB and CloudWatch Logs",
            "id": "arn:aws:iam::948766507067:policy/todo-lambda-policy-652oa7ul",
            "name": "todo-lambda-policy-652oa7ul",
            "name_prefix": "",
            "path": "/",
            "policy": "{\"Statement\":[{\"Action\":[\"logs:CreateLogGroup\",\"logs:CreateLogStream\",\"logs:PutLogEvents\"],\"Effect\":\"Allow\",\"Resource\":\"arn:aws:logs:*:*:*\"},{\"Action\":[\"dynamodb:PutItem\",\"dynamodb:GetItem\",\"dynamodb:UpdateItem\",\"dynamodb:DeleteItem\",\"dynamodb:Query\",\"dynamodb:Scan\"],\"Effect\":\"Allow\",\"Resource\":\"arn:aws:dynamodb:us-west-2:948766507067:table/todos-table\"}],\"Version\":\"2012-10-17\"}",
            "policy_id": "ANPA5ZZXEAA5VRMTBR6QN",
            "tags": {},
            "tags_all": {}
          },
          "sensitive_attributes": [],
          "identity_schema_version": 0,
          "private": "bnVsbA==",
          "dependencies": [
            "aws_dynamodb_table.todos",
            "random_string.suffix"
          ]
        }
      ]
    },
    {
      "mode": "managed",
      "type": "aws_iam_policy",
      "name": "lambda_xray_policy",
      "provider": "provider[\"registry.terraform.io/hashicorp/aws\"]",
      "instances": [
        {
          "schema_version": 0,
          "attributes": {
            "arn": "arn:aws:iam::948766507067:policy/todo-lambda-xray-policy-652oa7ul",
            "attachment_count": 1,
            "description": "Policy for Lambda to write to X-Ray",
            "id": "arn:aws:iam::948766507067:policy/todo-lambda-xray-policy-652oa7ul",
            "name": "todo-lambda-xray-policy-652oa7ul",
            "name_prefix": "",
            "path": "/",
            "policy": "{\"Statement\":[{\"Action\":[\"xray:PutTraceSegments\",\"xray:PutTelemetryRecords\"],\"Effect\":\"Allow\",\"Resource\":\"*\"}],\"Version\":\"2012-10-17\"}",
            "policy_id": "ANPA5ZZXEAA563ZWP2OZX",
            "tags": {},
            "tags_all": {}
          },
          "sensitive_attributes": [],
          "identity_schema_version": 0,
          "private": "bnVsbA==",
          "dependencies": [
            "random_string.suffix"
          ]
        }
      ]
    },
    {
      "mode": "managed",
      "type": "aws_iam_role",
      "name": "ai_extractor_role",
      "provider": "provider[\"registry.terraform.io/hashicorp/aws\"]",
      "instances": [
        {
          "schema_version": 0,
          "attributes": {
            "arn": "arn:aws:iam::948766507067:role/serverless-todo-app-ai-extractor-role",
            "assume_role_policy": "{\"Statement\":[{\"Action\":\"sts:AssumeRole\",\"Effect\":\"Allow\",\"Principal\":{\"Service\":\"lambda.amazonaws.com\"}}],\"Version\":\"2012-10-17\"}",
            "create_date": "2025-07-17T06:37:59Z",
            "description": "",
            "force_detach_policies": false,
            "id": "serverless-todo-app-ai-extractor-role",
            "inline_policy": [
              {
                "name": "serverless-todo-app-ai-extractor-policy",
                "policy": "{\"Version\":\"2012-10-17\",\"Statement\":[{\"Action\":[\"logs:CreateLogGroup\",\"logs:CreateLogStream\",\"logs:PutLogEvents\"],\"Effect\":\"Allow\",\"Resource\":\"arn:aws:logs:us-west-2:948766507067:*\"},{\"Action\":[\"secretsmanager:GetSecretValue\"],\"Effect\":\"Allow\",\"Resource\":[\"arn:aws:secretsmanager:us-west-2:948766507067:secret:serverless-todo-app-gemini-api-key-jS829C\",\"arn:aws:secretsmanager:us-west-2:948766507067:secret:serverless-todo-app-openai-api-key-Gd0tXk\"]}]}"
              }
            ],
            "managed_policy_arns": [
              "arn:aws:iam::aws:policy/service-role/AWSLambdaBasicExecutionRole"
            ],
            "max_session_duration": 3600,
            "name": "serverless-todo-app-ai-extractor-role",
            "name_prefix": "",
            "path": "/",
            "permissions_boundary": "",
            "tags": {
              "Environment": "production",
              "ManagedBy": "terraform",
              "Project": "TaskFlow-AI"
            },
            "tags_all": {
              "Environment": "production",
              "ManagedBy": "terraform",
              "Project": "TaskFlow-AI"
            },
            "unique_id": "AROA5ZZXEAA5VTNV6BLMO"
          },
          "sensitive_attributes": [],
          "identity_schema_version": 0,
          "identity": {
            "account_id": "948766507067",
            "name": "serverless-todo-app-ai-extractor-role"
          },
          "private": "bnVsbA==",
          "create_before_destroy": true
        }
      ]
    },
    {
      "mode": "managed",
      "type": "aws_iam_role",
      "name": "cognito_authenticated_role",
      "provider": "provider[\"registry.terraform.io/hashicorp/aws\"]",
      "instances": [
        {
          "schema_version": 0,
          "attributes": {
            "arn": "arn:aws:iam::948766507067:role/taskflow-cognito-authenticated-role-dev-652oa7ul",
            "assume_role_policy": "{\"Statement\":[{\"Action\":\"sts:AssumeRoleWithWebIdentity\",\"Condition\":{\"ForAnyValue:StringLike\":{\"cognito-identity.amazonaws.com:amr\":\"authenticated\"},\"StringEquals\":{\"cognito-identity.amazonaws.com:aud\":\"us-west-2:e496309f-34f6-4ed1-b21f-67ee23a1865a\"}},\"Effect\":\"Allow\",\"Principal\":{\"Federated\":\"cognito-identity.amazonaws.com\"}}],\"Version\":\"2012-10-17\"}",
            "create_date": "2025-07-17T06:38:02Z",
            "description": "",
            "force_detach_policies": false,
            "id": "taskflow-cognito-authenticated-role-dev-652oa7ul",
            "inline_policy": [],
            "managed_policy_arns": [
              "arn:aws:iam::948766507067:policy/taskflow-cognito-authenticated-policy-652oa7ul"
            ],
            "max_session_duration": 3600,
            "name": "taskflow-cognito-authenticated-role-dev-652oa7ul",
            "name_prefix": "",
            "path": "/",
            "permissions_boundary": "",
            "tags": {
              "Environment": "dev",
              "Name": "TaskFlow-AuthenticatedRole"
            },
            "tags_all": {
              "Environment": "dev",
              "Name": "TaskFlow-AuthenticatedRole"
            },
            "unique_id": "AROA5ZZXEAA5RRXGRQUCE"
          },
          "sensitive_attributes": [],
          "identity_schema_version": 0,
          "identity": {
            "account_id": "948766507067",
            "name": "taskflow-cognito-authenticated-role-dev-652oa7ul"
          },
          "private": "bnVsbA==",
          "dependencies": [
            "aws_cognito_identity_pool.main",
            "aws_cognito_user_pool.main",
            "aws_cognito_user_pool_client.main",
            "random_string.suffix"
          ]
        }
      ]
    },
    {
      "mode": "managed",
      "type": "aws_iam_role",
      "name": "lambda_role",
      "provider": "provider[\"registry.terraform.io/hashicorp/aws\"]",
      "instances": [
        {
          "schema_version": 0,
          "attributes": {
            "arn": "arn:aws:iam::948766507067:role/todo-lambda-role-652oa7ul",
            "assume_role_policy": "{\"Statement\":[{\"Action\":\"sts:AssumeRole\",\"Effect\":\"Allow\",\"Principal\":{\"Service\":\"lambda.amazonaws.com\"}}],\"Version\":\"2012-10-17\"}",
            "create_date": "2025-07-17T06:37:59Z",
            "description": "",
            "force_detach_policies": false,
            "id": "todo-lambda-role-652oa7ul",
            "inline_policy": [],
            "managed_policy_arns": [
              "arn:aws:iam::948766507067:policy/todo-lambda-policy-652oa7ul",
              "arn:aws:iam::948766507067:policy/todo-lambda-xray-policy-652oa7ul"
            ],
            "max_session_duration": 3600,
            "name": "todo-lambda-role-652oa7ul",
            "name_prefix": "",
            "path": "/",
            "permissions_boundary": "",
            "tags": {
              "Environment": "dev",
              "Name": "TodoLambdaRole"
            },
            "tags_all": {
              "Environment": "dev",
              "Name": "TodoLambdaRole"
            },
            "unique_id": "AROA5ZZXEAA52QBS6OBAU"
          },
          "sensitive_attributes": [],
          "identity_schema_version": 0,
          "identity": {
            "account_id": "948766507067",
            "name": "todo-lambda-role-652oa7ul"
          },
          "private": "bnVsbA==",
          "dependencies": [
            "random_string.suffix"
          ],
          "create_before_destroy": true
        }
      ]
    },
    {
      "mode": "managed",
      "type": "aws_iam_role_policy",
      "name": "ai_extractor_policy",
      "provider": "provider[\"registry.terraform.io/hashicorp/aws\"]",
      "instances": [
        {
          "schema_version": 0,
          "attributes": {
            "id": "serverless-todo-app-ai-extractor-role:serverless-todo-app-ai-extractor-policy",
            "name": "serverless-todo-app-ai-extractor-policy",
            "name_prefix": "",
            "policy": "{\"Version\":\"2012-10-17\",\"Statement\":[{\"Action\":[\"logs:CreateLogGroup\",\"logs:CreateLogStream\",\"logs:PutLogEvents\"],\"Effect\":\"Allow\",\"Resource\":\"arn:aws:logs:us-west-2:948766507067:*\"},{\"Action\":[\"secretsmanager:GetSecretValue\"],\"Effect\":\"Allow\",\"Resource\":[\"arn:aws:secretsmanager:us-west-2:948766507067:secret:serverless-todo-app-gemini-api-key-jS829C\",\"arn:aws:secretsmanager:us-west-2:948766507067:secret:serverless-todo-app-openai-api-key-Gd0tXk\"]}]}",
            "role": "serverless-todo-app-ai-extractor-role"
          },
          "sensitive_attributes": [],
          "identity_schema_version": 0,
          "identity": {
            "account_id": "948766507067",
            "name": "serverless-todo-app-ai-extractor-policy",
            "role": "serverless-todo-app-ai-extractor-role"
          },
          "private": "bnVsbA==",
          "dependencies": [
            "aws_iam_role.ai_extractor_role",
            "aws_secretsmanager_secret.gemini_api_key",
            "aws_secretsmanager_secret.openai_api_key",
            "data.aws_caller_identity.current"
          ]
        }
      ]
    },
    {
      "mode": "managed",
      "type": "aws_iam_role_policy_attachment",
      "name": "ai_extractor_policy",
      "provider": "provider[\"registry.terraform.io/hashicorp/aws\"]",
      "instances": [
        {
          "schema_version": 0,
          "attributes": {
            "id": "serverless-todo-app-ai-extractor-role/arn:aws:iam::aws:policy/service-role/AWSLambdaBasicExecutionRole",
            "policy_arn": "arn:aws:iam::aws:policy/service-role/AWSLambdaBasicExecutionRole",
            "role": "serverless-todo-app-ai-extractor-role"
          },
          "sensitive_attributes": [],
          "identity_schema_version": 0,
          "identity": {
            "account_id": "948766507067",
            "policy_arn": "arn:aws:iam::aws:policy/service-role/AWSLambdaBasicExecutionRole",
            "role": "serverless-todo-app-ai-extractor-role"
          },
          "private": "bnVsbA==",
          "dependencies": [
            "aws_iam_role.ai_extractor_role"
          ],
          "create_before_destroy": true
        }
      ]
    },
    {
      "mode": "managed",
      "type": "aws_iam_role_policy_attachment",
      "name": "cognito_authenticated_policy_attachment",
      "provider": "provider[\"registry.terraform.io/hashicorp/aws\"]",
      "instances": [
        {
          "schema_version": 0,
          "attributes": {
            "id": "taskflow-cognito-authenticated-role-dev-652oa7ul/arn:aws:iam::948766507067:policy/taskflow-cognito-authenticated-policy-652oa7ul",
            "policy_arn": "arn:aws:iam::948766507067:policy/taskflow-cognito-authenticated-policy-652oa7ul",
            "role": "taskflow-cognito-authenticated-role-dev-652oa7ul"
          },
          "sensitive_attributes": [],
          "identity_schema_version": 0,
          "identity": {
            "account_id": "948766507067",
            "policy_arn": "arn:aws:iam::948766507067:policy/taskflow-cognito-authenticated-policy-652oa7ul",
            "role": "taskflow-cognito-authenticated-role-dev-652oa7ul"
          },
          "private": "bnVsbA==",
          "dependencies": [
            "aws_api_gateway_rest_api.todos_api",
            "aws_cognito_identity_pool.main",
            "aws_cognito_user_pool.main",
            "aws_cognito_user_pool_client.main",
            "aws_iam_policy.cognito_authenticated_policy",
            "aws_iam_role.cognito_authenticated_role",
            "random_string.suffix"
          ]
        }
      ]
    },
    {
      "mode": "managed",
      "type": "aws_iam_role_policy_attachment",
      "name": "lambda_policy_attachment",
      "provider": "provider[\"registry.terraform.io/hashicorp/aws\"]",
      "instances": [
        {
          "schema_version": 0,
          "attributes": {
            "id": "todo-lambda-role-652oa7ul/arn:aws:iam::948766507067:policy/todo-lambda-policy-652oa7ul",
            "policy_arn": "arn:aws:iam::948766507067:policy/todo-lambda-policy-652oa7ul",
            "role": "todo-lambda-role-652oa7ul"
          },
          "sensitive_attributes": [],
          "identity_schema_version": 0,
          "identity": {
            "account_id": "948766507067",
            "policy_arn": "arn:aws:iam::948766507067:policy/todo-lambda-policy-652oa7ul",
            "role": "todo-lambda-role-652oa7ul"
          },
          "private": "bnVsbA==",
          "dependencies": [
            "aws_dynamodb_table.todos",
            "aws_iam_policy.lambda_policy",
            "aws_iam_role.lambda_role",
            "random_string.suffix"
          ]
        }
      ]
    },
    {
      "mode": "managed",
      "type": "aws_iam_role_policy_attachment",
      "name": "lambda_xray_attach",
      "provider": "provider[\"registry.terraform.io/hashicorp/aws\"]",
      "instances": [
        {
          "schema_version": 0,
          "attributes": {
            "id": "todo-lambda-role-652oa7ul/arn:aws:iam::948766507067:policy/todo-lambda-xray-policy-652oa7ul",
            "policy_arn": "arn:aws:iam::948766507067:policy/todo-lambda-xray-policy-652oa7ul",
            "role": "todo-lambda-role-652oa7ul"
          },
          "sensitive_attributes": [],
          "identity_schema_version": 0,
          "identity": {
            "account_id": "948766507067",
            "policy_arn": "arn:aws:iam::948766507067:policy/todo-lambda-xray-policy-652oa7ul",
            "role": "todo-lambda-role-652oa7ul"
          },
          "private": "bnVsbA==",
          "dependencies": [
            "aws_iam_policy.lambda_xray_policy",
            "aws_iam_role.lambda_role",
            "random_string.suffix"
          ]
        }
      ]
    },
    {
      "mode": "managed",
      "type": "aws_lambda_function",
      "name": "ai_extractor",
      "provider": "provider[\"registry.terraform.io/hashicorp/aws\"]",
      "instances": [
        {
          "schema_version": 0,
          "attributes": {
            "architectures": [
              "x86_64"
            ],
            "arn": "arn:aws:lambda:us-west-2:948766507067:function:serverless-todo-app-ai-extractor",
            "code_sha256": "XetkIt+W7kRYzIvE9/rm5nr/eZD/sH6BOHmVSHUUzv4=",
            "code_signing_config_arn": "",
            "dead_letter_config": [],
            "description": "",
            "environment": [
              {
                "variables": {
                  "GEMINI_API_KEY": "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",
                  "GEMINI_API_KEY_SECRET_NAME": "serverless-todo-app-gemini-api-key",
                  "OPENAI_API_KEY": "",
                  "OPENAI_API_KEY_SECRET_NAME": "serverless-todo-app-openai-api-key"
                }
              }
            ],
            "ephemeral_storage": [
              {
                "size": 512
              }
            ],
            "file_system_config": [],
            "filename": "./lambda/ai_extractor.zip",
            "function_name": "serverless-todo-app-ai-extractor",
            "handler": "index.handler",
            "id": "serverless-todo-app-ai-extractor",
            "image_config": [],
            "image_uri": "",
            "invoke_arn": "arn:aws:apigateway:us-west-2:lambda:path/2015-03-31/functions/arn:aws:lambda:us-west-2:948766507067:function:serverless-todo-app-ai-extractor/invocations",
            "kms_key_arn": "",
            "last_modified": "2025-07-17T06:50:58.027+0000",
            "layers": [],
            "logging_config": [
              {
                "application_log_level": "",
                "log_format": "Text",
                "log_group": "/aws/lambda/serverless-todo-app-ai-extractor",
                "system_log_level": ""
              }
            ],
            "memory_size": 512,
            "package_type": "Zip",
            "publish": false,
            "qualified_arn": "arn:aws:lambda:us-west-2:948766507067:function:serverless-todo-app-ai-extractor:$LATEST",
            "qualified_invoke_arn": "arn:aws:apigateway:us-west-2:lambda:path/2015-03-31/functions/arn:aws:lambda:us-west-2:948766507067:function:serverless-todo-app-ai-extractor:$LATEST/invocations",
            "region": "us-west-2",
            "replace_security_groups_on_destroy": null,
            "replacement_security_group_ids": null,
            "reserved_concurrent_executions": -1,
            "role": "arn:aws:iam::948766507067:role/serverless-todo-app-ai-extractor-role",
            "runtime": "python3.11",
            "s3_bucket": null,
            "s3_key": null,
            "s3_object_version": null,
            "signing_job_arn": "",
            "signing_profile_version_arn": "",
            "skip_destroy": false,
            "snap_start": [],
            "source_code_hash": "XetkIt+W7kRYzIvE9/rm5nr/eZD/sH6BOHmVSHUUzv4=",
            "source_code_size": 14327135,
            "tags": {
              "Environment": "production",
              "ManagedBy": "terraform",
              "Project": "TaskFlow-AI"
            },
            "tags_all": {
              "Environment": "production",
              "ManagedBy": "terraform",
              "Project": "TaskFlow-AI"
            },
            "timeout": 30,
            "timeouts": null,
            "tracing_config": [
              {
                "mode": "PassThrough"
              }
            ],
            "version": "$LATEST",
            "vpc_config": []
          },
          "sensitive_attributes": [
            [
              {
                "type": "get_attr",
                "value": "environment"
              },
              {
                "type": "index",
                "value": {
                  "value": 0,
                  "type": "number"
                }
              },
              {
                "type": "get_attr",
                "value": "variables"
              },
              {
                "type": "index",
                "value": {
                  "value": "OPENAI_API_KEY",
                  "type": "string"
                }
              }
            ]
          ],
          "identity_schema_version": 0,
          "private": "eyJlMmJmYjczMC1lY2FhLTExZTYtOGY4OC0zNDM2M2JjN2M0YzAiOnsiY3JlYXRlIjo2MDAwMDAwMDAwMDAsImRlbGV0ZSI6NjAwMDAwMDAwMDAwLCJ1cGRhdGUiOjYwMDAwMDAwMDAwMH19",
          "dependencies": [
            "aws_cloudwatch_log_group.ai_extractor",
            "aws_iam_role.ai_extractor_role",
            "aws_iam_role_policy_attachment.ai_extractor_policy",
            "aws_secretsmanager_secret.gemini_api_key",
            "aws_secretsmanager_secret.openai_api_key",
            "data.archive_file.ai_extractor_zip"
          ],
          "create_before_destroy": true
        }
      ]
    },
    {
      "mode": "managed",
      "type": "aws_lambda_function",
      "name": "todos_handler",
      "provider": "provider[\"registry.terraform.io/hashicorp/aws\"]",
      "instances": [
        {
          "schema_version": 0,
          "attributes": {
            "architectures": [
              "x86_64"
            ],
            "arn": "arn:aws:lambda:us-west-2:948766507067:function:serverless-todo-app-todos-handler",
            "code_sha256": "L3U9amjJTBenVGOe2tw8QiQRyzxZ6S2+x9Ky+eK5TnQ=",
            "code_signing_config_arn": "",
            "dead_letter_config": [],
            "description": "",
            "environment": [
              {
                "variables": {
                  "DYNAMODB_TABLE": "todos-table"
                }
              }
            ],
            "ephemeral_storage": [
              {
                "size": 512
              }
            ],
            "file_system_config": [],
            "filename": "./lambda_function.zip",
            "function_name": "serverless-todo-app-todos-handler",
            "handler": "index.handler",
            "id": "serverless-todo-app-todos-handler",
            "image_config": [],
            "image_uri": "",
            "invoke_arn": "arn:aws:apigateway:us-west-2:lambda:path/2015-03-31/functions/arn:aws:lambda:us-west-2:948766507067:function:serverless-todo-app-todos-handler/invocations",
            "kms_key_arn": "",
            "last_modified": "2025-07-17T06:38:08.823+0000",
            "layers": [],
            "logging_config": [
              {
                "application_log_level": "",
                "log_format": "Text",
                "log_group": "/aws/lambda/serverless-todo-app-todos-handler",
                "system_log_level": ""
              }
            ],
            "memory_size": 128,
            "package_type": "Zip",
            "publish": false,
            "qualified_arn": "arn:aws:lambda:us-west-2:948766507067:function:serverless-todo-app-todos-handler:$LATEST",
            "qualified_invoke_arn": "arn:aws:apigateway:us-west-2:lambda:path/2015-03-31/functions/arn:aws:lambda:us-west-2:948766507067:function:serverless-todo-app-todos-handler:$LATEST/invocations",
            "region": "us-west-2",
            "replace_security_groups_on_destroy": null,
            "replacement_security_group_ids": null,
            "reserved_concurrent_executions": -1,
            "role": "arn:aws:iam::948766507067:role/todo-lambda-role-652oa7ul",
            "runtime": "python3.11",
            "s3_bucket": null,
            "s3_key": null,
            "s3_object_version": null,
            "signing_job_arn": "",
            "signing_profile_version_arn": "",
            "skip_destroy": false,
            "snap_start": [],
            "source_code_hash": "L3U9amjJTBenVGOe2tw8QiQRyzxZ6S2+x9Ky+eK5TnQ=",
            "source_code_size": 2595,
            "tags": {
              "Environment": "dev",
              "Name": "TodosLambda"
            },
            "tags_all": {
              "Environment": "dev",
              "Name": "TodosLambda"
            },
            "timeout": 30,
            "timeouts": null,
            "tracing_config": [
              {
                "mode": "PassThrough"
              }
            ],
            "version": "$LATEST",
            "vpc_config": []
          },
          "sensitive_attributes": [],
          "identity_schema_version": 0,
          "private": "eyJlMmJmYjczMC1lY2FhLTExZTYtOGY4OC0zNDM2M2JjN2M0YzAiOnsiY3JlYXRlIjo2MDAwMDAwMDAwMDAsImRlbGV0ZSI6NjAwMDAwMDAwMDAwLCJ1cGRhdGUiOjYwMDAwMDAwMDAwMH19",
          "dependencies": [
            "aws_dynamodb_table.todos",
            "aws_iam_role.lambda_role",
            "data.archive_file.lambda_zip",
            "random_string.suffix"
          ],
          "create_before_destroy": true
        }
      ]
    },
    {
      "mode": "managed",
      "type": "aws_lambda_function",
      "name": "todos_handler_with_xray",
      "provider": "provider[\"registry.terraform.io/hashicorp/aws\"]",
      "instances": [
        {
          "schema_version": 0,
          "attributes": {
            "architectures": [
              "x86_64"
            ],
            "arn": "arn:aws:lambda:us-west-2:948766507067:function:todo-handler-xray",
            "code_sha256": "L3U9amjJTBenVGOe2tw8QiQRyzxZ6S2+x9Ky+eK5TnQ=",
            "code_signing_config_arn": "",
            "dead_letter_config": [],
            "description": "",
            "environment": [
              {
                "variables": {
                  "COGNITO_USER_POOL_ID": "us-west-2_O03algceZ",
                  "DYNAMODB_TABLE": "todos-table"
                }
              }
            ],
            "ephemeral_storage": [
              {
                "size": 512
              }
            ],
            "file_system_config": [],
            "filename": "./lambda_function.zip",
            "function_name": "todo-handler-xray",
            "handler": "index.handler",
            "id": "todo-handler-xray",
            "image_config": [],
            "image_uri": "",
            "invoke_arn": "arn:aws:apigateway:us-west-2:lambda:path/2015-03-31/functions/arn:aws:lambda:us-west-2:948766507067:function:todo-handler-xray/invocations",
            "kms_key_arn": "",
            "last_modified": "2025-07-17T06:38:15.733+0000",
            "layers": [],
            "logging_config": [
              {
                "application_log_level": "",
                "log_format": "Text",
                "log_group": "/aws/lambda/todo-handler-xray",
                "system_log_level": ""
              }
            ],
            "memory_size": 128,
            "package_type": "Zip",
            "publish": false,
            "qualified_arn": "arn:aws:lambda:us-west-2:948766507067:function:todo-handler-xray:$LATEST",
            "qualified_invoke_arn": "arn:aws:apigateway:us-west-2:lambda:path/2015-03-31/functions/arn:aws:lambda:us-west-2:948766507067:function:todo-handler-xray:$LATEST/invocations",
            "region": "us-west-2",
            "replace_security_groups_on_destroy": null,
            "replacement_security_group_ids": null,
            "reserved_concurrent_executions": -1,
            "role": "arn:aws:iam::948766507067:role/todo-lambda-role-652oa7ul",
            "runtime": "python3.9",
            "s3_bucket": null,
            "s3_key": null,
            "s3_object_version": null,
            "signing_job_arn": "",
            "signing_profile_version_arn": "",
            "skip_destroy": false,
            "snap_start": [],
            "source_code_hash": "L3U9amjJTBenVGOe2tw8QiQRyzxZ6S2+x9Ky+eK5TnQ=",
            "source_code_size": 2595,
            "tags": {
              "Environment": "dev",
              "Name": "TodosLambdaFunctionWithXRay"
            },
            "tags_all": {
              "Environment": "dev",
              "Name": "TodosLambdaFunctionWithXRay"
            },
            "timeout": 30,
            "timeouts": null,
            "tracing_config": [
              {
                "mode": "Active"
              }
            ],
            "version": "$LATEST",
            "vpc_config": []
          },
          "sensitive_attributes": [],
          "identity_schema_version": 0,
          "private": "eyJlMmJmYjczMC1lY2FhLTExZTYtOGY4OC0zNDM2M2JjN2M0YzAiOnsiY3JlYXRlIjo2MDAwMDAwMDAwMDAsImRlbGV0ZSI6NjAwMDAwMDAwMDAwLCJ1cGRhdGUiOjYwMDAwMDAwMDAwMH19",
          "dependencies": [
            "aws_cognito_user_pool.main",
            "aws_dynamodb_table.todos",
            "aws_iam_policy.lambda_xray_policy",
            "aws_iam_role.lambda_role",
            "aws_iam_role_policy_attachment.lambda_xray_attach",
            "data.archive_file.lambda_zip",
            "random_string.suffix"
          ]
        }
      ]
    },
    {
      "mode": "managed",
      "type": "aws_lambda_permission",
      "name": "ai_extractor_api_gateway",
      "provider": "provider[\"registry.terraform.io/hashicorp/aws\"]",
      "instances": [
        {
          "schema_version": 0,
          "attributes": {
            "action": "lambda:InvokeFunction",
            "event_source_token": null,
            "function_name": "serverless-todo-app-ai-extractor",
            "function_url_auth_type": null,
            "id": "AllowExecutionFromAPIGateway",
            "principal": "apigateway.amazonaws.com",
            "principal_org_id": null,
            "qualifier": "",
            "region": "us-west-2",
            "source_account": null,
            "source_arn": "arn:aws:execute-api:us-west-2:948766507067:u6oyhg01y0/*/*",
            "statement_id": "AllowExecutionFromAPIGateway",
            "statement_id_prefix": ""
          },
          "sensitive_attributes": [],
          "identity_schema_version": 0,
          "private": "bnVsbA==",
          "dependencies": [
            "aws_api_gateway_rest_api.todos_api",
            "aws_cloudwatch_log_group.ai_extractor",
            "aws_iam_role.ai_extractor_role",
            "aws_iam_role_policy_attachment.ai_extractor_policy",
            "aws_lambda_function.ai_extractor",
            "aws_secretsmanager_secret.gemini_api_key",
            "aws_secretsmanager_secret.openai_api_key",
            "data.archive_file.ai_extractor_zip"
          ]
        }
      ]
    },
    {
      "mode": "managed",
      "type": "aws_lambda_permission",
      "name": "allow_api_gateway",
      "provider": "provider[\"registry.terraform.io/hashicorp/aws\"]",
      "instances": [
        {
          "schema_version": 0,
          "attributes": {
            "action": "lambda:InvokeFunction",
            "event_source_token": null,
            "function_name": "serverless-todo-app-todos-handler",
            "function_url_auth_type": null,
            "id": "AllowExecutionFromAPIGateway",
            "principal": "apigateway.amazonaws.com",
            "principal_org_id": null,
            "qualifier": "",
            "region": "us-west-2",
            "source_account": null,
            "source_arn": "arn:aws:execute-api:us-west-2:948766507067:u6oyhg01y0/*/*",
            "statement_id": "AllowExecutionFromAPIGateway",
            "statement_id_prefix": ""
          },
          "sensitive_attributes": [],
          "identity_schema_version": 0,
          "private": "bnVsbA==",
          "dependencies": [
            "aws_api_gateway_rest_api.todos_api",
            "aws_dynamodb_table.todos",
            "aws_iam_role.lambda_role",
            "aws_lambda_function.todos_handler",
            "data.archive_file.lambda_zip",
            "random_string.suffix"
          ]
        }
      ]
    },
    {
      "mode": "managed",
      "type": "aws_s3_bucket",
      "name": "frontend_bucket",
      "provider": "provider[\"registry.terraform.io/hashicorp/aws\"]",
      "instances": [
        {
          "schema_version": 0,
          "attributes": {
            "acceleration_status": "",
            "acl": null,
            "arn": "arn:aws:s3:::serverless-todo-app-frontend-05b9pypq",
            "bucket": "serverless-todo-app-frontend-05b9pypq",
            "bucket_domain_name": "serverless-todo-app-frontend-05b9pypq.s3.amazonaws.com",
            "bucket_prefix": "",
            "bucket_region": "us-west-2",
            "bucket_regional_domain_name": "serverless-todo-app-frontend-05b9pypq.s3.us-west-2.amazonaws.com",
            "cors_rule": [],
            "force_destroy": true,
            "grant": [
              {
                "id": "3280fc6b2ac743fa2a7ab679ef13601f578f89ca227ddd8ef5233849d745cd6d",
                "permissions": [
                  "FULL_CONTROL"
                ],
                "type": "CanonicalUser",
                "uri": ""
              }
            ],
            "hosted_zone_id": "Z3BJ6K6RIION7M",
            "id": "serverless-todo-app-frontend-05b9pypq",
            "lifecycle_rule": [],
            "logging": [],
            "object_lock_configuration": [],
            "object_lock_enabled": false,
            "policy": "{\"Statement\":[{\"Action\":\"s3:GetObject\",\"Condition\":{\"StringEquals\":{\"AWS:SourceArn\":\"arn:aws:cloudfront::948766507067:distribution/E30XGYGCHLAHX1\"}},\"Effect\":\"Allow\",\"Principal\":{\"Service\":\"cloudfront.amazonaws.com\"},\"Resource\":\"arn:aws:s3:::serverless-todo-app-frontend-05b9pypq/*\",\"Sid\":\"AllowCloudFrontServicePrincipal\"}],\"Version\":\"2012-10-17\"}",
            "region": "us-west-2",
            "replication_configuration": [],
            "request_payer": "BucketOwner",
            "server_side_encryption_configuration": [
              {
                "rule": [
                  {
                    "apply_server_side_encryption_by_default": [
                      {
                        "kms_master_key_id": "",
                        "sse_algorithm": "AES256"
                      }
                    ],
                    "bucket_key_enabled": false
                  }
                ]
              }
            ],
            "tags": {
              "Environment": "dev",
              "Name": "FrontendBucket",
              "Owner": "DevOps Team",
              "Project": "ServerlessTodoApp",
              "Purpose": "Capstone Project"
            },
            "tags_all": {
              "Environment": "dev",
              "Name": "FrontendBucket",
              "Owner": "DevOps Team",
              "Project": "ServerlessTodoApp",
              "Purpose": "Capstone Project"
            },
            "timeouts": null,
            "versioning": [
              {
                "enabled": false,
                "mfa_delete": false
              }
            ],
            "website": [
              {
                "error_document": "index.html",
                "index_document": "index.html",
                "redirect_all_requests_to": "",
                "routing_rules": ""
              }
            ],
            "website_domain": "s3-website-us-west-2.amazonaws.com",
            "website_endpoint": "serverless-todo-app-frontend-05b9pypq.s3-website-us-west-2.amazonaws.com"
          },
          "sensitive_attributes": [],
          "identity_schema_version": 0,
          "identity": {
            "account_id": "948766507067",
            "bucket": "serverless-todo-app-frontend-05b9pypq",
            "region": "us-west-2"
          },
          "private": "eyJlMmJmYjczMC1lY2FhLTExZTYtOGY4OC0zNDM2M2JjN2M0YzAiOnsiY3JlYXRlIjoxMjAwMDAwMDAwMDAwLCJkZWxldGUiOjM2MDAwMDAwMDAwMDAsInJlYWQiOjEyMDAwMDAwMDAwMDAsInVwZGF0ZSI6MTIwMDAwMDAwMDAwMH19",
          "dependencies": [
            "random_string.bucket_suffix"
          ]
        }
      ]
    },
    {
      "mode": "managed",
      "type": "aws_s3_bucket_policy",
      "name": "frontend_bucket_policy",
      "provider": "provider[\"registry.terraform.io/hashicorp/aws\"]",
      "instances": [
        {
          "schema_version": 0,
          "attributes": {
            "bucket": "serverless-todo-app-frontend-05b9pypq",
            "id": "serverless-todo-app-frontend-05b9pypq",
            "policy": "{\"Statement\":[{\"Action\":\"s3:GetObject\",\"Condition\":{\"StringEquals\":{\"AWS:SourceArn\":\"arn:aws:cloudfront::948766507067:distribution/E30XGYGCHLAHX1\"}},\"Effect\":\"Allow\",\"Principal\":{\"Service\":\"cloudfront.amazonaws.com\"},\"Resource\":\"arn:aws:s3:::serverless-todo-app-frontend-05b9pypq/*\",\"Sid\":\"AllowCloudFrontServicePrincipal\"}],\"Version\":\"2012-10-17\"}",
            "region": "us-west-2"
          },
          "sensitive_attributes": [],
          "identity_schema_version": 0,
          "private": "bnVsbA==",
          "dependencies": [
            "aws_cloudfront_distribution.frontend_distribution",
            "aws_cloudfront_origin_access_control.frontend_oac",
            "aws_s3_bucket.frontend_bucket",
            "aws_s3_bucket_public_access_block.frontend_bucket_pab",
            "random_string.bucket_suffix"
          ]
        }
      ]
    },
    {
      "mode": "managed",
      "type": "aws_s3_bucket_public_access_block",
      "name": "frontend_bucket_pab",
      "provider": "provider[\"registry.terraform.io/hashicorp/aws\"]",
      "instances": [
        {
          "schema_version": 0,
          "attributes": {
            "block_public_acls": false,
            "block_public_policy": false,
            "bucket": "serverless-todo-app-frontend-05b9pypq",
            "id": "serverless-todo-app-frontend-05b9pypq",
            "ignore_public_acls": false,
            "region": "us-west-2",
            "restrict_public_buckets": false
          },
          "sensitive_attributes": [],
          "identity_schema_version": 0,
          "private": "bnVsbA==",
          "dependencies": [
            "aws_s3_bucket.frontend_bucket",
            "random_string.bucket_suffix"
          ]
        }
      ]
    },
    {
      "mode": "managed",
      "type": "aws_s3_bucket_website_configuration",
      "name": "frontend_bucket_website",
      "provider": "provider[\"registry.terraform.io/hashicorp/aws\"]",
      "instances": [
        {
          "schema_version": 0,
          "attributes": {
            "bucket": "serverless-todo-app-frontend-05b9pypq",
            "error_document": [
              {
                "key": "index.html"
              }
            ],
            "expected_bucket_owner": "",
            "id": "serverless-todo-app-frontend-05b9pypq",
            "index_document": [
              {
                "suffix": "index.html"
              }
            ],
            "redirect_all_requests_to": [],
            "region": "us-west-2",
            "routing_rule": [],
            "routing_rules": "",
            "website_domain": "s3-website-us-west-2.amazonaws.com",
            "website_endpoint": "serverless-todo-app-frontend-05b9pypq.s3-website-us-west-2.amazonaws.com"
          },
          "sensitive_attributes": [],
          "identity_schema_version": 0,
          "private": "bnVsbA==",
          "dependencies": [
            "aws_s3_bucket.frontend_bucket",
            "random_string.bucket_suffix"
          ]
        }
      ]
    },
    {
      "mode": "managed",
      "type": "aws_s3_object",
      "name": "frontend_files",
      "provider": "provider[\"registry.terraform.io/hashicorp/aws\"]",
      "instances": [
        {
          "index_key": "OPTIMIZATION_REPORT.md",
          "schema_version": 0,
          "attributes": {
            "acl": null,
            "arn": "arn:aws:s3:::serverless-todo-app-frontend-05b9pypq/OPTIMIZATION_REPORT.md",
            "bucket": "serverless-todo-app-frontend-05b9pypq",
            "bucket_key_enabled": false,
            "cache_control": "",
            "checksum_algorithm": null,
            "checksum_crc32": "",
            "checksum_crc32c": "",
            "checksum_crc64nvme": "",
            "checksum_sha1": "",
            "checksum_sha256": "",
            "content": null,
            "content_base64": null,
            "content_disposition": "",
            "content_encoding": "",
            "content_language": "",
            "content_type": "binary/octet-stream",
            "etag": "a61e6be87ff5e476e0f2d49759fbd624",
            "force_destroy": false,
            "id": "serverless-todo-app-frontend-05b9pypq/OPTIMIZATION_REPORT.md",
            "key": "OPTIMIZATION_REPORT.md",
            "kms_key_id": null,
            "metadata": {},
            "object_lock_legal_hold_status": "",
            "object_lock_mode": "",
            "object_lock_retain_until_date": "",
            "override_provider": [],
            "region": "us-west-2",
            "server_side_encryption": "AES256",
            "source": "./../frontend/OPTIMIZATION_REPORT.md",
            "source_hash": null,
            "storage_class": "STANDARD",
            "tags": {},
            "tags_all": {},
            "version_id": "",
            "website_redirect": ""
          },
          "sensitive_attributes": [],
          "identity_schema_version": 0,
          "identity": {
            "account_id": "948766507067",
            "bucket": "serverless-todo-app-frontend-05b9pypq",
            "key": "OPTIMIZATION_REPORT.md",
            "region": "us-west-2"
          },
          "private": "bnVsbA==",
          "dependencies": [
            "aws_api_gateway_authorizer.cognito_authorizer",
            "aws_api_gateway_deployment.todos_deployment",
            "aws_api_gateway_integration.ai_extract_integration",
            "aws_api_gateway_integration.ai_extract_options_integration",
            "aws_api_gateway_integration.delete_todo_integration",
            "aws_api_gateway_integration.get_todos_integration",
            "aws_api_gateway_integration.options_todo_item_integration",
            "aws_api_gateway_integration.options_todos_integration",
            "aws_api_gateway_integration.post_todos_integration",
            "aws_api_gateway_integration.put_todo_integration",
            "aws_api_gateway_method.ai_extract_options",
            "aws_api_gateway_method.ai_extract_post",
            "aws_api_gateway_method.delete_todo",
            "aws_api_gateway_method.get_todos",
            "aws_api_gateway_method.options_todo_item",
            "aws_api_gateway_method.options_todos",
            "aws_api_gateway_method.post_todos",
            "aws_api_gateway_method.put_todo",
            "aws_api_gateway_resource.ai_extract_resource",
            "aws_api_gateway_resource.ai_resource",
            "aws_api_gateway_resource.todo_item_resource",
            "aws_api_gateway_resource.todos_resource",
            "aws_api_gateway_rest_api.todos_api",
            "aws_api_gateway_stage.todos_stage",
            "aws_cloudwatch_log_group.ai_extractor",
            "aws_cognito_user_pool.main",
            "aws_cognito_user_pool_client.main",
            "aws_dynamodb_table.todos",
            "aws_iam_role.ai_extractor_role",
            "aws_iam_role.lambda_role",
            "aws_iam_role_policy_attachment.ai_extractor_policy",
            "aws_lambda_function.ai_extractor",
            "aws_lambda_function.todos_handler",
            "aws_s3_bucket.frontend_bucket",
            "aws_secretsmanager_secret.gemini_api_key",
            "aws_secretsmanager_secret.openai_api_key",
            "data.archive_file.ai_extractor_zip",
            "data.archive_file.lambda_zip",
            "local_file.frontend_config",
            "random_string.bucket_suffix",
            "random_string.suffix"
          ]
        },
        {
          "index_key": "README.md",
          "schema_version": 0,
          "attributes": {
            "acl": null,
            "arn": "arn:aws:s3:::serverless-todo-app-frontend-05b9pypq/README.md",
            "bucket": "serverless-todo-app-frontend-05b9pypq",
            "bucket_key_enabled": false,
            "cache_control": "",
            "checksum_algorithm": null,
            "checksum_crc32": "",
            "checksum_crc32c": "",
            "checksum_crc64nvme": "",
            "checksum_sha1": "",
            "checksum_sha256": "",
            "content": null,
            "content_base64": null,
            "content_disposition": "",
            "content_encoding": "",
            "content_language": "",
            "content_type": "binary/octet-stream",
            "etag": "efa7f17a670ab4f59772ecb82de3ddb0",
            "force_destroy": false,
            "id": "serverless-todo-app-frontend-05b9pypq/README.md",
            "key": "README.md",
            "kms_key_id": null,
            "metadata": {},
            "object_lock_legal_hold_status": "",
            "object_lock_mode": "",
            "object_lock_retain_until_date": "",
            "override_provider": [],
            "region": "us-west-2",
            "server_side_encryption": "AES256",
            "source": "./../frontend/README.md",
            "source_hash": null,
            "storage_class": "STANDARD",
            "tags": {},
            "tags_all": {},
            "version_id": "",
            "website_redirect": ""
          },
          "sensitive_attributes": [],
          "identity_schema_version": 0,
          "identity": {
            "account_id": "948766507067",
            "bucket": "serverless-todo-app-frontend-05b9pypq",
            "key": "README.md",
            "region": "us-west-2"
          },
          "private": "bnVsbA==",
          "dependencies": [
            "aws_api_gateway_authorizer.cognito_authorizer",
            "aws_api_gateway_deployment.todos_deployment",
            "aws_api_gateway_integration.ai_extract_integration",
            "aws_api_gateway_integration.ai_extract_options_integration",
            "aws_api_gateway_integration.delete_todo_integration",
            "aws_api_gateway_integration.get_todos_integration",
            "aws_api_gateway_integration.options_todo_item_integration",
            "aws_api_gateway_integration.options_todos_integration",
            "aws_api_gateway_integration.post_todos_integration",
            "aws_api_gateway_integration.put_todo_integration",
            "aws_api_gateway_method.ai_extract_options",
            "aws_api_gateway_method.ai_extract_post",
            "aws_api_gateway_method.delete_todo",
            "aws_api_gateway_method.get_todos",
            "aws_api_gateway_method.options_todo_item",
            "aws_api_gateway_method.options_todos",
            "aws_api_gateway_method.post_todos",
            "aws_api_gateway_method.put_todo",
            "aws_api_gateway_resource.ai_extract_resource",
            "aws_api_gateway_resource.ai_resource",
            "aws_api_gateway_resource.todo_item_resource",
            "aws_api_gateway_resource.todos_resource",
            "aws_api_gateway_rest_api.todos_api",
            "aws_api_gateway_stage.todos_stage",
            "aws_cloudwatch_log_group.ai_extractor",
            "aws_cognito_user_pool.main",
            "aws_cognito_user_pool_client.main",
            "aws_dynamodb_table.todos",
            "aws_iam_role.ai_extractor_role",
            "aws_iam_role.lambda_role",
            "aws_iam_role_policy_attachment.ai_extractor_policy",
            "aws_lambda_function.ai_extractor",
            "aws_lambda_function.todos_handler",
            "aws_s3_bucket.frontend_bucket",
            "aws_secretsmanager_secret.gemini_api_key",
            "aws_secretsmanager_secret.openai_api_key",
            "data.archive_file.ai_extractor_zip",
            "data.archive_file.lambda_zip",
            "local_file.frontend_config",
            "random_string.bucket_suffix",
            "random_string.suffix"
          ]
        },
        {
          "index_key": "app-ai-enhanced.js",
          "schema_version": 0,
          "attributes": {
            "acl": null,
            "arn": "arn:aws:s3:::serverless-todo-app-frontend-05b9pypq/app-ai-enhanced.js",
            "bucket": "serverless-todo-app-frontend-05b9pypq",
            "bucket_key_enabled": false,
            "cache_control": "",
            "checksum_algorithm": null,
            "checksum_crc32": "",
            "checksum_crc32c": "",
            "checksum_crc64nvme": "",
            "checksum_sha1": "",
            "checksum_sha256": "",
            "content": null,
            "content_base64": null,
            "content_disposition": "",
            "content_encoding": "",
            "content_language": "",
            "content_type": "application/javascript",
            "etag": "1ef9374bae33aa8080244f25caa870d4",
            "force_destroy": false,
            "id": "serverless-todo-app-frontend-05b9pypq/app-ai-enhanced.js",
            "key": "app-ai-enhanced.js",
            "kms_key_id": null,
            "metadata": {},
            "object_lock_legal_hold_status": "",
            "object_lock_mode": "",
            "object_lock_retain_until_date": "",
            "override_provider": [],
            "region": "us-west-2",
            "server_side_encryption": "AES256",
            "source": "./../frontend/app-ai-enhanced.js",
            "source_hash": null,
            "storage_class": "STANDARD",
            "tags": {},
            "tags_all": {},
            "version_id": "",
            "website_redirect": ""
          },
          "sensitive_attributes": [],
          "identity_schema_version": 0,
          "identity": {
            "account_id": "948766507067",
            "bucket": "serverless-todo-app-frontend-05b9pypq",
            "key": "app-ai-enhanced.js",
            "region": "us-west-2"
          },
          "private": "bnVsbA==",
          "dependencies": [
            "aws_api_gateway_authorizer.cognito_authorizer",
            "aws_api_gateway_deployment.todos_deployment",
            "aws_api_gateway_integration.ai_extract_integration",
            "aws_api_gateway_integration.ai_extract_options_integration",
            "aws_api_gateway_integration.delete_todo_integration",
            "aws_api_gateway_integration.get_todos_integration",
            "aws_api_gateway_integration.options_todo_item_integration",
            "aws_api_gateway_integration.options_todos_integration",
            "aws_api_gateway_integration.post_todos_integration",
            "aws_api_gateway_integration.put_todo_integration",
            "aws_api_gateway_method.ai_extract_options",
            "aws_api_gateway_method.ai_extract_post",
            "aws_api_gateway_method.delete_todo",
            "aws_api_gateway_method.get_todos",
            "aws_api_gateway_method.options_todo_item",
            "aws_api_gateway_method.options_todos",
            "aws_api_gateway_method.post_todos",
            "aws_api_gateway_method.put_todo",
            "aws_api_gateway_resource.ai_extract_resource",
            "aws_api_gateway_resource.ai_resource",
            "aws_api_gateway_resource.todo_item_resource",
            "aws_api_gateway_resource.todos_resource",
            "aws_api_gateway_rest_api.todos_api",
            "aws_api_gateway_stage.todos_stage",
            "aws_cloudwatch_log_group.ai_extractor",
            "aws_cognito_user_pool.main",
            "aws_cognito_user_pool_client.main",
            "aws_dynamodb_table.todos",
            "aws_iam_role.ai_extractor_role",
            "aws_iam_role.lambda_role",
            "aws_iam_role_policy_attachment.ai_extractor_policy",
            "aws_lambda_function.ai_extractor",
            "aws_lambda_function.todos_handler",
            "aws_s3_bucket.frontend_bucket",
            "aws_secretsmanager_secret.gemini_api_key",
            "aws_secretsmanager_secret.openai_api_key",
            "data.archive_file.ai_extractor_zip",
            "data.archive_file.lambda_zip",
            "local_file.frontend_config",
            "random_string.bucket_suffix",
            "random_string.suffix"
          ]
        },
        {
          "index_key": "app-enhanced.js",
          "schema_version": 0,
          "attributes": {
            "acl": null,
            "arn": "arn:aws:s3:::serverless-todo-app-frontend-05b9pypq/app-enhanced.js",
            "bucket": "serverless-todo-app-frontend-05b9pypq",
            "bucket_key_enabled": false,
            "cache_control": "",
            "checksum_algorithm": null,
            "checksum_crc32": "",
            "checksum_crc32c": "",
            "checksum_crc64nvme": "",
            "checksum_sha1": "",
            "checksum_sha256": "",
            "content": null,
            "content_base64": null,
            "content_disposition": "",
            "content_encoding": "",
            "content_language": "",
            "content_type": "application/javascript",
            "etag": "43dbe30821b71b3a9628c2a1430257da",
            "force_destroy": false,
            "id": "serverless-todo-app-frontend-05b9pypq/app-enhanced.js",
            "key": "app-enhanced.js",
            "kms_key_id": null,
            "metadata": {},
            "object_lock_legal_hold_status": "",
            "object_lock_mode": "",
            "object_lock_retain_until_date": "",
            "override_provider": [],
            "region": "us-west-2",
            "server_side_encryption": "AES256",
            "source": "./../frontend/app-enhanced.js",
            "source_hash": null,
            "storage_class": "STANDARD",
            "tags": {},
            "tags_all": {},
            "version_id": "",
            "website_redirect": ""
          },
          "sensitive_attributes": [],
          "identity_schema_version": 0,
          "identity": {
            "account_id": "948766507067",
            "bucket": "serverless-todo-app-frontend-05b9pypq",
            "key": "app-enhanced.js",
            "region": "us-west-2"
          },
          "private": "bnVsbA==",
          "dependencies": [
            "aws_api_gateway_authorizer.cognito_authorizer",
            "aws_api_gateway_deployment.todos_deployment",
            "aws_api_gateway_integration.ai_extract_integration",
            "aws_api_gateway_integration.ai_extract_options_integration",
            "aws_api_gateway_integration.delete_todo_integration",
            "aws_api_gateway_integration.get_todos_integration",
            "aws_api_gateway_integration.options_todo_item_integration",
            "aws_api_gateway_integration.options_todos_integration",
            "aws_api_gateway_integration.post_todos_integration",
            "aws_api_gateway_integration.put_todo_integration",
            "aws_api_gateway_method.ai_extract_options",
            "aws_api_gateway_method.ai_extract_post",
            "aws_api_gateway_method.delete_todo",
            "aws_api_gateway_method.get_todos",
            "aws_api_gateway_method.options_todo_item",
            "aws_api_gateway_method.options_todos",
            "aws_api_gateway_method.post_todos",
            "aws_api_gateway_method.put_todo",
            "aws_api_gateway_resource.ai_extract_resource",
            "aws_api_gateway_resource.ai_resource",
            "aws_api_gateway_resource.todo_item_resource",
            "aws_api_gateway_resource.todos_resource",
            "aws_api_gateway_rest_api.todos_api",
            "aws_api_gateway_stage.todos_stage",
            "aws_cloudwatch_log_group.ai_extractor",
            "aws_cognito_user_pool.main",
            "aws_cognito_user_pool_client.main",
            "aws_dynamodb_table.todos",
            "aws_iam_role.ai_extractor_role",
            "aws_iam_role.lambda_role",
            "aws_iam_role_policy_attachment.ai_extractor_policy",
            "aws_lambda_function.ai_extractor",
            "aws_lambda_function.todos_handler",
            "aws_s3_bucket.frontend_bucket",
            "aws_secretsmanager_secret.gemini_api_key",
            "aws_secretsmanager_secret.openai_api_key",
            "data.archive_file.ai_extractor_zip",
            "data.archive_file.lambda_zip",
            "local_file.frontend_config",
            "random_string.bucket_suffix",
            "random_string.suffix"
          ]
        },
        {
          "index_key": "app-fixed.js",
          "schema_version": 0,
          "attributes": {
            "acl": null,
            "arn": "arn:aws:s3:::serverless-todo-app-frontend-05b9pypq/app-fixed.js",
            "bucket": "serverless-todo-app-frontend-05b9pypq",
            "bucket_key_enabled": false,
            "cache_control": "",
            "checksum_algorithm": null,
            "checksum_crc32": "",
            "checksum_crc32c": "",
            "checksum_crc64nvme": "",
            "checksum_sha1": "",
            "checksum_sha256": "",
            "content": null,
            "content_base64": null,
            "content_disposition": "",
            "content_encoding": "",
            "content_language": "",
            "content_type": "application/javascript",
            "etag": "2b171a6411f6dd775a9a44d9ffa0a1c0",
            "force_destroy": false,
            "id": "serverless-todo-app-frontend-05b9pypq/app-fixed.js",
            "key": "app-fixed.js",
            "kms_key_id": null,
            "metadata": {},
            "object_lock_legal_hold_status": "",
            "object_lock_mode": "",
            "object_lock_retain_until_date": "",
            "override_provider": [],
            "region": "us-west-2",
            "server_side_encryption": "AES256",
            "source": "./../frontend/app-fixed.js",
            "source_hash": null,
            "storage_class": "STANDARD",
            "tags": {},
            "tags_all": {},
            "version_id": "",
            "website_redirect": ""
          },
          "sensitive_attributes": [],
          "identity_schema_version": 0,
          "identity": {
            "account_id": "948766507067",
            "bucket": "serverless-todo-app-frontend-05b9pypq",
            "key": "app-fixed.js",
            "region": "us-west-2"
          },
          "private": "bnVsbA==",
          "dependencies": [
            "aws_api_gateway_authorizer.cognito_authorizer",
            "aws_api_gateway_deployment.todos_deployment",
            "aws_api_gateway_integration.ai_extract_integration",
            "aws_api_gateway_integration.ai_extract_options_integration",
            "aws_api_gateway_integration.delete_todo_integration",
            "aws_api_gateway_integration.get_todos_integration",
            "aws_api_gateway_integration.options_todo_item_integration",
            "aws_api_gateway_integration.options_todos_integration",
            "aws_api_gateway_integration.post_todos_integration",
            "aws_api_gateway_integration.put_todo_integration",
            "aws_api_gateway_method.ai_extract_options",
            "aws_api_gateway_method.ai_extract_post",
            "aws_api_gateway_method.delete_todo",
            "aws_api_gateway_method.get_todos",
            "aws_api_gateway_method.options_todo_item",
            "aws_api_gateway_method.options_todos",
            "aws_api_gateway_method.post_todos",
            "aws_api_gateway_method.put_todo",
            "aws_api_gateway_resource.ai_extract_resource",
            "aws_api_gateway_resource.ai_resource",
            "aws_api_gateway_resource.todo_item_resource",
            "aws_api_gateway_resource.todos_resource",
            "aws_api_gateway_rest_api.todos_api",
            "aws_api_gateway_stage.todos_stage",
            "aws_cloudwatch_log_group.ai_extractor",
            "aws_cognito_user_pool.main",
            "aws_cognito_user_pool_client.main",
            "aws_dynamodb_table.todos",
            "aws_iam_role.ai_extractor_role",
            "aws_iam_role.lambda_role",
            "aws_iam_role_policy_attachment.ai_extractor_policy",
            "aws_lambda_function.ai_extractor",
            "aws_lambda_function.todos_handler",
            "aws_s3_bucket.frontend_bucket",
            "aws_secretsmanager_secret.gemini_api_key",
            "aws_secretsmanager_secret.openai_api_key",
            "data.archive_file.ai_extractor_zip",
            "data.archive_file.lambda_zip",
            "local_file.frontend_config",
            "random_string.bucket_suffix",
            "random_string.suffix"
          ]
        },
        {
          "index_key": "app-flowless.js",
          "schema_version": 0,
          "attributes": {
            "acl": null,
            "arn": "arn:aws:s3:::serverless-todo-app-frontend-05b9pypq/app-flowless.js",
            "bucket": "serverless-todo-app-frontend-05b9pypq",
            "bucket_key_enabled": false,
            "cache_control": "",
            "checksum_algorithm": null,
            "checksum_crc32": "",
            "checksum_crc32c": "",
            "checksum_crc64nvme": "",
            "checksum_sha1": "",
            "checksum_sha256": "",
            "content": null,
            "content_base64": null,
            "content_disposition": "",
            "content_encoding": "",
            "content_language": "",
            "content_type": "application/javascript",
            "etag": "e4a87418dac6369c8d67fc362fcb03b3",
            "force_destroy": false,
            "id": "serverless-todo-app-frontend-05b9pypq/app-flowless.js",
            "key": "app-flowless.js",
            "kms_key_id": null,
            "metadata": {},
            "object_lock_legal_hold_status": "",
            "object_lock_mode": "",
            "object_lock_retain_until_date": "",
            "override_provider": [],
            "region": "us-west-2",
            "server_side_encryption": "AES256",
            "source": "./../frontend/app-flowless.js",
            "source_hash": null,
            "storage_class": "STANDARD",
            "tags": {},
            "tags_all": {},
            "version_id": "",
            "website_redirect": ""
          },
          "sensitive_attributes": [],
          "identity_schema_version": 0,
          "identity": {
            "account_id": "948766507067",
            "bucket": "serverless-todo-app-frontend-05b9pypq",
            "key": "app-flowless.js",
            "region": "us-west-2"
          },
          "private": "bnVsbA==",
          "dependencies": [
            "aws_api_gateway_authorizer.cognito_authorizer",
            "aws_api_gateway_deployment.todos_deployment",
            "aws_api_gateway_integration.ai_extract_integration",
            "aws_api_gateway_integration.ai_extract_options_integration",
            "aws_api_gateway_integration.delete_todo_integration",
            "aws_api_gateway_integration.get_todos_integration",
            "aws_api_gateway_integration.options_todo_item_integration",
            "aws_api_gateway_integration.options_todos_integration",
            "aws_api_gateway_integration.post_todos_integration",
            "aws_api_gateway_integration.put_todo_integration",
            "aws_api_gateway_method.ai_extract_options",
            "aws_api_gateway_method.ai_extract_post",
            "aws_api_gateway_method.delete_todo",
            "aws_api_gateway_method.get_todos",
            "aws_api_gateway_method.options_todo_item",
            "aws_api_gateway_method.options_todos",
            "aws_api_gateway_method.post_todos",
            "aws_api_gateway_method.put_todo",
            "aws_api_gateway_resource.ai_extract_resource",
            "aws_api_gateway_resource.ai_resource",
            "aws_api_gateway_resource.todo_item_resource",
            "aws_api_gateway_resource.todos_resource",
            "aws_api_gateway_rest_api.todos_api",
            "aws_api_gateway_stage.todos_stage",
            "aws_cloudwatch_log_group.ai_extractor",
            "aws_cognito_user_pool.main",
            "aws_cognito_user_pool_client.main",
            "aws_dynamodb_table.todos",
            "aws_iam_role.ai_extractor_role",
            "aws_iam_role.lambda_role",
            "aws_iam_role_policy_attachment.ai_extractor_policy",
            "aws_lambda_function.ai_extractor",
            "aws_lambda_function.todos_handler",
            "aws_s3_bucket.frontend_bucket",
            "aws_secretsmanager_secret.gemini_api_key",
            "aws_secretsmanager_secret.openai_api_key",
            "data.archive_file.ai_extractor_zip",
            "data.archive_file.lambda_zip",
            "local_file.frontend_config",
            "random_string.bucket_suffix",
            "random_string.suffix"
          ]
        },
        {
          "index_key": "app-modern.js",
          "schema_version": 0,
          "attributes": {
            "acl": null,
            "arn": "arn:aws:s3:::serverless-todo-app-frontend-05b9pypq/app-modern.js",
            "bucket": "serverless-todo-app-frontend-05b9pypq",
            "bucket_key_enabled": false,
            "cache_control": "",
            "checksum_algorithm": null,
            "checksum_crc32": "",
            "checksum_crc32c": "",
            "checksum_crc64nvme": "",
            "checksum_sha1": "",
            "checksum_sha256": "",
            "content": null,
            "content_base64": null,
            "content_disposition": "",
            "content_encoding": "",
            "content_language": "",
            "content_type": "application/javascript",
            "etag": "660a77b640b9a7f9a72a3447923257af",
            "force_destroy": false,
            "id": "serverless-todo-app-frontend-05b9pypq/app-modern.js",
            "key": "app-modern.js",
            "kms_key_id": null,
            "metadata": {},
            "object_lock_legal_hold_status": "",
            "object_lock_mode": "",
            "object_lock_retain_until_date": "",
            "override_provider": [],
            "region": "us-west-2",
            "server_side_encryption": "AES256",
            "source": "./../frontend/app-modern.js",
            "source_hash": null,
            "storage_class": "STANDARD",
            "tags": {},
            "tags_all": {},
            "version_id": "",
            "website_redirect": ""
          },
          "sensitive_attributes": [],
          "identity_schema_version": 0,
          "identity": {
            "account_id": "948766507067",
            "bucket": "serverless-todo-app-frontend-05b9pypq",
            "key": "app-modern.js",
            "region": "us-west-2"
          },
          "private": "bnVsbA==",
          "dependencies": [
            "aws_api_gateway_authorizer.cognito_authorizer",
            "aws_api_gateway_deployment.todos_deployment",
            "aws_api_gateway_integration.ai_extract_integration",
            "aws_api_gateway_integration.ai_extract_options_integration",
            "aws_api_gateway_integration.delete_todo_integration",
            "aws_api_gateway_integration.get_todos_integration",
            "aws_api_gateway_integration.options_todo_item_integration",
            "aws_api_gateway_integration.options_todos_integration",
            "aws_api_gateway_integration.post_todos_integration",
            "aws_api_gateway_integration.put_todo_integration",
            "aws_api_gateway_method.ai_extract_options",
            "aws_api_gateway_method.ai_extract_post",
            "aws_api_gateway_method.delete_todo",
            "aws_api_gateway_method.get_todos",
            "aws_api_gateway_method.options_todo_item",
            "aws_api_gateway_method.options_todos",
            "aws_api_gateway_method.post_todos",
            "aws_api_gateway_method.put_todo",
            "aws_api_gateway_resource.ai_extract_resource",
            "aws_api_gateway_resource.ai_resource",
            "aws_api_gateway_resource.todo_item_resource",
            "aws_api_gateway_resource.todos_resource",
            "aws_api_gateway_rest_api.todos_api",
            "aws_api_gateway_stage.todos_stage",
            "aws_cloudwatch_log_group.ai_extractor",
            "aws_cognito_user_pool.main",
            "aws_cognito_user_pool_client.main",
            "aws_dynamodb_table.todos",
            "aws_iam_role.ai_extractor_role",
            "aws_iam_role.lambda_role",
            "aws_iam_role_policy_attachment.ai_extractor_policy",
            "aws_lambda_function.ai_extractor",
            "aws_lambda_function.todos_handler",
            "aws_s3_bucket.frontend_bucket",
            "aws_secretsmanager_secret.gemini_api_key",
            "aws_secretsmanager_secret.openai_api_key",
            "data.archive_file.ai_extractor_zip",
            "data.archive_file.lambda_zip",
            "local_file.frontend_config",
            "random_string.bucket_suffix",
            "random_string.suffix"
          ]
        },
        {
          "index_key": "app-unified.js",
          "schema_version": 0,
          "attributes": {
            "acl": null,
            "arn": "arn:aws:s3:::serverless-todo-app-frontend-05b9pypq/app-unified.js",
            "bucket": "serverless-todo-app-frontend-05b9pypq",
            "bucket_key_enabled": false,
            "cache_control": "",
            "checksum_algorithm": null,
            "checksum_crc32": "",
            "checksum_crc32c": "",
            "checksum_crc64nvme": "",
            "checksum_sha1": "",
            "checksum_sha256": "",
            "content": null,
            "content_base64": null,
            "content_disposition": "",
            "content_encoding": "",
            "content_language": "",
            "content_type": "application/javascript",
            "etag": "9aeac47737f8da1c9c78678516db1742",
            "force_destroy": false,
            "id": "serverless-todo-app-frontend-05b9pypq/app-unified.js",
            "key": "app-unified.js",
            "kms_key_id": null,
            "metadata": {},
            "object_lock_legal_hold_status": "",
            "object_lock_mode": "",
            "object_lock_retain_until_date": "",
            "override_provider": [],
            "region": "us-west-2",
            "server_side_encryption": "AES256",
            "source": "./../frontend/app-unified.js",
            "source_hash": null,
            "storage_class": "STANDARD",
            "tags": {},
            "tags_all": {},
            "version_id": "",
            "website_redirect": ""
          },
          "sensitive_attributes": [],
          "identity_schema_version": 0,
          "identity": {
            "account_id": "948766507067",
            "bucket": "serverless-todo-app-frontend-05b9pypq",
            "key": "app-unified.js",
            "region": "us-west-2"
          },
          "private": "bnVsbA==",
          "dependencies": [
            "aws_api_gateway_authorizer.cognito_authorizer",
            "aws_api_gateway_deployment.todos_deployment",
            "aws_api_gateway_integration.ai_extract_integration",
            "aws_api_gateway_integration.ai_extract_options_integration",
            "aws_api_gateway_integration.delete_todo_integration",
            "aws_api_gateway_integration.get_todos_integration",
            "aws_api_gateway_integration.options_todo_item_integration",
            "aws_api_gateway_integration.options_todos_integration",
            "aws_api_gateway_integration.post_todos_integration",
            "aws_api_gateway_integration.put_todo_integration",
            "aws_api_gateway_method.ai_extract_options",
            "aws_api_gateway_method.ai_extract_post",
            "aws_api_gateway_method.delete_todo",
            "aws_api_gateway_method.get_todos",
            "aws_api_gateway_method.options_todo_item",
            "aws_api_gateway_method.options_todos",
            "aws_api_gateway_method.post_todos",
            "aws_api_gateway_method.put_todo",
            "aws_api_gateway_resource.ai_extract_resource",
            "aws_api_gateway_resource.ai_resource",
            "aws_api_gateway_resource.todo_item_resource",
            "aws_api_gateway_resource.todos_resource",
            "aws_api_gateway_rest_api.todos_api",
            "aws_api_gateway_stage.todos_stage",
            "aws_cloudwatch_log_group.ai_extractor",
            "aws_cognito_user_pool.main",
            "aws_cognito_user_pool_client.main",
            "aws_dynamodb_table.todos",
            "aws_iam_role.ai_extractor_role",
            "aws_iam_role.lambda_role",
            "aws_iam_role_policy_attachment.ai_extractor_policy",
            "aws_lambda_function.ai_extractor",
            "aws_lambda_function.todos_handler",
            "aws_s3_bucket.frontend_bucket",
            "aws_secretsmanager_secret.gemini_api_key",
            "aws_secretsmanager_secret.openai_api_key",
            "data.archive_file.ai_extractor_zip",
            "data.archive_file.lambda_zip",
            "local_file.frontend_config",
            "random_string.bucket_suffix",
            "random_string.suffix"
          ]
        },
        {
          "index_key": "app.js",
          "schema_version": 0,
          "attributes": {
            "acl": null,
            "arn": "arn:aws:s3:::serverless-todo-app-frontend-05b9pypq/app.js",
            "bucket": "serverless-todo-app-frontend-05b9pypq",
            "bucket_key_enabled": false,
            "cache_control": "",
            "checksum_algorithm": null,
            "checksum_crc32": "",
            "checksum_crc32c": "",
            "checksum_crc64nvme": "",
            "checksum_sha1": "",
            "checksum_sha256": "",
            "content": null,
            "content_base64": null,
            "content_disposition": "",
            "content_encoding": "",
            "content_language": "",
            "content_type": "application/javascript",
            "etag": "660a77b640b9a7f9a72a3447923257af",
            "force_destroy": false,
            "id": "serverless-todo-app-frontend-05b9pypq/app.js",
            "key": "app.js",
            "kms_key_id": null,
            "metadata": {},
            "object_lock_legal_hold_status": "",
            "object_lock_mode": "",
            "object_lock_retain_until_date": "",
            "override_provider": [],
            "region": "us-west-2",
            "server_side_encryption": "AES256",
            "source": "./../frontend/app.js",
            "source_hash": null,
            "storage_class": "STANDARD",
            "tags": {},
            "tags_all": {},
            "version_id": "",
            "website_redirect": ""
          },
          "sensitive_attributes": [],
          "identity_schema_version": 0,
          "identity": {
            "account_id": "948766507067",
            "bucket": "serverless-todo-app-frontend-05b9pypq",
            "key": "app.js",
            "region": "us-west-2"
          },
          "private": "bnVsbA==",
          "dependencies": [
            "aws_api_gateway_authorizer.cognito_authorizer",
            "aws_api_gateway_deployment.todos_deployment",
            "aws_api_gateway_integration.ai_extract_integration",
            "aws_api_gateway_integration.ai_extract_options_integration",
            "aws_api_gateway_integration.delete_todo_integration",
            "aws_api_gateway_integration.get_todos_integration",
            "aws_api_gateway_integration.options_todo_item_integration",
            "aws_api_gateway_integration.options_todos_integration",
            "aws_api_gateway_integration.post_todos_integration",
            "aws_api_gateway_integration.put_todo_integration",
            "aws_api_gateway_method.ai_extract_options",
            "aws_api_gateway_method.ai_extract_post",
            "aws_api_gateway_method.delete_todo",
            "aws_api_gateway_method.get_todos",
            "aws_api_gateway_method.options_todo_item",
            "aws_api_gateway_method.options_todos",
            "aws_api_gateway_method.post_todos",
            "aws_api_gateway_method.put_todo",
            "aws_api_gateway_resource.ai_extract_resource",
            "aws_api_gateway_resource.ai_resource",
            "aws_api_gateway_resource.todo_item_resource",
            "aws_api_gateway_resource.todos_resource",
            "aws_api_gateway_rest_api.todos_api",
            "aws_api_gateway_stage.todos_stage",
            "aws_cloudwatch_log_group.ai_extractor",
            "aws_cognito_user_pool.main",
            "aws_cognito_user_pool_client.main",
            "aws_dynamodb_table.todos",
            "aws_iam_role.ai_extractor_role",
            "aws_iam_role.lambda_role",
            "aws_iam_role_policy_attachment.ai_extractor_policy",
            "aws_lambda_function.ai_extractor",
            "aws_lambda_function.todos_handler",
            "aws_s3_bucket.frontend_bucket",
            "aws_secretsmanager_secret.gemini_api_key",
            "aws_secretsmanager_secret.openai_api_key",
            "data.archive_file.ai_extractor_zip",
            "data.archive_file.lambda_zip",
            "local_file.frontend_config",
            "random_string.bucket_suffix",
            "random_string.suffix"
          ]
        },
        {
          "index_key": "auth-complete.js",
          "schema_version": 0,
          "attributes": {
            "acl": null,
            "arn": "arn:aws:s3:::serverless-todo-app-frontend-05b9pypq/auth-complete.js",
            "bucket": "serverless-todo-app-frontend-05b9pypq",
            "bucket_key_enabled": false,
            "cache_control": "",
            "checksum_algorithm": null,
            "checksum_crc32": "",
            "checksum_crc32c": "",
            "checksum_crc64nvme": "",
            "checksum_sha1": "",
            "checksum_sha256": "",
            "content": null,
            "content_base64": null,
            "content_disposition": "",
            "content_encoding": "",
            "content_language": "",
            "content_type": "application/javascript",
            "etag": "813087012d54bcfea27d34a21636060b",
            "force_destroy": false,
            "id": "serverless-todo-app-frontend-05b9pypq/auth-complete.js",
            "key": "auth-complete.js",
            "kms_key_id": null,
            "metadata": {},
            "object_lock_legal_hold_status": "",
            "object_lock_mode": "",
            "object_lock_retain_until_date": "",
            "override_provider": [],
            "region": "us-west-2",
            "server_side_encryption": "AES256",
            "source": "./../frontend/auth-complete.js",
            "source_hash": null,
            "storage_class": "STANDARD",
            "tags": {},
            "tags_all": {},
            "version_id": "",
            "website_redirect": ""
          },
          "sensitive_attributes": [],
          "identity_schema_version": 0,
          "identity": {
            "account_id": "948766507067",
            "bucket": "serverless-todo-app-frontend-05b9pypq",
            "key": "auth-complete.js",
            "region": "us-west-2"
          },
          "private": "bnVsbA==",
          "dependencies": [
            "aws_api_gateway_authorizer.cognito_authorizer",
            "aws_api_gateway_deployment.todos_deployment",
            "aws_api_gateway_integration.ai_extract_integration",
            "aws_api_gateway_integration.ai_extract_options_integration",
            "aws_api_gateway_integration.delete_todo_integration",
            "aws_api_gateway_integration.get_todos_integration",
            "aws_api_gateway_integration.options_todo_item_integration",
            "aws_api_gateway_integration.options_todos_integration",
            "aws_api_gateway_integration.post_todos_integration",
            "aws_api_gateway_integration.put_todo_integration",
            "aws_api_gateway_method.ai_extract_options",
            "aws_api_gateway_method.ai_extract_post",
            "aws_api_gateway_method.delete_todo",
            "aws_api_gateway_method.get_todos",
            "aws_api_gateway_method.options_todo_item",
            "aws_api_gateway_method.options_todos",
            "aws_api_gateway_method.post_todos",
            "aws_api_gateway_method.put_todo",
            "aws_api_gateway_resource.ai_extract_resource",
            "aws_api_gateway_resource.ai_resource",
            "aws_api_gateway_resource.todo_item_resource",
            "aws_api_gateway_resource.todos_resource",
            "aws_api_gateway_rest_api.todos_api",
            "aws_api_gateway_stage.todos_stage",
            "aws_cloudwatch_log_group.ai_extractor",
            "aws_cognito_user_pool.main",
            "aws_cognito_user_pool_client.main",
            "aws_dynamodb_table.todos",
            "aws_iam_role.ai_extractor_role",
            "aws_iam_role.lambda_role",
            "aws_iam_role_policy_attachment.ai_extractor_policy",
            "aws_lambda_function.ai_extractor",
            "aws_lambda_function.todos_handler",
            "aws_s3_bucket.frontend_bucket",
            "aws_secretsmanager_secret.gemini_api_key",
            "aws_secretsmanager_secret.openai_api_key",
            "data.archive_file.ai_extractor_zip",
            "data.archive_file.lambda_zip",
            "local_file.frontend_config",
            "random_string.bucket_suffix",
            "random_string.suffix"
          ]
        },
        {
          "index_key": "auth-enhanced.js",
          "schema_version": 0,
          "attributes": {
            "acl": null,
            "arn": "arn:aws:s3:::serverless-todo-app-frontend-05b9pypq/auth-enhanced.js",
            "bucket": "serverless-todo-app-frontend-05b9pypq",
            "bucket_key_enabled": false,
            "cache_control": "",
            "checksum_algorithm": null,
            "checksum_crc32": "",
            "checksum_crc32c": "",
            "checksum_crc64nvme": "",
            "checksum_sha1": "",
            "checksum_sha256": "",
            "content": null,
            "content_base64": null,
            "content_disposition": "",
            "content_encoding": "",
            "content_language": "",
            "content_type": "application/javascript",
            "etag": "327363aebc1a1311b6a2d084dc8796c3",
            "force_destroy": false,
            "id": "serverless-todo-app-frontend-05b9pypq/auth-enhanced.js",
            "key": "auth-enhanced.js",
            "kms_key_id": null,
            "metadata": {},
            "object_lock_legal_hold_status": "",
            "object_lock_mode": "",
            "object_lock_retain_until_date": "",
            "override_provider": [],
            "region": "us-west-2",
            "server_side_encryption": "AES256",
            "source": "./../frontend/auth-enhanced.js",
            "source_hash": null,
            "storage_class": "STANDARD",
            "tags": {},
            "tags_all": {},
            "version_id": "",
            "website_redirect": ""
          },
          "sensitive_attributes": [],
          "identity_schema_version": 0,
          "identity": {
            "account_id": "948766507067",
            "bucket": "serverless-todo-app-frontend-05b9pypq",
            "key": "auth-enhanced.js",
            "region": "us-west-2"
          },
          "private": "bnVsbA==",
          "dependencies": [
            "aws_api_gateway_authorizer.cognito_authorizer",
            "aws_api_gateway_deployment.todos_deployment",
            "aws_api_gateway_integration.ai_extract_integration",
            "aws_api_gateway_integration.ai_extract_options_integration",
            "aws_api_gateway_integration.delete_todo_integration",
            "aws_api_gateway_integration.get_todos_integration",
            "aws_api_gateway_integration.options_todo_item_integration",
            "aws_api_gateway_integration.options_todos_integration",
            "aws_api_gateway_integration.post_todos_integration",
            "aws_api_gateway_integration.put_todo_integration",
            "aws_api_gateway_method.ai_extract_options",
            "aws_api_gateway_method.ai_extract_post",
            "aws_api_gateway_method.delete_todo",
            "aws_api_gateway_method.get_todos",
            "aws_api_gateway_method.options_todo_item",
            "aws_api_gateway_method.options_todos",
            "aws_api_gateway_method.post_todos",
            "aws_api_gateway_method.put_todo",
            "aws_api_gateway_resource.ai_extract_resource",
            "aws_api_gateway_resource.ai_resource",
            "aws_api_gateway_resource.todo_item_resource",
            "aws_api_gateway_resource.todos_resource",
            "aws_api_gateway_rest_api.todos_api",
            "aws_api_gateway_stage.todos_stage",
            "aws_cloudwatch_log_group.ai_extractor",
            "aws_cognito_user_pool.main",
            "aws_cognito_user_pool_client.main",
            "aws_dynamodb_table.todos",
            "aws_iam_role.ai_extractor_role",
            "aws_iam_role.lambda_role",
            "aws_iam_role_policy_attachment.ai_extractor_policy",
            "aws_lambda_function.ai_extractor",
            "aws_lambda_function.todos_handler",
            "aws_s3_bucket.frontend_bucket",
            "aws_secretsmanager_secret.gemini_api_key",
            "aws_secretsmanager_secret.openai_api_key",
            "data.archive_file.ai_extractor_zip",
            "data.archive_file.lambda_zip",
            "local_file.frontend_config",
            "random_string.bucket_suffix",
            "random_string.suffix"
          ]
        },
        {
          "index_key": "auth-form-fixed.js",
          "schema_version": 0,
          "attributes": {
            "acl": null,
            "arn": "arn:aws:s3:::serverless-todo-app-frontend-05b9pypq/auth-form-fixed.js",
            "bucket": "serverless-todo-app-frontend-05b9pypq",
            "bucket_key_enabled": false,
            "cache_control": "",
            "checksum_algorithm": null,
            "checksum_crc32": "",
            "checksum_crc32c": "",
            "checksum_crc64nvme": "",
            "checksum_sha1": "",
            "checksum_sha256": "",
            "content": null,
            "content_base64": null,
            "content_disposition": "",
            "content_encoding": "",
            "content_language": "",
            "content_type": "application/javascript",
            "etag": "8b219eef12f83cd284da667f39eb86d5",
            "force_destroy": false,
            "id": "serverless-todo-app-frontend-05b9pypq/auth-form-fixed.js",
            "key": "auth-form-fixed.js",
            "kms_key_id": null,
            "metadata": {},
            "object_lock_legal_hold_status": "",
            "object_lock_mode": "",
            "object_lock_retain_until_date": "",
            "override_provider": [],
            "region": "us-west-2",
            "server_side_encryption": "AES256",
            "source": "./../frontend/auth-form-fixed.js",
            "source_hash": null,
            "storage_class": "STANDARD",
            "tags": {},
            "tags_all": {},
            "version_id": "",
            "website_redirect": ""
          },
          "sensitive_attributes": [],
          "identity_schema_version": 0,
          "identity": {
            "account_id": "948766507067",
            "bucket": "serverless-todo-app-frontend-05b9pypq",
            "key": "auth-form-fixed.js",
            "region": "us-west-2"
          },
          "private": "bnVsbA==",
          "dependencies": [
            "aws_api_gateway_authorizer.cognito_authorizer",
            "aws_api_gateway_deployment.todos_deployment",
            "aws_api_gateway_integration.ai_extract_integration",
            "aws_api_gateway_integration.ai_extract_options_integration",
            "aws_api_gateway_integration.delete_todo_integration",
            "aws_api_gateway_integration.get_todos_integration",
            "aws_api_gateway_integration.options_todo_item_integration",
            "aws_api_gateway_integration.options_todos_integration",
            "aws_api_gateway_integration.post_todos_integration",
            "aws_api_gateway_integration.put_todo_integration",
            "aws_api_gateway_method.ai_extract_options",
            "aws_api_gateway_method.ai_extract_post",
            "aws_api_gateway_method.delete_todo",
            "aws_api_gateway_method.get_todos",
            "aws_api_gateway_method.options_todo_item",
            "aws_api_gateway_method.options_todos",
            "aws_api_gateway_method.post_todos",
            "aws_api_gateway_method.put_todo",
            "aws_api_gateway_resource.ai_extract_resource",
            "aws_api_gateway_resource.ai_resource",
            "aws_api_gateway_resource.todo_item_resource",
            "aws_api_gateway_resource.todos_resource",
            "aws_api_gateway_rest_api.todos_api",
            "aws_api_gateway_stage.todos_stage",
            "aws_cloudwatch_log_group.ai_extractor",
            "aws_cognito_user_pool.main",
            "aws_cognito_user_pool_client.main",
            "aws_dynamodb_table.todos",
            "aws_iam_role.ai_extractor_role",
            "aws_iam_role.lambda_role",
            "aws_iam_role_policy_attachment.ai_extractor_policy",
            "aws_lambda_function.ai_extractor",
            "aws_lambda_function.todos_handler",
            "aws_s3_bucket.frontend_bucket",
            "aws_secretsmanager_secret.gemini_api_key",
            "aws_secretsmanager_secret.openai_api_key",
            "data.archive_file.ai_extractor_zip",
            "data.archive_file.lambda_zip",
            "local_file.frontend_config",
            "random_string.bucket_suffix",
            "random_string.suffix"
          ]
        },
        {
          "index_key": "auth-forms.js",
          "schema_version": 0,
          "attributes": {
            "acl": null,
            "arn": "arn:aws:s3:::serverless-todo-app-frontend-05b9pypq/auth-forms.js",
            "bucket": "serverless-todo-app-frontend-05b9pypq",
            "bucket_key_enabled": false,
            "cache_control": "",
            "checksum_algorithm": null,
            "checksum_crc32": "",
            "checksum_crc32c": "",
            "checksum_crc64nvme": "",
            "checksum_sha1": "",
            "checksum_sha256": "",
            "content": null,
            "content_base64": null,
            "content_disposition": "",
            "content_encoding": "",
            "content_language": "",
            "content_type": "application/javascript",
            "etag": "e36b4eb1934a1d62e252703bab2823ca",
            "force_destroy": false,
            "id": "serverless-todo-app-frontend-05b9pypq/auth-forms.js",
            "key": "auth-forms.js",
            "kms_key_id": null,
            "metadata": {},
            "object_lock_legal_hold_status": "",
            "object_lock_mode": "",
            "object_lock_retain_until_date": "",
            "override_provider": [],
            "region": "us-west-2",
            "server_side_encryption": "AES256",
            "source": "./../frontend/auth-forms.js",
            "source_hash": null,
            "storage_class": "STANDARD",
            "tags": {},
            "tags_all": {},
            "version_id": "",
            "website_redirect": ""
          },
          "sensitive_attributes": [],
          "identity_schema_version": 0,
          "identity": {
            "account_id": "948766507067",
            "bucket": "serverless-todo-app-frontend-05b9pypq",
            "key": "auth-forms.js",
            "region": "us-west-2"
          },
          "private": "bnVsbA==",
          "dependencies": [
            "aws_api_gateway_authorizer.cognito_authorizer",
            "aws_api_gateway_deployment.todos_deployment",
            "aws_api_gateway_integration.ai_extract_integration",
            "aws_api_gateway_integration.ai_extract_options_integration",
            "aws_api_gateway_integration.delete_todo_integration",
            "aws_api_gateway_integration.get_todos_integration",
            "aws_api_gateway_integration.options_todo_item_integration",
            "aws_api_gateway_integration.options_todos_integration",
            "aws_api_gateway_integration.post_todos_integration",
            "aws_api_gateway_integration.put_todo_integration",
            "aws_api_gateway_method.ai_extract_options",
            "aws_api_gateway_method.ai_extract_post",
            "aws_api_gateway_method.delete_todo",
            "aws_api_gateway_method.get_todos",
            "aws_api_gateway_method.options_todo_item",
            "aws_api_gateway_method.options_todos",
            "aws_api_gateway_method.post_todos",
            "aws_api_gateway_method.put_todo",
            "aws_api_gateway_resource.ai_extract_resource",
            "aws_api_gateway_resource.ai_resource",
            "aws_api_gateway_resource.todo_item_resource",
            "aws_api_gateway_resource.todos_resource",
            "aws_api_gateway_rest_api.todos_api",
            "aws_api_gateway_stage.todos_stage",
            "aws_cloudwatch_log_group.ai_extractor",
            "aws_cognito_user_pool.main",
            "aws_cognito_user_pool_client.main",
            "aws_dynamodb_table.todos",
            "aws_iam_role.ai_extractor_role",
            "aws_iam_role.lambda_role",
            "aws_iam_role_policy_attachment.ai_extractor_policy",
            "aws_lambda_function.ai_extractor",
            "aws_lambda_function.todos_handler",
            "aws_s3_bucket.frontend_bucket",
            "aws_secretsmanager_secret.gemini_api_key",
            "aws_secretsmanager_secret.openai_api_key",
            "data.archive_file.ai_extractor_zip",
            "data.archive_file.lambda_zip",
            "local_file.frontend_config",
            "random_string.bucket_suffix",
            "random_string.suffix"
          ]
        },
        {
          "index_key": "auth-verification.js",
          "schema_version": 0,
          "attributes": {
            "acl": null,
            "arn": "arn:aws:s3:::serverless-todo-app-frontend-05b9pypq/auth-verification.js",
            "bucket": "serverless-todo-app-frontend-05b9pypq",
            "bucket_key_enabled": false,
            "cache_control": "",
            "checksum_algorithm": null,
            "checksum_crc32": "",
            "checksum_crc32c": "",
            "checksum_crc64nvme": "",
            "checksum_sha1": "",
            "checksum_sha256": "",
            "content": null,
            "content_base64": null,
            "content_disposition": "",
            "content_encoding": "",
            "content_language": "",
            "content_type": "application/javascript",
            "etag": "c1c447a7007216a6ae978078c200e3aa",
            "force_destroy": false,
            "id": "serverless-todo-app-frontend-05b9pypq/auth-verification.js",
            "key": "auth-verification.js",
            "kms_key_id": null,
            "metadata": {},
            "object_lock_legal_hold_status": "",
            "object_lock_mode": "",
            "object_lock_retain_until_date": "",
            "override_provider": [],
            "region": "us-west-2",
            "server_side_encryption": "AES256",
            "source": "./../frontend/auth-verification.js",
            "source_hash": null,
            "storage_class": "STANDARD",
            "tags": {},
            "tags_all": {},
            "version_id": "",
            "website_redirect": ""
          },
          "sensitive_attributes": [],
          "identity_schema_version": 0,
          "identity": {
            "account_id": "948766507067",
            "bucket": "serverless-todo-app-frontend-05b9pypq",
            "key": "auth-verification.js",
            "region": "us-west-2"
          },
          "private": "bnVsbA==",
          "dependencies": [
            "aws_api_gateway_authorizer.cognito_authorizer",
            "aws_api_gateway_deployment.todos_deployment",
            "aws_api_gateway_integration.ai_extract_integration",
            "aws_api_gateway_integration.ai_extract_options_integration",
            "aws_api_gateway_integration.delete_todo_integration",
            "aws_api_gateway_integration.get_todos_integration",
            "aws_api_gateway_integration.options_todo_item_integration",
            "aws_api_gateway_integration.options_todos_integration",
            "aws_api_gateway_integration.post_todos_integration",
            "aws_api_gateway_integration.put_todo_integration",
            "aws_api_gateway_method.ai_extract_options",
            "aws_api_gateway_method.ai_extract_post",
            "aws_api_gateway_method.delete_todo",
            "aws_api_gateway_method.get_todos",
            "aws_api_gateway_method.options_todo_item",
            "aws_api_gateway_method.options_todos",
            "aws_api_gateway_method.post_todos",
            "aws_api_gateway_method.put_todo",
            "aws_api_gateway_resource.ai_extract_resource",
            "aws_api_gateway_resource.ai_resource",
            "aws_api_gateway_resource.todo_item_resource",
            "aws_api_gateway_resource.todos_resource",
            "aws_api_gateway_rest_api.todos_api",
            "aws_api_gateway_stage.todos_stage",
            "aws_cloudwatch_log_group.ai_extractor",
            "aws_cognito_user_pool.main",
            "aws_cognito_user_pool_client.main",
            "aws_dynamodb_table.todos",
            "aws_iam_role.ai_extractor_role",
            "aws_iam_role.lambda_role",
            "aws_iam_role_policy_attachment.ai_extractor_policy",
            "aws_lambda_function.ai_extractor",
            "aws_lambda_function.todos_handler",
            "aws_s3_bucket.frontend_bucket",
            "aws_secretsmanager_secret.gemini_api_key",
            "aws_secretsmanager_secret.openai_api_key",
            "data.archive_file.ai_extractor_zip",
            "data.archive_file.lambda_zip",
            "local_file.frontend_config",
            "random_string.bucket_suffix",
            "random_string.suffix"
          ]
        },
        {
          "index_key": "components-enhanced.js",
          "schema_version": 0,
          "attributes": {
            "acl": null,
            "arn": "arn:aws:s3:::serverless-todo-app-frontend-05b9pypq/components-enhanced.js",
            "bucket": "serverless-todo-app-frontend-05b9pypq",
            "bucket_key_enabled": false,
            "cache_control": "",
            "checksum_algorithm": null,
            "checksum_crc32": "",
            "checksum_crc32c": "",
            "checksum_crc64nvme": "",
            "checksum_sha1": "",
            "checksum_sha256": "",
            "content": null,
            "content_base64": null,
            "content_disposition": "",
            "content_encoding": "",
            "content_language": "",
            "content_type": "application/javascript",
            "etag": "77a5f5cd8e1212b3f632ca126c74499f",
            "force_destroy": false,
            "id": "serverless-todo-app-frontend-05b9pypq/components-enhanced.js",
            "key": "components-enhanced.js",
            "kms_key_id": null,
            "metadata": {},
            "object_lock_legal_hold_status": "",
            "object_lock_mode": "",
            "object_lock_retain_until_date": "",
            "override_provider": [],
            "region": "us-west-2",
            "server_side_encryption": "AES256",
            "source": "./../frontend/components-enhanced.js",
            "source_hash": null,
            "storage_class": "STANDARD",
            "tags": {},
            "tags_all": {},
            "version_id": "",
            "website_redirect": ""
          },
          "sensitive_attributes": [],
          "identity_schema_version": 0,
          "identity": {
            "account_id": "948766507067",
            "bucket": "serverless-todo-app-frontend-05b9pypq",
            "key": "components-enhanced.js",
            "region": "us-west-2"
          },
          "private": "bnVsbA==",
          "dependencies": [
            "aws_api_gateway_authorizer.cognito_authorizer",
            "aws_api_gateway_deployment.todos_deployment",
            "aws_api_gateway_integration.ai_extract_integration",
            "aws_api_gateway_integration.ai_extract_options_integration",
            "aws_api_gateway_integration.delete_todo_integration",
            "aws_api_gateway_integration.get_todos_integration",
            "aws_api_gateway_integration.options_todo_item_integration",
            "aws_api_gateway_integration.options_todos_integration",
            "aws_api_gateway_integration.post_todos_integration",
            "aws_api_gateway_integration.put_todo_integration",
            "aws_api_gateway_method.ai_extract_options",
            "aws_api_gateway_method.ai_extract_post",
            "aws_api_gateway_method.delete_todo",
            "aws_api_gateway_method.get_todos",
            "aws_api_gateway_method.options_todo_item",
            "aws_api_gateway_method.options_todos",
            "aws_api_gateway_method.post_todos",
            "aws_api_gateway_method.put_todo",
            "aws_api_gateway_resource.ai_extract_resource",
            "aws_api_gateway_resource.ai_resource",
            "aws_api_gateway_resource.todo_item_resource",
            "aws_api_gateway_resource.todos_resource",
            "aws_api_gateway_rest_api.todos_api",
            "aws_api_gateway_stage.todos_stage",
            "aws_cloudwatch_log_group.ai_extractor",
            "aws_cognito_user_pool.main",
            "aws_cognito_user_pool_client.main",
            "aws_dynamodb_table.todos",
            "aws_iam_role.ai_extractor_role",
            "aws_iam_role.lambda_role",
            "aws_iam_role_policy_attachment.ai_extractor_policy",
            "aws_lambda_function.ai_extractor",
            "aws_lambda_function.todos_handler",
            "aws_s3_bucket.frontend_bucket",
            "aws_secretsmanager_secret.gemini_api_key",
            "aws_secretsmanager_secret.openai_api_key",
            "data.archive_file.ai_extractor_zip",
            "data.archive_file.lambda_zip",
            "local_file.frontend_config",
            "random_string.bucket_suffix",
            "random_string.suffix"
          ]
        },
        {
          "index_key": "config.json",
          "schema_version": 0,
          "attributes": {
            "acl": null,
            "arn": "arn:aws:s3:::serverless-todo-app-frontend-05b9pypq/config.json",
            "bucket": "serverless-todo-app-frontend-05b9pypq",
            "bucket_key_enabled": false,
            "cache_control": "",
            "checksum_algorithm": null,
            "checksum_crc32": "",
            "checksum_crc32c": "",
            "checksum_crc64nvme": "",
            "checksum_sha1": "",
            "checksum_sha256": "",
            "content": null,
            "content_base64": null,
            "content_disposition": "",
            "content_encoding": "",
            "content_language": "",
            "content_type": "application/json",
            "etag": "8fee1b790f36d831bf4709335d1bfab9",
            "force_destroy": false,
            "id": "serverless-todo-app-frontend-05b9pypq/config.json",
            "key": "config.json",
            "kms_key_id": null,
            "metadata": null,
            "object_lock_legal_hold_status": "",
            "object_lock_mode": "",
            "object_lock_retain_until_date": "",
            "override_provider": [],
            "region": "us-west-2",
            "server_side_encryption": "AES256",
            "source": "./../frontend/config.json",
            "source_hash": null,
            "storage_class": "STANDARD",
            "tags": null,
            "tags_all": {},
            "version_id": "",
            "website_redirect": ""
          },
          "sensitive_attributes": [],
          "identity_schema_version": 0,
          "identity": {
            "account_id": "948766507067",
            "bucket": "serverless-todo-app-frontend-05b9pypq",
            "key": "config.json",
            "region": "us-west-2"
          },
          "private": "bnVsbA==",
          "dependencies": [
            "aws_api_gateway_authorizer.cognito_authorizer",
            "aws_api_gateway_deployment.todos_deployment",
            "aws_api_gateway_integration.ai_extract_integration",
            "aws_api_gateway_integration.ai_extract_options_integration",
            "aws_api_gateway_integration.delete_todo_integration",
            "aws_api_gateway_integration.get_todos_integration",
            "aws_api_gateway_integration.options_todo_item_integration",
            "aws_api_gateway_integration.options_todos_integration",
            "aws_api_gateway_integration.post_todos_integration",
            "aws_api_gateway_integration.put_todo_integration",
            "aws_api_gateway_method.ai_extract_options",
            "aws_api_gateway_method.ai_extract_post",
            "aws_api_gateway_method.delete_todo",
            "aws_api_gateway_method.get_todos",
            "aws_api_gateway_method.options_todo_item",
            "aws_api_gateway_method.options_todos",
            "aws_api_gateway_method.post_todos",
            "aws_api_gateway_method.put_todo",
            "aws_api_gateway_resource.ai_extract_resource",
            "aws_api_gateway_resource.ai_resource",
            "aws_api_gateway_resource.todo_item_resource",
            "aws_api_gateway_resource.todos_resource",
            "aws_api_gateway_rest_api.todos_api",
            "aws_api_gateway_stage.todos_stage",
            "aws_cloudwatch_log_group.ai_extractor",
            "aws_cognito_user_pool.main",
            "aws_cognito_user_pool_client.main",
            "aws_dynamodb_table.todos",
            "aws_iam_role.ai_extractor_role",
            "aws_iam_role.lambda_role",
            "aws_iam_role_policy_attachment.ai_extractor_policy",
            "aws_lambda_function.ai_extractor",
            "aws_lambda_function.todos_handler",
            "aws_s3_bucket.frontend_bucket",
            "aws_secretsmanager_secret.gemini_api_key",
            "aws_secretsmanager_secret.openai_api_key",
            "data.archive_file.ai_extractor_zip",
            "data.archive_file.lambda_zip",
            "local_file.frontend_config",
            "random_string.bucket_suffix",
            "random_string.suffix"
          ]
        },
        {
          "index_key": "index-ai-enhanced.html",
          "schema_version": 0,
          "attributes": {
            "acl": null,
            "arn": "arn:aws:s3:::serverless-todo-app-frontend-05b9pypq/index-ai-enhanced.html",
            "bucket": "serverless-todo-app-frontend-05b9pypq",
            "bucket_key_enabled": false,
            "cache_control": "",
            "checksum_algorithm": null,
            "checksum_crc32": "",
            "checksum_crc32c": "",
            "checksum_crc64nvme": "",
            "checksum_sha1": "",
            "checksum_sha256": "",
            "content": null,
            "content_base64": null,
            "content_disposition": "",
            "content_encoding": "",
            "content_language": "",
            "content_type": "text/html",
            "etag": "aa76487924b89c6b3aa9f83ffd0c1a21",
            "force_destroy": false,
            "id": "serverless-todo-app-frontend-05b9pypq/index-ai-enhanced.html",
            "key": "index-ai-enhanced.html",
            "kms_key_id": null,
            "metadata": {},
            "object_lock_legal_hold_status": "",
            "object_lock_mode": "",
            "object_lock_retain_until_date": "",
            "override_provider": [],
            "region": "us-west-2",
            "server_side_encryption": "AES256",
            "source": "./../frontend/index-ai-enhanced.html",
            "source_hash": null,
            "storage_class": "STANDARD",
            "tags": {},
            "tags_all": {},
            "version_id": "",
            "website_redirect": ""
          },
          "sensitive_attributes": [],
          "identity_schema_version": 0,
          "identity": {
            "account_id": "948766507067",
            "bucket": "serverless-todo-app-frontend-05b9pypq",
            "key": "index-ai-enhanced.html",
            "region": "us-west-2"
          },
          "private": "bnVsbA==",
          "dependencies": [
            "aws_api_gateway_authorizer.cognito_authorizer",
            "aws_api_gateway_deployment.todos_deployment",
            "aws_api_gateway_integration.ai_extract_integration",
            "aws_api_gateway_integration.ai_extract_options_integration",
            "aws_api_gateway_integration.delete_todo_integration",
            "aws_api_gateway_integration.get_todos_integration",
            "aws_api_gateway_integration.options_todo_item_integration",
            "aws_api_gateway_integration.options_todos_integration",
            "aws_api_gateway_integration.post_todos_integration",
            "aws_api_gateway_integration.put_todo_integration",
            "aws_api_gateway_method.ai_extract_options",
            "aws_api_gateway_method.ai_extract_post",
            "aws_api_gateway_method.delete_todo",
            "aws_api_gateway_method.get_todos",
            "aws_api_gateway_method.options_todo_item",
            "aws_api_gateway_method.options_todos",
            "aws_api_gateway_method.post_todos",
            "aws_api_gateway_method.put_todo",
            "aws_api_gateway_resource.ai_extract_resource",
            "aws_api_gateway_resource.ai_resource",
            "aws_api_gateway_resource.todo_item_resource",
            "aws_api_gateway_resource.todos_resource",
            "aws_api_gateway_rest_api.todos_api",
            "aws_api_gateway_stage.todos_stage",
            "aws_cloudwatch_log_group.ai_extractor",
            "aws_cognito_user_pool.main",
            "aws_cognito_user_pool_client.main",
            "aws_dynamodb_table.todos",
            "aws_iam_role.ai_extractor_role",
            "aws_iam_role.lambda_role",
            "aws_iam_role_policy_attachment.ai_extractor_policy",
            "aws_lambda_function.ai_extractor",
            "aws_lambda_function.todos_handler",
            "aws_s3_bucket.frontend_bucket",
            "aws_secretsmanager_secret.gemini_api_key",
            "aws_secretsmanager_secret.openai_api_key",
            "data.archive_file.ai_extractor_zip",
            "data.archive_file.lambda_zip",
            "local_file.frontend_config",
            "random_string.bucket_suffix",
            "random_string.suffix"
          ]
        },
        {
          "index_key": "index-fixed.html",
          "schema_version": 0,
          "attributes": {
            "acl": null,
            "arn": "arn:aws:s3:::serverless-todo-app-frontend-05b9pypq/index-fixed.html",
            "bucket": "serverless-todo-app-frontend-05b9pypq",
            "bucket_key_enabled": false,
            "cache_control": "",
            "checksum_algorithm": null,
            "checksum_crc32": "",
            "checksum_crc32c": "",
            "checksum_crc64nvme": "",
            "checksum_sha1": "",
            "checksum_sha256": "",
            "content": null,
            "content_base64": null,
            "content_disposition": "",
            "content_encoding": "",
            "content_language": "",
            "content_type": "text/html",
            "etag": "0c8b795b07af66480a1ccb236c2bd56d",
            "force_destroy": false,
            "id": "serverless-todo-app-frontend-05b9pypq/index-fixed.html",
            "key": "index-fixed.html",
            "kms_key_id": null,
            "metadata": {},
            "object_lock_legal_hold_status": "",
            "object_lock_mode": "",
            "object_lock_retain_until_date": "",
            "override_provider": [],
            "region": "us-west-2",
            "server_side_encryption": "AES256",
            "source": "./../frontend/index-fixed.html",
            "source_hash": null,
            "storage_class": "STANDARD",
            "tags": {},
            "tags_all": {},
            "version_id": "",
            "website_redirect": ""
          },
          "sensitive_attributes": [],
          "identity_schema_version": 0,
          "identity": {
            "account_id": "948766507067",
            "bucket": "serverless-todo-app-frontend-05b9pypq",
            "key": "index-fixed.html",
            "region": "us-west-2"
          },
          "private": "bnVsbA==",
          "dependencies": [
            "aws_api_gateway_authorizer.cognito_authorizer",
            "aws_api_gateway_deployment.todos_deployment",
            "aws_api_gateway_integration.ai_extract_integration",
            "aws_api_gateway_integration.ai_extract_options_integration",
            "aws_api_gateway_integration.delete_todo_integration",
            "aws_api_gateway_integration.get_todos_integration",
            "aws_api_gateway_integration.options_todo_item_integration",
            "aws_api_gateway_integration.options_todos_integration",
            "aws_api_gateway_integration.post_todos_integration",
            "aws_api_gateway_integration.put_todo_integration",
            "aws_api_gateway_method.ai_extract_options",
            "aws_api_gateway_method.ai_extract_post",
            "aws_api_gateway_method.delete_todo",
            "aws_api_gateway_method.get_todos",
            "aws_api_gateway_method.options_todo_item",
            "aws_api_gateway_method.options_todos",
            "aws_api_gateway_method.post_todos",
            "aws_api_gateway_method.put_todo",
            "aws_api_gateway_resource.ai_extract_resource",
            "aws_api_gateway_resource.ai_resource",
            "aws_api_gateway_resource.todo_item_resource",
            "aws_api_gateway_resource.todos_resource",
            "aws_api_gateway_rest_api.todos_api",
            "aws_api_gateway_stage.todos_stage",
            "aws_cloudwatch_log_group.ai_extractor",
            "aws_cognito_user_pool.main",
            "aws_cognito_user_pool_client.main",
            "aws_dynamodb_table.todos",
            "aws_iam_role.ai_extractor_role",
            "aws_iam_role.lambda_role",
            "aws_iam_role_policy_attachment.ai_extractor_policy",
            "aws_lambda_function.ai_extractor",
            "aws_lambda_function.todos_handler",
            "aws_s3_bucket.frontend_bucket",
            "aws_secretsmanager_secret.gemini_api_key",
            "aws_secretsmanager_secret.openai_api_key",
            "data.archive_file.ai_extractor_zip",
            "data.archive_file.lambda_zip",
            "local_file.frontend_config",
            "random_string.bucket_suffix",
            "random_string.suffix"
          ]
        },
        {
          "index_key": "index-flowless.html",
          "schema_version": 0,
          "attributes": {
            "acl": null,
            "arn": "arn:aws:s3:::serverless-todo-app-frontend-05b9pypq/index-flowless.html",
            "bucket": "serverless-todo-app-frontend-05b9pypq",
            "bucket_key_enabled": false,
            "cache_control": "",
            "checksum_algorithm": null,
            "checksum_crc32": "",
            "checksum_crc32c": "",
            "checksum_crc64nvme": "",
            "checksum_sha1": "",
            "checksum_sha256": "",
            "content": null,
            "content_base64": null,
            "content_disposition": "",
            "content_encoding": "",
            "content_language": "",
            "content_type": "text/html",
            "etag": "b350702addbb17531dcf13fce26ededc",
            "force_destroy": false,
            "id": "serverless-todo-app-frontend-05b9pypq/index-flowless.html",
            "key": "index-flowless.html",
            "kms_key_id": null,
            "metadata": {},
            "object_lock_legal_hold_status": "",
            "object_lock_mode": "",
            "object_lock_retain_until_date": "",
            "override_provider": [],
            "region": "us-west-2",
            "server_side_encryption": "AES256",
            "source": "./../frontend/index-flowless.html",
            "source_hash": null,
            "storage_class": "STANDARD",
            "tags": {},
            "tags_all": {},
            "version_id": "",
            "website_redirect": ""
          },
          "sensitive_attributes": [],
          "identity_schema_version": 0,
          "identity": {
            "account_id": "948766507067",
            "bucket": "serverless-todo-app-frontend-05b9pypq",
            "key": "index-flowless.html",
            "region": "us-west-2"
          },
          "private": "bnVsbA==",
          "dependencies": [
            "aws_api_gateway_authorizer.cognito_authorizer",
            "aws_api_gateway_deployment.todos_deployment",
            "aws_api_gateway_integration.ai_extract_integration",
            "aws_api_gateway_integration.ai_extract_options_integration",
            "aws_api_gateway_integration.delete_todo_integration",
            "aws_api_gateway_integration.get_todos_integration",
            "aws_api_gateway_integration.options_todo_item_integration",
            "aws_api_gateway_integration.options_todos_integration",
            "aws_api_gateway_integration.post_todos_integration",
            "aws_api_gateway_integration.put_todo_integration",
            "aws_api_gateway_method.ai_extract_options",
            "aws_api_gateway_method.ai_extract_post",
            "aws_api_gateway_method.delete_todo",
            "aws_api_gateway_method.get_todos",
            "aws_api_gateway_method.options_todo_item",
            "aws_api_gateway_method.options_todos",
            "aws_api_gateway_method.post_todos",
            "aws_api_gateway_method.put_todo",
            "aws_api_gateway_resource.ai_extract_resource",
            "aws_api_gateway_resource.ai_resource",
            "aws_api_gateway_resource.todo_item_resource",
            "aws_api_gateway_resource.todos_resource",
            "aws_api_gateway_rest_api.todos_api",
            "aws_api_gateway_stage.todos_stage",
            "aws_cloudwatch_log_group.ai_extractor",
            "aws_cognito_user_pool.main",
            "aws_cognito_user_pool_client.main",
            "aws_dynamodb_table.todos",
            "aws_iam_role.ai_extractor_role",
            "aws_iam_role.lambda_role",
            "aws_iam_role_policy_attachment.ai_extractor_policy",
            "aws_lambda_function.ai_extractor",
            "aws_lambda_function.todos_handler",
            "aws_s3_bucket.frontend_bucket",
            "aws_secretsmanager_secret.gemini_api_key",
            "aws_secretsmanager_secret.openai_api_key",
            "data.archive_file.ai_extractor_zip",
            "data.archive_file.lambda_zip",
            "local_file.frontend_config",
            "random_string.bucket_suffix",
            "random_string.suffix"
          ]
        },
        {
          "index_key": "index-modern.html",
          "schema_version": 0,
          "attributes": {
            "acl": null,
            "arn": "arn:aws:s3:::serverless-todo-app-frontend-05b9pypq/index-modern.html",
            "bucket": "serverless-todo-app-frontend-05b9pypq",
            "bucket_key_enabled": false,
            "cache_control": "",
            "checksum_algorithm": null,
            "checksum_crc32": "",
            "checksum_crc32c": "",
            "checksum_crc64nvme": "",
            "checksum_sha1": "",
            "checksum_sha256": "",
            "content": null,
            "content_base64": null,
            "content_disposition": "",
            "content_encoding": "",
            "content_language": "",
            "content_type": "text/html",
            "etag": "1f221038da98086dbe455e450c91ec5e",
            "force_destroy": false,
            "id": "serverless-todo-app-frontend-05b9pypq/index-modern.html",
            "key": "index-modern.html",
            "kms_key_id": null,
            "metadata": {},
            "object_lock_legal_hold_status": "",
            "object_lock_mode": "",
            "object_lock_retain_until_date": "",
            "override_provider": [],
            "region": "us-west-2",
            "server_side_encryption": "AES256",
            "source": "./../frontend/index-modern.html",
            "source_hash": null,
            "storage_class": "STANDARD",
            "tags": {},
            "tags_all": {},
            "version_id": "",
            "website_redirect": ""
          },
          "sensitive_attributes": [],
          "identity_schema_version": 0,
          "identity": {
            "account_id": "948766507067",
            "bucket": "serverless-todo-app-frontend-05b9pypq",
            "key": "index-modern.html",
            "region": "us-west-2"
          },
          "private": "bnVsbA==",
          "dependencies": [
            "aws_api_gateway_authorizer.cognito_authorizer",
            "aws_api_gateway_deployment.todos_deployment",
            "aws_api_gateway_integration.ai_extract_integration",
            "aws_api_gateway_integration.ai_extract_options_integration",
            "aws_api_gateway_integration.delete_todo_integration",
            "aws_api_gateway_integration.get_todos_integration",
            "aws_api_gateway_integration.options_todo_item_integration",
            "aws_api_gateway_integration.options_todos_integration",
            "aws_api_gateway_integration.post_todos_integration",
            "aws_api_gateway_integration.put_todo_integration",
            "aws_api_gateway_method.ai_extract_options",
            "aws_api_gateway_method.ai_extract_post",
            "aws_api_gateway_method.delete_todo",
            "aws_api_gateway_method.get_todos",
            "aws_api_gateway_method.options_todo_item",
            "aws_api_gateway_method.options_todos",
            "aws_api_gateway_method.post_todos",
            "aws_api_gateway_method.put_todo",
            "aws_api_gateway_resource.ai_extract_resource",
            "aws_api_gateway_resource.ai_resource",
            "aws_api_gateway_resource.todo_item_resource",
            "aws_api_gateway_resource.todos_resource",
            "aws_api_gateway_rest_api.todos_api",
            "aws_api_gateway_stage.todos_stage",
            "aws_cloudwatch_log_group.ai_extractor",
            "aws_cognito_user_pool.main",
            "aws_cognito_user_pool_client.main",
            "aws_dynamodb_table.todos",
            "aws_iam_role.ai_extractor_role",
            "aws_iam_role.lambda_role",
            "aws_iam_role_policy_attachment.ai_extractor_policy",
            "aws_lambda_function.ai_extractor",
            "aws_lambda_function.todos_handler",
            "aws_s3_bucket.frontend_bucket",
            "aws_secretsmanager_secret.gemini_api_key",
            "aws_secretsmanager_secret.openai_api_key",
            "data.archive_file.ai_extractor_zip",
            "data.archive_file.lambda_zip",
            "local_file.frontend_config",
            "random_string.bucket_suffix",
            "random_string.suffix"
          ]
        },
        {
          "index_key": "index-unified.html",
          "schema_version": 0,
          "attributes": {
            "acl": null,
            "arn": "arn:aws:s3:::serverless-todo-app-frontend-05b9pypq/index-unified.html",
            "bucket": "serverless-todo-app-frontend-05b9pypq",
            "bucket_key_enabled": false,
            "cache_control": "",
            "checksum_algorithm": null,
            "checksum_crc32": "",
            "checksum_crc32c": "",
            "checksum_crc64nvme": "",
            "checksum_sha1": "",
            "checksum_sha256": "",
            "content": null,
            "content_base64": null,
            "content_disposition": "",
            "content_encoding": "",
            "content_language": "",
            "content_type": "text/html",
            "etag": "1dff5481c0057cbb8e6e142030801451",
            "force_destroy": false,
            "id": "serverless-todo-app-frontend-05b9pypq/index-unified.html",
            "key": "index-unified.html",
            "kms_key_id": null,
            "metadata": {},
            "object_lock_legal_hold_status": "",
            "object_lock_mode": "",
            "object_lock_retain_until_date": "",
            "override_provider": [],
            "region": "us-west-2",
            "server_side_encryption": "AES256",
            "source": "./../frontend/index-unified.html",
            "source_hash": null,
            "storage_class": "STANDARD",
            "tags": {},
            "tags_all": {},
            "version_id": "",
            "website_redirect": ""
          },
          "sensitive_attributes": [],
          "identity_schema_version": 0,
          "identity": {
            "account_id": "948766507067",
            "bucket": "serverless-todo-app-frontend-05b9pypq",
            "key": "index-unified.html",
            "region": "us-west-2"
          },
          "private": "bnVsbA==",
          "dependencies": [
            "aws_api_gateway_authorizer.cognito_authorizer",
            "aws_api_gateway_deployment.todos_deployment",
            "aws_api_gateway_integration.ai_extract_integration",
            "aws_api_gateway_integration.ai_extract_options_integration",
            "aws_api_gateway_integration.delete_todo_integration",
            "aws_api_gateway_integration.get_todos_integration",
            "aws_api_gateway_integration.options_todo_item_integration",
            "aws_api_gateway_integration.options_todos_integration",
            "aws_api_gateway_integration.post_todos_integration",
            "aws_api_gateway_integration.put_todo_integration",
            "aws_api_gateway_method.ai_extract_options",
            "aws_api_gateway_method.ai_extract_post",
            "aws_api_gateway_method.delete_todo",
            "aws_api_gateway_method.get_todos",
            "aws_api_gateway_method.options_todo_item",
            "aws_api_gateway_method.options_todos",
            "aws_api_gateway_method.post_todos",
            "aws_api_gateway_method.put_todo",
            "aws_api_gateway_resource.ai_extract_resource",
            "aws_api_gateway_resource.ai_resource",
            "aws_api_gateway_resource.todo_item_resource",
            "aws_api_gateway_resource.todos_resource",
            "aws_api_gateway_rest_api.todos_api",
            "aws_api_gateway_stage.todos_stage",
            "aws_cloudwatch_log_group.ai_extractor",
            "aws_cognito_user_pool.main",
            "aws_cognito_user_pool_client.main",
            "aws_dynamodb_table.todos",
            "aws_iam_role.ai_extractor_role",
            "aws_iam_role.lambda_role",
            "aws_iam_role_policy_attachment.ai_extractor_policy",
            "aws_lambda_function.ai_extractor",
            "aws_lambda_function.todos_handler",
            "aws_s3_bucket.frontend_bucket",
            "aws_secretsmanager_secret.gemini_api_key",
            "aws_secretsmanager_secret.openai_api_key",
            "data.archive_file.ai_extractor_zip",
            "data.archive_file.lambda_zip",
            "local_file.frontend_config",
            "random_string.bucket_suffix",
            "random_string.suffix"
          ]
        },
        {
          "index_key": "index.html",
          "schema_version": 0,
          "attributes": {
            "acl": null,
            "arn": "arn:aws:s3:::serverless-todo-app-frontend-05b9pypq/index.html",
            "bucket": "serverless-todo-app-frontend-05b9pypq",
            "bucket_key_enabled": false,
            "cache_control": "",
            "checksum_algorithm": null,
            "checksum_crc32": "",
            "checksum_crc32c": "",
            "checksum_crc64nvme": "",
            "checksum_sha1": "",
            "checksum_sha256": "",
            "content": null,
            "content_base64": null,
            "content_disposition": "",
            "content_encoding": "",
            "content_language": "",
            "content_type": "text/html",
            "etag": "1f221038da98086dbe455e450c91ec5e",
            "force_destroy": false,
            "id": "serverless-todo-app-frontend-05b9pypq/index.html",
            "key": "index.html",
            "kms_key_id": null,
            "metadata": {},
            "object_lock_legal_hold_status": "",
            "object_lock_mode": "",
            "object_lock_retain_until_date": "",
            "override_provider": [],
            "region": "us-west-2",
            "server_side_encryption": "AES256",
            "source": "./../frontend/index.html",
            "source_hash": null,
            "storage_class": "STANDARD",
            "tags": {},
            "tags_all": {},
            "version_id": "",
            "website_redirect": ""
          },
          "sensitive_attributes": [],
          "identity_schema_version": 0,
          "identity": {
            "account_id": "948766507067",
            "bucket": "serverless-todo-app-frontend-05b9pypq",
            "key": "index.html",
            "region": "us-west-2"
          },
          "private": "bnVsbA==",
          "dependencies": [
            "aws_api_gateway_authorizer.cognito_authorizer",
            "aws_api_gateway_deployment.todos_deployment",
            "aws_api_gateway_integration.ai_extract_integration",
            "aws_api_gateway_integration.ai_extract_options_integration",
            "aws_api_gateway_integration.delete_todo_integration",
            "aws_api_gateway_integration.get_todos_integration",
            "aws_api_gateway_integration.options_todo_item_integration",
            "aws_api_gateway_integration.options_todos_integration",
            "aws_api_gateway_integration.post_todos_integration",
            "aws_api_gateway_integration.put_todo_integration",
            "aws_api_gateway_method.ai_extract_options",
            "aws_api_gateway_method.ai_extract_post",
            "aws_api_gateway_method.delete_todo",
            "aws_api_gateway_method.get_todos",
            "aws_api_gateway_method.options_todo_item",
            "aws_api_gateway_method.options_todos",
            "aws_api_gateway_method.post_todos",
            "aws_api_gateway_method.put_todo",
            "aws_api_gateway_resource.ai_extract_resource",
            "aws_api_gateway_resource.ai_resource",
            "aws_api_gateway_resource.todo_item_resource",
            "aws_api_gateway_resource.todos_resource",
            "aws_api_gateway_rest_api.todos_api",
            "aws_api_gateway_stage.todos_stage",
            "aws_cloudwatch_log_group.ai_extractor",
            "aws_cognito_user_pool.main",
            "aws_cognito_user_pool_client.main",
            "aws_dynamodb_table.todos",
            "aws_iam_role.ai_extractor_role",
            "aws_iam_role.lambda_role",
            "aws_iam_role_policy_attachment.ai_extractor_policy",
            "aws_lambda_function.ai_extractor",
            "aws_lambda_function.todos_handler",
            "aws_s3_bucket.frontend_bucket",
            "aws_secretsmanager_secret.gemini_api_key",
            "aws_secretsmanager_secret.openai_api_key",
            "data.archive_file.ai_extractor_zip",
            "data.archive_file.lambda_zip",
            "local_file.frontend_config",
            "random_string.bucket_suffix",
            "random_string.suffix"
          ]
        },
        {
          "index_key": "test-auth.html",
          "schema_version": 0,
          "attributes": {
            "acl": null,
            "arn": "arn:aws:s3:::serverless-todo-app-frontend-05b9pypq/test-auth.html",
            "bucket": "serverless-todo-app-frontend-05b9pypq",
            "bucket_key_enabled": false,
            "cache_control": "",
            "checksum_algorithm": null,
            "checksum_crc32": "",
            "checksum_crc32c": "",
            "checksum_crc64nvme": "",
            "checksum_sha1": "",
            "checksum_sha256": "",
            "content": null,
            "content_base64": null,
            "content_disposition": "",
            "content_encoding": "",
            "content_language": "",
            "content_type": "text/html",
            "etag": "929994220268b1729e64ef169113cec9",
            "force_destroy": false,
            "id": "serverless-todo-app-frontend-05b9pypq/test-auth.html",
            "key": "test-auth.html",
            "kms_key_id": null,
            "metadata": {},
            "object_lock_legal_hold_status": "",
            "object_lock_mode": "",
            "object_lock_retain_until_date": "",
            "override_provider": [],
            "region": "us-west-2",
            "server_side_encryption": "AES256",
            "source": "./../frontend/test-auth.html",
            "source_hash": null,
            "storage_class": "STANDARD",
            "tags": {},
            "tags_all": {},
            "version_id": "",
            "website_redirect": ""
          },
          "sensitive_attributes": [],
          "identity_schema_version": 0,
          "identity": {
            "account_id": "948766507067",
            "bucket": "serverless-todo-app-frontend-05b9pypq",
            "key": "test-auth.html",
            "region": "us-west-2"
          },
          "private": "bnVsbA==",
          "dependencies": [
            "aws_api_gateway_authorizer.cognito_authorizer",
            "aws_api_gateway_deployment.todos_deployment",
            "aws_api_gateway_integration.ai_extract_integration",
            "aws_api_gateway_integration.ai_extract_options_integration",
            "aws_api_gateway_integration.delete_todo_integration",
            "aws_api_gateway_integration.get_todos_integration",
            "aws_api_gateway_integration.options_todo_item_integration",
            "aws_api_gateway_integration.options_todos_integration",
            "aws_api_gateway_integration.post_todos_integration",
            "aws_api_gateway_integration.put_todo_integration",
            "aws_api_gateway_method.ai_extract_options",
            "aws_api_gateway_method.ai_extract_post",
            "aws_api_gateway_method.delete_todo",
            "aws_api_gateway_method.get_todos",
            "aws_api_gateway_method.options_todo_item",
            "aws_api_gateway_method.options_todos",
            "aws_api_gateway_method.post_todos",
            "aws_api_gateway_method.put_todo",
            "aws_api_gateway_resource.ai_extract_resource",
            "aws_api_gateway_resource.ai_resource",
            "aws_api_gateway_resource.todo_item_resource",
            "aws_api_gateway_resource.todos_resource",
            "aws_api_gateway_rest_api.todos_api",
            "aws_api_gateway_stage.todos_stage",
            "aws_cloudwatch_log_group.ai_extractor",
            "aws_cognito_user_pool.main",
            "aws_cognito_user_pool_client.main",
            "aws_dynamodb_table.todos",
            "aws_iam_role.ai_extractor_role",
            "aws_iam_role.lambda_role",
            "aws_iam_role_policy_attachment.ai_extractor_policy",
            "aws_lambda_function.ai_extractor",
            "aws_lambda_function.todos_handler",
            "aws_s3_bucket.frontend_bucket",
            "aws_secretsmanager_secret.gemini_api_key",
            "aws_secretsmanager_secret.openai_api_key",
            "data.archive_file.ai_extractor_zip",
            "data.archive_file.lambda_zip",
            "local_file.frontend_config",
            "random_string.bucket_suffix",
            "random_string.suffix"
          ]
        },
        {
          "index_key": "test-functionality.html",
          "schema_version": 0,
          "attributes": {
            "acl": null,
            "arn": "arn:aws:s3:::serverless-todo-app-frontend-05b9pypq/test-functionality.html",
            "bucket": "serverless-todo-app-frontend-05b9pypq",
            "bucket_key_enabled": false,
            "cache_control": "",
            "checksum_algorithm": null,
            "checksum_crc32": "",
            "checksum_crc32c": "",
            "checksum_crc64nvme": "",
            "checksum_sha1": "",
            "checksum_sha256": "",
            "content": null,
            "content_base64": null,
            "content_disposition": "",
            "content_encoding": "",
            "content_language": "",
            "content_type": "text/html",
            "etag": "fb7ef55eb51e3e48c4cfb18f41ac7e96",
            "force_destroy": false,
            "id": "serverless-todo-app-frontend-05b9pypq/test-functionality.html",
            "key": "test-functionality.html",
            "kms_key_id": null,
            "metadata": {},
            "object_lock_legal_hold_status": "",
            "object_lock_mode": "",
            "object_lock_retain_until_date": "",
            "override_provider": [],
            "region": "us-west-2",
            "server_side_encryption": "AES256",
            "source": "./../frontend/test-functionality.html",
            "source_hash": null,
            "storage_class": "STANDARD",
            "tags": {},
            "tags_all": {},
            "version_id": "",
            "website_redirect": ""
          },
          "sensitive_attributes": [],
          "identity_schema_version": 0,
          "identity": {
            "account_id": "948766507067",
            "bucket": "serverless-todo-app-frontend-05b9pypq",
            "key": "test-functionality.html",
            "region": "us-west-2"
          },
          "private": "bnVsbA==",
          "dependencies": [
            "aws_api_gateway_authorizer.cognito_authorizer",
            "aws_api_gateway_deployment.todos_deployment",
            "aws_api_gateway_integration.ai_extract_integration",
            "aws_api_gateway_integration.ai_extract_options_integration",
            "aws_api_gateway_integration.delete_todo_integration",
            "aws_api_gateway_integration.get_todos_integration",
            "aws_api_gateway_integration.options_todo_item_integration",
            "aws_api_gateway_integration.options_todos_integration",
            "aws_api_gateway_integration.post_todos_integration",
            "aws_api_gateway_integration.put_todo_integration",
            "aws_api_gateway_method.ai_extract_options",
            "aws_api_gateway_method.ai_extract_post",
            "aws_api_gateway_method.delete_todo",
            "aws_api_gateway_method.get_todos",
            "aws_api_gateway_method.options_todo_item",
            "aws_api_gateway_method.options_todos",
            "aws_api_gateway_method.post_todos",
            "aws_api_gateway_method.put_todo",
            "aws_api_gateway_resource.ai_extract_resource",
            "aws_api_gateway_resource.ai_resource",
            "aws_api_gateway_resource.todo_item_resource",
            "aws_api_gateway_resource.todos_resource",
            "aws_api_gateway_rest_api.todos_api",
            "aws_api_gateway_stage.todos_stage",
            "aws_cloudwatch_log_group.ai_extractor",
            "aws_cognito_user_pool.main",
            "aws_cognito_user_pool_client.main",
            "aws_dynamodb_table.todos",
            "aws_iam_role.ai_extractor_role",
            "aws_iam_role.lambda_role",
            "aws_iam_role_policy_attachment.ai_extractor_policy",
            "aws_lambda_function.ai_extractor",
            "aws_lambda_function.todos_handler",
            "aws_s3_bucket.frontend_bucket",
            "aws_secretsmanager_secret.gemini_api_key",
            "aws_secretsmanager_secret.openai_api_key",
            "data.archive_file.ai_extractor_zip",
            "data.archive_file.lambda_zip",
            "local_file.frontend_config",
            "random_string.bucket_suffix",
            "random_string.suffix"
          ]
        },
        {
          "index_key": "verify-code.html",
          "schema_version": 0,
          "attributes": {
            "acl": null,
            "arn": "arn:aws:s3:::serverless-todo-app-frontend-05b9pypq/verify-code.html",
            "bucket": "serverless-todo-app-frontend-05b9pypq",
            "bucket_key_enabled": false,
            "cache_control": "",
            "checksum_algorithm": null,
            "checksum_crc32": "",
            "checksum_crc32c": "",
            "checksum_crc64nvme": "",
            "checksum_sha1": "",
            "checksum_sha256": "",
            "content": null,
            "content_base64": null,
            "content_disposition": "",
            "content_encoding": "",
            "content_language": "",
            "content_type": "text/html",
            "etag": "3358825407e3ef54445eef9ea89cab6b",
            "force_destroy": false,
            "id": "serverless-todo-app-frontend-05b9pypq/verify-code.html",
            "key": "verify-code.html",
            "kms_key_id": null,
            "metadata": {},
            "object_lock_legal_hold_status": "",
            "object_lock_mode": "",
            "object_lock_retain_until_date": "",
            "override_provider": [],
            "region": "us-west-2",
            "server_side_encryption": "AES256",
            "source": "./../frontend/verify-code.html",
            "source_hash": null,
            "storage_class": "STANDARD",
            "tags": {},
            "tags_all": {},
            "version_id": "",
            "website_redirect": ""
          },
          "sensitive_attributes": [],
          "identity_schema_version": 0,
          "identity": {
            "account_id": "948766507067",
            "bucket": "serverless-todo-app-frontend-05b9pypq",
            "key": "verify-code.html",
            "region": "us-west-2"
          },
          "private": "bnVsbA==",
          "dependencies": [
            "aws_api_gateway_authorizer.cognito_authorizer",
            "aws_api_gateway_deployment.todos_deployment",
            "aws_api_gateway_integration.ai_extract_integration",
            "aws_api_gateway_integration.ai_extract_options_integration",
            "aws_api_gateway_integration.delete_todo_integration",
            "aws_api_gateway_integration.get_todos_integration",
            "aws_api_gateway_integration.options_todo_item_integration",
            "aws_api_gateway_integration.options_todos_integration",
            "aws_api_gateway_integration.post_todos_integration",
            "aws_api_gateway_integration.put_todo_integration",
            "aws_api_gateway_method.ai_extract_options",
            "aws_api_gateway_method.ai_extract_post",
            "aws_api_gateway_method.delete_todo",
            "aws_api_gateway_method.get_todos",
            "aws_api_gateway_method.options_todo_item",
            "aws_api_gateway_method.options_todos",
            "aws_api_gateway_method.post_todos",
            "aws_api_gateway_method.put_todo",
            "aws_api_gateway_resource.ai_extract_resource",
            "aws_api_gateway_resource.ai_resource",
            "aws_api_gateway_resource.todo_item_resource",
            "aws_api_gateway_resource.todos_resource",
            "aws_api_gateway_rest_api.todos_api",
            "aws_api_gateway_stage.todos_stage",
            "aws_cloudwatch_log_group.ai_extractor",
            "aws_cognito_user_pool.main",
            "aws_cognito_user_pool_client.main",
            "aws_dynamodb_table.todos",
            "aws_iam_role.ai_extractor_role",
            "aws_iam_role.lambda_role",
            "aws_iam_role_policy_attachment.ai_extractor_policy",
            "aws_lambda_function.ai_extractor",
            "aws_lambda_function.todos_handler",
            "aws_s3_bucket.frontend_bucket",
            "aws_secretsmanager_secret.gemini_api_key",
            "aws_secretsmanager_secret.openai_api_key",
            "data.archive_file.ai_extractor_zip",
            "data.archive_file.lambda_zip",
            "local_file.frontend_config",
            "random_string.bucket_suffix",
            "random_string.suffix"
          ]
        },
        {
          "index_key": "verify.html",
          "schema_version": 0,
          "attributes": {
            "acl": null,
            "arn": "arn:aws:s3:::serverless-todo-app-frontend-05b9pypq/verify.html",
            "bucket": "serverless-todo-app-frontend-05b9pypq",
            "bucket_key_enabled": false,
            "cache_control": "",
            "checksum_algorithm": null,
            "checksum_crc32": "",
            "checksum_crc32c": "",
            "checksum_crc64nvme": "",
            "checksum_sha1": "",
            "checksum_sha256": "",
            "content": null,
            "content_base64": null,
            "content_disposition": "",
            "content_encoding": "",
            "content_language": "",
            "content_type": "text/html",
            "etag": "80d018e559b01f6ac123132f74f98771",
            "force_destroy": false,
            "id": "serverless-todo-app-frontend-05b9pypq/verify.html",
            "key": "verify.html",
            "kms_key_id": null,
            "metadata": {},
            "object_lock_legal_hold_status": "",
            "object_lock_mode": "",
            "object_lock_retain_until_date": "",
            "override_provider": [],
            "region": "us-west-2",
            "server_side_encryption": "AES256",
            "source": "./../frontend/verify.html",
            "source_hash": null,
            "storage_class": "STANDARD",
            "tags": {},
            "tags_all": {},
            "version_id": "",
            "website_redirect": ""
          },
          "sensitive_attributes": [],
          "identity_schema_version": 0,
          "identity": {
            "account_id": "948766507067",
            "bucket": "serverless-todo-app-frontend-05b9pypq",
            "key": "verify.html",
            "region": "us-west-2"
          },
          "private": "bnVsbA==",
          "dependencies": [
            "aws_api_gateway_authorizer.cognito_authorizer",
            "aws_api_gateway_deployment.todos_deployment",
            "aws_api_gateway_integration.ai_extract_integration",
            "aws_api_gateway_integration.ai_extract_options_integration",
            "aws_api_gateway_integration.delete_todo_integration",
            "aws_api_gateway_integration.get_todos_integration",
            "aws_api_gateway_integration.options_todo_item_integration",
            "aws_api_gateway_integration.options_todos_integration",
            "aws_api_gateway_integration.post_todos_integration",
            "aws_api_gateway_integration.put_todo_integration",
            "aws_api_gateway_method.ai_extract_options",
            "aws_api_gateway_method.ai_extract_post",
            "aws_api_gateway_method.delete_todo",
            "aws_api_gateway_method.get_todos",
            "aws_api_gateway_method.options_todo_item",
            "aws_api_gateway_method.options_todos",
            "aws_api_gateway_method.post_todos",
            "aws_api_gateway_method.put_todo",
            "aws_api_gateway_resource.ai_extract_resource",
            "aws_api_gateway_resource.ai_resource",
            "aws_api_gateway_resource.todo_item_resource",
            "aws_api_gateway_resource.todos_resource",
            "aws_api_gateway_rest_api.todos_api",
            "aws_api_gateway_stage.todos_stage",
            "aws_cloudwatch_log_group.ai_extractor",
            "aws_cognito_user_pool.main",
            "aws_cognito_user_pool_client.main",
            "aws_dynamodb_table.todos",
            "aws_iam_role.ai_extractor_role",
            "aws_iam_role.lambda_role",
            "aws_iam_role_policy_attachment.ai_extractor_policy",
            "aws_lambda_function.ai_extractor",
            "aws_lambda_function.todos_handler",
            "aws_s3_bucket.frontend_bucket",
            "aws_secretsmanager_secret.gemini_api_key",
            "aws_secretsmanager_secret.openai_api_key",
            "data.archive_file.ai_extractor_zip",
            "data.archive_file.lambda_zip",
            "local_file.frontend_config",
            "random_string.bucket_suffix",
            "random_string.suffix"
          ]
        }
      ]
    },
    {
      "mode": "managed",
      "type": "aws_secretsmanager_secret",
      "name": "gemini_api_key",
      "provider": "provider[\"registry.terraform.io/hashicorp/aws\"]",
      "instances": [
        {
          "schema_version": 0,
          "attributes": {
            "arn": "arn:aws:secretsmanager:us-west-2:948766507067:secret:serverless-todo-app-gemini-api-key-jS829C",
            "description": "Google Gemini API key for AI task extraction",
            "force_overwrite_replica_secret": false,
            "id": "arn:aws:secretsmanager:us-west-2:948766507067:secret:serverless-todo-app-gemini-api-key-jS829C",
            "kms_key_id": "",
            "name": "serverless-todo-app-gemini-api-key",
            "name_prefix": "",
            "policy": "",
            "recovery_window_in_days": 0,
            "region": "us-west-2",
            "replica": [],
            "tags": {
              "Environment": "production",
              "ManagedBy": "terraform",
              "Project": "TaskFlow-AI"
            },
            "tags_all": {
              "Environment": "production",
              "ManagedBy": "terraform",
              "Project": "TaskFlow-AI"
            }
          },
          "sensitive_attributes": [],
          "identity_schema_version": 0,
          "private": "bnVsbA==",
          "create_before_destroy": true
        }
      ]
    },
    {
      "mode": "managed",
      "type": "aws_secretsmanager_secret",
      "name": "openai_api_key",
      "provider": "provider[\"registry.terraform.io/hashicorp/aws\"]",
      "instances": [
        {
          "schema_version": 0,
          "attributes": {
            "arn": "arn:aws:secretsmanager:us-west-2:948766507067:secret:serverless-todo-app-openai-api-key-Gd0tXk",
            "description": "OpenAI API key for AI task extraction fallback",
            "force_overwrite_replica_secret": false,
            "id": "arn:aws:secretsmanager:us-west-2:948766507067:secret:serverless-todo-app-openai-api-key-Gd0tXk",
            "kms_key_id": "",
            "name": "serverless-todo-app-openai-api-key",
            "name_prefix": "",
            "policy": "",
            "recovery_window_in_days": 0,
            "region": "us-west-2",
            "replica": [],
            "tags": {
              "Environment": "production",
              "ManagedBy": "terraform",
              "Project": "TaskFlow-AI"
            },
            "tags_all": {
              "Environment": "production",
              "ManagedBy": "terraform",
              "Project": "TaskFlow-AI"
            }
          },
          "sensitive_attributes": [],
          "identity_schema_version": 0,
          "private": "bnVsbA==",
          "create_before_destroy": true
        }
      ]
    },
    {
      "mode": "managed",
      "type": "aws_secretsmanager_secret_version",
      "name": "gemini_api_key",
      "provider": "provider[\"registry.terraform.io/hashicorp/aws\"]",
      "instances": [
        {
          "schema_version": 0,
          "attributes": {
            "arn": "arn:aws:secretsmanager:us-west-2:948766507067:secret:serverless-todo-app-gemini-api-key-jS829C",
            "has_secret_string_wo": null,
            "id": "arn:aws:secretsmanager:us-west-2:948766507067:secret:serverless-todo-app-gemini-api-key-jS829C|terraform-20250717065041828300000003",
            "region": "us-west-2",
            "secret_binary": "",
            "secret_id": "arn:aws:secretsmanager:us-west-2:948766507067:secret:serverless-todo-app-gemini-api-key-jS829C",
            "secret_string": "YOUR_GEMINI_API_KEY_HERE",
            "secret_string_wo": null,
            "secret_string_wo_version": null,
            "version_id": "terraform-20250717065041828300000003",
            "version_stages": [
              "AWSCURRENT"
            ]
          },
          "sensitive_attributes": [
            [
              {
                "type": "get_attr",
                "value": "secret_binary"
              }
            ],
            [
              {
                "type": "get_attr",
                "value": "secret_string"
              }
            ],
            [
              {
                "type": "get_attr",
                "value": "secret_string_wo"
              }
            ]
          ],
          "identity_schema_version": 0,
          "private": "bnVsbA==",
          "dependencies": [
            "aws_secretsmanager_secret.gemini_api_key"
          ]
        }
      ]
    },
    {
      "mode": "managed",
      "type": "aws_secretsmanager_secret_version",
      "name": "openai_api_key",
      "provider": "provider[\"registry.terraform.io/hashicorp/aws\"]",
      "instances": [
        {
          "schema_version": 0,
          "attributes": {
            "arn": "arn:aws:secretsmanager:us-west-2:948766507067:secret:serverless-todo-app-openai-api-key-Gd0tXk",
            "has_secret_string_wo": null,
            "id": "arn:aws:secretsmanager:us-west-2:948766507067:secret:serverless-todo-app-openai-api-key-Gd0tXk|terraform-20250717065041829300000004",
            "region": "us-west-2",
            "secret_binary": "",
            "secret_id": "arn:aws:secretsmanager:us-west-2:948766507067:secret:serverless-todo-app-openai-api-key-Gd0tXk",
            "secret_string": "YOUR_OPENAI_API_KEY_HERE",
            "secret_string_wo": null,
            "secret_string_wo_version": null,
            "version_id": "terraform-20250717065041829300000004",
            "version_stages": [
              "AWSCURRENT"
            ]
          },
          "sensitive_attributes": [
            [
              {
                "type": "get_attr",
                "value": "secret_binary"
              }
            ],
            [
              {
                "type": "get_attr",
                "value": "secret_string"
              }
            ],
            [
              {
                "type": "get_attr",
                "value": "secret_string_wo"
              }
            ]
          ],
          "identity_schema_version": 0,
          "private": "bnVsbA==",
          "dependencies": [
            "aws_secretsmanager_secret.openai_api_key"
          ]
        }
      ]
    },
    {
      "mode": "managed",
      "type": "aws_sns_topic",
      "name": "alerts",
      "provider": "provider[\"registry.terraform.io/hashicorp/aws\"]",
      "instances": [
        {
          "schema_version": 0,
          "attributes": {
            "application_failure_feedback_role_arn": "",
            "application_success_feedback_role_arn": "",
            "application_success_feedback_sample_rate": 0,
            "archive_policy": "",
            "arn": "arn:aws:sns:us-west-2:948766507067:todo-app-alerts-dev",
            "beginning_archive_time": "",
            "content_based_deduplication": false,
            "delivery_policy": "",
            "display_name": "",
            "fifo_throughput_scope": "",
            "fifo_topic": false,
            "firehose_failure_feedback_role_arn": "",
            "firehose_success_feedback_role_arn": "",
            "firehose_success_feedback_sample_rate": 0,
            "http_failure_feedback_role_arn": "",
            "http_success_feedback_role_arn": "",
            "http_success_feedback_sample_rate": 0,
            "id": "arn:aws:sns:us-west-2:948766507067:todo-app-alerts-dev",
            "kms_master_key_id": "",
            "lambda_failure_feedback_role_arn": "",
            "lambda_success_feedback_role_arn": "",
            "lambda_success_feedback_sample_rate": 0,
            "name": "todo-app-alerts-dev",
            "name_prefix": "",
            "owner": "948766507067",
            "policy": "{\"Id\":\"__default_policy_ID\",\"Statement\":[{\"Action\":[\"SNS:GetTopicAttributes\",\"SNS:SetTopicAttributes\",\"SNS:AddPermission\",\"SNS:RemovePermission\",\"SNS:DeleteTopic\",\"SNS:Subscribe\",\"SNS:ListSubscriptionsByTopic\",\"SNS:Publish\"],\"Condition\":{\"StringEquals\":{\"AWS:SourceOwner\":\"948766507067\"}},\"Effect\":\"Allow\",\"Principal\":{\"AWS\":\"*\"},\"Resource\":\"arn:aws:sns:us-west-2:948766507067:todo-app-alerts-dev\",\"Sid\":\"__default_statement_ID\"}],\"Version\":\"2008-10-17\"}",
            "region": "us-west-2",
            "signature_version": 0,
            "sqs_failure_feedback_role_arn": "",
            "sqs_success_feedback_role_arn": "",
            "sqs_success_feedback_sample_rate": 0,
            "tags": {
              "Environment": "dev",
              "Name": "TodoAppAlerts"
            },
            "tags_all": {
              "Environment": "dev",
              "Name": "TodoAppAlerts"
            },
            "tracing_config": ""
          },
          "sensitive_attributes": [],
          "identity_schema_version": 0,
          "private": "bnVsbA=="
        }
      ]
    },
    {
      "mode": "managed",
      "type": "local_file",
      "name": "frontend_config",
      "provider": "provider[\"registry.terraform.io/hashicorp/local\"]",
      "instances": [
        {
          "schema_version": 0,
          "attributes": {
            "content": "{\"apiGatewayUrl\":\"https://u6oyhg01y0.execute-api.us-west-2.amazonaws.com/prod\",\"region\":\"us-west-2\",\"userPoolClientId\":\"1c5vka5ai5ekkom7krvo2aip6l\",\"userPoolId\":\"us-west-2_O03algceZ\"}",
            "content_base64": null,
            "content_base64sha256": "t0sDn4zyrU3/ezbD2w6rhpqMc+zO/1MNQH6sulQWHc4=",
            "content_base64sha512": "0PzjAXpRmHDw0q2EgD4oensameLm90YE2nHgKV15N8+0J7GPrxcEh81GIzgoIo4ZcqNUiNhbi5z+UL11zrVbuA==",
            "content_md5": "8fee1b790f36d831bf4709335d1bfab9",
            "content_sha1": "57b89d33137da49635c92c689925edd90b7f5c21",
            "content_sha256": "b74b039f8cf2ad4dff7b36c3db0eab869a8c73ecceff530d407eacba54161dce",
            "content_sha512": "d0fce3017a519870f0d2ad84803e287a7b1a99e2e6f74604da71e0295d7937cfb427b18faf170487cd46233828228e1972a35488d85b8b9cfe50bd75ceb55bb8",
            "directory_permission": "0777",
            "file_permission": "0777",
            "filename": "./../frontend/config.json",
            "id": "57b89d33137da49635c92c689925edd90b7f5c21",
            "sensitive_content": null,
            "source": null
          },
          "sensitive_attributes": [
            [
              {
                "type": "get_attr",
                "value": "sensitive_content"
              }
            ]
          ],
          "identity_schema_version": 0,
          "dependencies": [
            "aws_api_gateway_authorizer.cognito_authorizer",
            "aws_api_gateway_deployment.todos_deployment",
            "aws_api_gateway_integration.ai_extract_integration",
            "aws_api_gateway_integration.ai_extract_options_integration",
            "aws_api_gateway_integration.delete_todo_integration",
            "aws_api_gateway_integration.get_todos_integration",
            "aws_api_gateway_integration.options_todo_item_integration",
            "aws_api_gateway_integration.options_todos_integration",
            "aws_api_gateway_integration.post_todos_integration",
            "aws_api_gateway_integration.put_todo_integration",
            "aws_api_gateway_method.ai_extract_options",
            "aws_api_gateway_method.ai_extract_post",
            "aws_api_gateway_method.delete_todo",
            "aws_api_gateway_method.get_todos",
            "aws_api_gateway_method.options_todo_item",
            "aws_api_gateway_method.options_todos",
            "aws_api_gateway_method.post_todos",
            "aws_api_gateway_method.put_todo",
            "aws_api_gateway_resource.ai_extract_resource",
            "aws_api_gateway_resource.ai_resource",
            "aws_api_gateway_resource.todo_item_resource",
            "aws_api_gateway_resource.todos_resource",
            "aws_api_gateway_rest_api.todos_api",
            "aws_api_gateway_stage.todos_stage",
            "aws_cloudwatch_log_group.ai_extractor",
            "aws_cognito_user_pool.main",
            "aws_cognito_user_pool_client.main",
            "aws_dynamodb_table.todos",
            "aws_iam_role.ai_extractor_role",
            "aws_iam_role.lambda_role",
            "aws_iam_role_policy_attachment.ai_extractor_policy",
            "aws_lambda_function.ai_extractor",
            "aws_lambda_function.todos_handler",
            "aws_secretsmanager_secret.gemini_api_key",
            "aws_secretsmanager_secret.openai_api_key",
            "data.archive_file.ai_extractor_zip",
            "data.archive_file.lambda_zip",
            "random_string.suffix"
          ]
        }
      ]
    },
    {
      "mode": "managed",
      "type": "random_id",
      "name": "domain_suffix",
      "provider": "provider[\"registry.terraform.io/hashicorp/random\"]",
      "instances": [
        {
          "schema_version": 0,
          "attributes": {
            "b64_std": "zcL7Jw==",
            "b64_url": "zcL7Jw",
            "byte_length": 4,
            "dec": "3452107559",
            "hex": "cdc2fb27",
            "id": "zcL7Jw",
            "keepers": null,
            "prefix": null
          },
          "sensitive_attributes": [],
          "identity_schema_version": 0
        }
      ]
    },
    {
      "mode": "managed",
      "type": "random_string",
      "name": "bucket_suffix",
      "provider": "provider[\"registry.terraform.io/hashicorp/random\"]",
      "instances": [
        {
          "schema_version": 2,
          "attributes": {
            "id": "05b9pypq",
            "keepers": null,
            "length": 8,
            "lower": true,
            "min_lower": 0,
            "min_numeric": 0,
            "min_special": 0,
            "min_upper": 0,
            "number": true,
            "numeric": true,
            "override_special": null,
            "result": "05b9pypq",
            "special": false,
            "upper": false
          },
          "sensitive_attributes": [],
          "identity_schema_version": 0
        }
      ]
    },
    {
      "mode": "managed",
      "type": "random_string",
      "name": "suffix",
      "provider": "provider[\"registry.terraform.io/hashicorp/random\"]",
      "instances": [
        {
          "schema_version": 2,
          "attributes": {
            "id": "652oa7ul",
            "keepers": null,
            "length": 8,
            "lower": true,
            "min_lower": 0,
            "min_numeric": 0,
            "min_special": 0,
            "min_upper": 0,
            "number": true,
            "numeric": true,
            "override_special": null,
            "result": "652oa7ul",
            "special": false,
            "upper": false
          },
          "sensitive_attributes": [],
          "identity_schema_version": 0,
          "create_before_destroy": true
        }
      ]
    }
  ],
  "check_results": [
    {
      "object_kind": "var",
      "config_addr": "var.lambda_timeout",
      "status": "pass",
      "objects": [
        {
          "object_addr": "var.lambda_timeout",
          "status": "pass"
        }
      ]
    },
    {
      "object_kind": "var",
      "config_addr": "var.cognito_mfa_configuration",
      "status": "pass",
      "objects": [
        {
          "object_addr": "var.cognito_mfa_configuration",
          "status": "pass"
        }
      ]
    },
    {
      "object_kind": "var",
      "config_addr": "var.dynamodb_billing_mode",
      "status": "pass",
      "objects": [
        {
          "object_addr": "var.dynamodb_billing_mode",
          "status": "pass"
        }
      ]
    },
    {
      "object_kind": "var",
      "config_addr": "var.data_classification",
      "status": "pass",
      "objects": [
        {
          "object_addr": "var.data_classification",
          "status": "pass"
        }
      ]
    },
    {
      "object_kind": "var",
      "config_addr": "var.lambda_memory_size",
      "status": "pass",
      "objects": [
        {
          "object_addr": "var.lambda_memory_size",
          "status": "pass"
        }
      ]
    },
    {
      "object_kind": "var",
      "config_addr": "var.cognito_advanced_security_mode",
      "status": "pass",
      "objects": [
        {
          "object_addr": "var.cognito_advanced_security_mode",
          "status": "pass"
        }
      ]
    }
  ]
}
